// !$*UTF8*$!
{
	archiveVersion = 1;
	classes = {
	};
	objectVersion = 56;
	objects = {

/* Begin PBXBuildFile section */
		190E395A2C9FD16D001061ED /* Localizable.xcstrings in Resources */ = {isa = PBXBuildFile; fileRef = 190E39592C9FD16D001061ED /* Localizable.xcstrings */; };
		194BBAA72C8DD04F002EAA09 /* ImportDataView.swift in Sources */ = {isa = PBXBuildFile; fileRef = 194BBAA62C8DD04F002EAA09 /* ImportDataView.swift */; };
		194BBAA92C8DD0E1002EAA09 /* AppSettings.swift in Sources */ = {isa = PBXBuildFile; fileRef = 194BBAA82C8DD0E1002EAA09 /* AppSettings.swift */; };
		196C57592CA2FBB200A2436F /* InfoPlist.strings in Resources */ = {isa = PBXBuildFile; fileRef = 196C57572CA2FBB200A2436F /* InfoPlist.strings */; };
		196C575D2CA2FC0F00A2436F /* Launch Screen.storyboard in Resources */ = {isa = PBXBuildFile; fileRef = 196C575C2CA2FC0F00A2436F /* Launch Screen.storyboard */; };
		196C576F2CA3F1F000A2436F /* SettingTipView.swift in Sources */ = {isa = PBXBuildFile; fileRef = 196C576E2CA3F1E500A2436F /* SettingTipView.swift */; };
		1977686E2C984E3300F40521 /* AppDelegate.swift in Sources */ = {isa = PBXBuildFile; fileRef = 1977686D2C984E3300F40521 /* AppDelegate.swift */; };
		1977689B2C987CFE00F40521 /* Pow in Frameworks */ = {isa = PBXBuildFile; productRef = 1977689A2C987CFE00F40521 /* Pow */; };
		197768A82C99C9FB00F40521 /* AppIconView.swift in Sources */ = {isa = PBXBuildFile; fileRef = 197768A72C99C9FB00F40521 /* AppIconView.swift */; };
		197DAB702CAC28BF006AF76C /* BookModal.swift in Sources */ = {isa = PBXBuildFile; fileRef = 197DAB6F2CAC28B6006AF76C /* BookModal.swift */; };
		19818B722C8DCFAF001A2964 /* ExportDataView.swift in Sources */ = {isa = PBXBuildFile; fileRef = 19818B712C8DCFAF001A2964 /* ExportDataView.swift */; };
		1985A7AD2C9FDCE9003D255B /* JDStatusBarNotification in Frameworks */ = {isa = PBXBuildFile; productRef = 1985A7AC2C9FDCE9003D255B /* JDStatusBarNotification */; };
		1985A7AF2C9FEF46003D255B /* OtherViews.swift in Sources */ = {isa = PBXBuildFile; fileRef = 1985A7AE2C9FEF41003D255B /* OtherViews.swift */; };
		1985A7B12CA00E95003D255B /* HomeSettingView.swift in Sources */ = {isa = PBXBuildFile; fileRef = 1985A7B02CA00E94003D255B /* HomeSettingView.swift */; };
		1985A7B32CA0350E003D255B /* MenuButtons.swift in Sources */ = {isa = PBXBuildFile; fileRef = 1985A7B22CA0350E003D255B /* MenuButtons.swift */; };
		1985A7B62CA03643003D255B /* PhotosView.swift in Sources */ = {isa = PBXBuildFile; fileRef = 1985A7B52CA03643003D255B /* PhotosView.swift */; };
		198706EB2C94114800F59CE9 /* extension+.swift in Sources */ = {isa = PBXBuildFile; fileRef = 198706EA2C94114800F59CE9 /* extension+.swift */; };
		198706F32C941E5000F59CE9 /* HomeItemsView.swift in Sources */ = {isa = PBXBuildFile; fileRef = 198706F22C941E5000F59CE9 /* HomeItemsView.swift */; };
		198706F52C941F5400F59CE9 /* HomeVipCards.swift in Sources */ = {isa = PBXBuildFile; fileRef = 198706F42C941F5400F59CE9 /* HomeVipCards.swift */; };
		198706F92C9420BE00F59CE9 /* HomeView.swift in Sources */ = {isa = PBXBuildFile; fileRef = 198706F82C9420BE00F59CE9 /* HomeView.swift */; };
		198706FC2C943C8100F59CE9 /* ScalingHeaderScrollView in Frameworks */ = {isa = PBXBuildFile; productRef = 198706FB2C943C8100F59CE9 /* ScalingHeaderScrollView */; };
		198707042C956D3500F59CE9 /* itemView.swift in Sources */ = {isa = PBXBuildFile; fileRef = 198707032C956D3500F59CE9 /* itemView.swift */; };
		1989BF022CA84B2600D5B8DE /* FlipClockText.swift in Sources */ = {isa = PBXBuildFile; fileRef = 1989BF012CA8496500D5B8DE /* FlipClockText.swift */; };
		1989BF112CA85D8D00D5B8DE /* PopPasswordView.swift in Sources */ = {isa = PBXBuildFile; fileRef = 1989BF102CA85D8D00D5B8DE /* PopPasswordView.swift */; };
		1989BF262CA9314A00D5B8DE /* contact.json in Resources */ = {isa = PBXBuildFile; fileRef = 1989BF252CA9314A00D5B8DE /* contact.json */; };
		1989BF292CA931FE00D5B8DE /* Lottie in Frameworks */ = {isa = PBXBuildFile; productRef = 1989BF282CA931FE00D5B8DE /* Lottie */; };
		1989BF2B2CA9329600D5B8DE /* AniMationView.swift in Sources */ = {isa = PBXBuildFile; fileRef = 1989BF2A2CA9328800D5B8DE /* AniMationView.swift */; };
		1990757C2C86100100E23FD7 /* PeacockMenusApp.swift in Sources */ = {isa = PBXBuildFile; fileRef = 1990757B2C86100100E23FD7 /* PeacockMenusApp.swift */; };
		1990757E2C86100100E23FD7 /* ContentView.swift in Sources */ = {isa = PBXBuildFile; fileRef = 1990757D2C86100100E23FD7 /* ContentView.swift */; };
		199075802C86100300E23FD7 /* Assets.xcassets in Resources */ = {isa = PBXBuildFile; fileRef = 1990757F2C86100300E23FD7 /* Assets.xcassets */; };
		199075832C86100300E23FD7 /* Preview Assets.xcassets in Resources */ = {isa = PBXBuildFile; fileRef = 199075822C86100300E23FD7 /* Preview Assets.xcassets */; };
		1990758E2C87E9DF00E23FD7 /* ImageManager.swift in Sources */ = {isa = PBXBuildFile; fileRef = 1990758D2C87E9DF00E23FD7 /* ImageManager.swift */; };
		199075912C87EA0C00E23FD7 /* Kingfisher in Frameworks */ = {isa = PBXBuildFile; productRef = 199075902C87EA0C00E23FD7 /* Kingfisher */; };
		1990759C2C87F1AB00E23FD7 /* TextField+.swift in Sources */ = {isa = PBXBuildFile; fileRef = 1990759B2C87F1AB00E23FD7 /* TextField+.swift */; };
		199075A92C89C73F00E23FD7 /* DiskManager.swift in Sources */ = {isa = PBXBuildFile; fileRef = 199075A82C89C73F00E23FD7 /* DiskManager.swift */; };
		199075BB2C8B0D9A00E23FD7 /* PeacockProtocol.swift in Sources */ = {isa = PBXBuildFile; fileRef = 199075BA2C8B0D9A00E23FD7 /* PeacockProtocol.swift */; };
		199075C52C8B3E0800E23FD7 /* DropDelegate+.swift in Sources */ = {isa = PBXBuildFile; fileRef = 199075C42C8B3E0800E23FD7 /* DropDelegate+.swift */; };
		199BB8E12C9EDE2900D25774 /* Alamofire in Frameworks */ = {isa = PBXBuildFile; productRef = 199BB8E02C9EDE2900D25774 /* Alamofire */; };
		19AF99ED2CA93D8A0093206C /* album.json in Resources */ = {isa = PBXBuildFile; fileRef = 19AF99EC2CA93D8A0093206C /* album.json */; };
		19AF99EF2CA93F8F0093206C /* music.json in Resources */ = {isa = PBXBuildFile; fileRef = 19AF99EE2CA93F8F0093206C /* music.json */; };
		19AF99F12CA943300093206C /* menus.json in Resources */ = {isa = PBXBuildFile; fileRef = 19AF99F02CA9432F0093206C /* menus.json */; };
		19AF99F32CA945810093206C /* MenuPriceView.swift in Sources */ = {isa = PBXBuildFile; fileRef = 19AF99F22CA945810093206C /* MenuPriceView.swift */; };
		19AF99F62CA947230093206C /* HomeMenuView.swift in Sources */ = {isa = PBXBuildFile; fileRef = 19AF99F52CA947180093206C /* HomeMenuView.swift */; };
		19AF99FA2CA94C8B0093206C /* BookView.swift in Sources */ = {isa = PBXBuildFile; fileRef = 19AF99F92CA94C8A0093206C /* BookView.swift */; };
		19AF99FC2CA94CA20093206C /* MusicView.swift in Sources */ = {isa = PBXBuildFile; fileRef = 19AF99FB2CA94CA20093206C /* MusicView.swift */; };
		19AF99FF2CA952FE0093206C /* CustomSimulataneousGesture.swift in Sources */ = {isa = PBXBuildFile; fileRef = 19AF99FE2CA952F50093206C /* CustomSimulataneousGesture.swift */; };
		19AF9A012CA953130093206C /* SharedData.swift in Sources */ = {isa = PBXBuildFile; fileRef = 19AF9A002CA953120093206C /* SharedData.swift */; };
		19AF9A032CA953290093206C /* PhotosScrollView.swift in Sources */ = {isa = PBXBuildFile; fileRef = 19AF9A022CA953280093206C /* PhotosScrollView.swift */; };
		19AF9A052CA9533D0093206C /* OtherContents.swift in Sources */ = {isa = PBXBuildFile; fileRef = 19AF9A042CA9533C0093206C /* OtherContents.swift */; };
		19AF9A072CA953520093206C /* CustomPagingIndicatorView.swift in Sources */ = {isa = PBXBuildFile; fileRef = 19AF9A062CA953510093206C /* CustomPagingIndicatorView.swift */; };
		19AF9A092CA953A10093206C /* HomePhotoView.swift in Sources */ = {isa = PBXBuildFile; fileRef = 19AF9A082CA953950093206C /* HomePhotoView.swift */; };
		19CD68A42C97DC7900AF6CF8 /* Mock.swift in Sources */ = {isa = PBXBuildFile; fileRef = 19CD68A32C97DC7900AF6CF8 /* Mock.swift */; };
		19CD68A62C9829D500AF6CF8 /* BasicSettingsView.swift in Sources */ = {isa = PBXBuildFile; fileRef = 19CD68A52C9829D500AF6CF8 /* BasicSettingsView.swift */; };
		19D231D72C93FCDC001044BB /* itemsView.swift in Sources */ = {isa = PBXBuildFile; fileRef = 19D231D62C93FCDC001044BB /* itemsView.swift */; };
		19DDEC212C96CA8800C86EC5 /* vipCardSettingView.swift in Sources */ = {isa = PBXBuildFile; fileRef = 19DDEC202C96CA8800C86EC5 /* vipCardSettingView.swift */; };
		19DDEC232C96CAC200C86EC5 /* CategorySettingView.swift in Sources */ = {isa = PBXBuildFile; fileRef = 19DDEC222C96CAC200C86EC5 /* CategorySettingView.swift */; };
		19DDEC252C96CAE000C86EC5 /* SubCategorySettingView.swift in Sources */ = {isa = PBXBuildFile; fileRef = 19DDEC242C96CAE000C86EC5 /* SubCategorySettingView.swift */; };
		19DDEC272C96CAFD00C86EC5 /* ProjectSettingView.swift in Sources */ = {isa = PBXBuildFile; fileRef = 19DDEC262C96CAFD00C86EC5 /* ProjectSettingView.swift */; };
		19E40CCC2C9AF6360077F71F /* DataModal.swift in Sources */ = {isa = PBXBuildFile; fileRef = 19E40CCB2C9AF6360077F71F /* DataModal.swift */; };
		19E5B8BA2C8D605500EC77F7 /* Defaults in Frameworks */ = {isa = PBXBuildFile; productRef = 19E5B8B92C8D605500EC77F7 /* Defaults */; };
		19E5B8BF2C8DC04500EC77F7 /* SettingsView.swift in Sources */ = {isa = PBXBuildFile; fileRef = 19E5B8BE2C8DC04500EC77F7 /* SettingsView.swift */; };
		19F835B62C8F0A000083A66D /* VipCardView.swift in Sources */ = {isa = PBXBuildFile; fileRef = 19F835B52C8F0A000083A66D /* VipCardView.swift */; };
		19F92E9C2CAE06E100BD8D46 /* PhotoPreView.swift in Sources */ = {isa = PBXBuildFile; fileRef = 19F92E9B2CAE06D300BD8D46 /* PhotoPreView.swift */; };
		19FB9E2E2CA973C9007014E2 /* ExpandedBottom.swift in Sources */ = {isa = PBXBuildFile; fileRef = 19FB9E2D2CA973C6007014E2 /* ExpandedBottom.swift */; };
		19FB9E302CA97FDB007014E2 /* test5.mp3 in Resources */ = {isa = PBXBuildFile; fileRef = 19FB9E2F2CA97FDB007014E2 /* test5.mp3 */; };
		19FB9E322CA982A9007014E2 /* AudioManager.swift in Sources */ = {isa = PBXBuildFile; fileRef = 19FB9E312CA982A3007014E2 /* AudioManager.swift */; };
		19FB9E512CAA44D7007014E2 /* TaskRowView.swift in Sources */ = {isa = PBXBuildFile; fileRef = 19FB9E502CAA44D1007014E2 /* TaskRowView.swift */; };
		19FB9E532CAA4501007014E2 /* ModalTask.swift in Sources */ = {isa = PBXBuildFile; fileRef = 19FB9E522CAA44F8007014E2 /* ModalTask.swift */; };
		19FB9E552CAA4FE3007014E2 /* NewTaskView.swift in Sources */ = {isa = PBXBuildFile; fileRef = 19FB9E542CAA4FD9007014E2 /* NewTaskView.swift */; };
		19FB9E572CAA6EF9007014E2 /* test2.mp3 in Resources */ = {isa = PBXBuildFile; fileRef = 19FB9E562CAA6EF9007014E2 /* test2.mp3 */; };
		19FB9E592CAA6FDE007014E2 /* test3.mp3 in Resources */ = {isa = PBXBuildFile; fileRef = 19FB9E582CAA6FDE007014E2 /* test3.mp3 */; };
/* End PBXBuildFile section */

/* Begin PBXCopyFilesBuildPhase section */
		197768812C984EED00F40521 /* Embed Foundation Extensions */ = {
			isa = PBXCopyFilesBuildPhase;
			buildActionMask = 2147483647;
			dstPath = "";
			dstSubfolderSpec = 13;
			files = (
			);
			name = "Embed Foundation Extensions";
			runOnlyForDeploymentPostprocessing = 0;
		};
/* End PBXCopyFilesBuildPhase section */

/* Begin PBXFileReference section */
		190E39592C9FD16D001061ED /* Localizable.xcstrings */ = {isa = PBXFileReference; lastKnownFileType = text.json.xcstrings; path = Localizable.xcstrings; sourceTree = "<group>"; };
		194BBAA62C8DD04F002EAA09 /* ImportDataView.swift */ = {isa = PBXFileReference; lastKnownFileType = sourcecode.swift; path = ImportDataView.swift; sourceTree = "<group>"; };
		194BBAA82C8DD0E1002EAA09 /* AppSettings.swift */ = {isa = PBXFileReference; lastKnownFileType = sourcecode.swift; path = AppSettings.swift; sourceTree = "<group>"; };
		196C57582CA2FBB200A2436F /* zh-Hans */ = {isa = PBXFileReference; lastKnownFileType = text.plist.strings; name = "zh-Hans"; path = "zh-Hans.lproj/InfoPlist.strings"; sourceTree = "<group>"; };
		196C575A2CA2FBC200A2436F /* en */ = {isa = PBXFileReference; lastKnownFileType = text.plist.strings; name = en; path = en.lproj/InfoPlist.strings; sourceTree = "<group>"; };
		196C575B2CA2FC0F00A2436F /* Base */ = {isa = PBXFileReference; lastKnownFileType = file.storyboard; name = Base; path = "Base.lproj/Launch Screen.storyboard"; sourceTree = "<group>"; };
		196C576E2CA3F1E500A2436F /* SettingTipView.swift */ = {isa = PBXFileReference; lastKnownFileType = sourcecode.swift; path = SettingTipView.swift; sourceTree = "<group>"; };
		1977686C2C984C7700F40521 /* Info.plist */ = {isa = PBXFileReference; lastKnownFileType = text.plist; path = Info.plist; sourceTree = "<group>"; };
		1977686D2C984E3300F40521 /* AppDelegate.swift */ = {isa = PBXFileReference; lastKnownFileType = sourcecode.swift; path = AppDelegate.swift; sourceTree = "<group>"; };
		197768882C9863F000F40521 /* UniformTypeIdentifiers.framework */ = {isa = PBXFileReference; lastKnownFileType = wrapper.framework; name = UniformTypeIdentifiers.framework; path = System/Library/Frameworks/UniformTypeIdentifiers.framework; sourceTree = SDKROOT; };
		197768A72C99C9FB00F40521 /* AppIconView.swift */ = {isa = PBXFileReference; lastKnownFileType = sourcecode.swift; path = AppIconView.swift; sourceTree = "<group>"; };
		197DAB6F2CAC28B6006AF76C /* BookModal.swift */ = {isa = PBXFileReference; lastKnownFileType = sourcecode.swift; path = BookModal.swift; sourceTree = "<group>"; };
		19818B712C8DCFAF001A2964 /* ExportDataView.swift */ = {isa = PBXFileReference; lastKnownFileType = sourcecode.swift; path = ExportDataView.swift; sourceTree = "<group>"; };
		1985A7AE2C9FEF41003D255B /* OtherViews.swift */ = {isa = PBXFileReference; lastKnownFileType = sourcecode.swift; path = OtherViews.swift; sourceTree = "<group>"; };
		1985A7B02CA00E94003D255B /* HomeSettingView.swift */ = {isa = PBXFileReference; lastKnownFileType = sourcecode.swift; path = HomeSettingView.swift; sourceTree = "<group>"; };
		1985A7B22CA0350E003D255B /* MenuButtons.swift */ = {isa = PBXFileReference; lastKnownFileType = sourcecode.swift; path = MenuButtons.swift; sourceTree = "<group>"; };
		1985A7B52CA03643003D255B /* PhotosView.swift */ = {isa = PBXFileReference; lastKnownFileType = sourcecode.swift; path = PhotosView.swift; sourceTree = "<group>"; };
		198706EA2C94114800F59CE9 /* extension+.swift */ = {isa = PBXFileReference; lastKnownFileType = sourcecode.swift; path = "extension+.swift"; sourceTree = "<group>"; };
		198706F22C941E5000F59CE9 /* HomeItemsView.swift */ = {isa = PBXFileReference; lastKnownFileType = sourcecode.swift; path = HomeItemsView.swift; sourceTree = "<group>"; };
		198706F42C941F5400F59CE9 /* HomeVipCards.swift */ = {isa = PBXFileReference; lastKnownFileType = sourcecode.swift; path = HomeVipCards.swift; sourceTree = "<group>"; };
		198706F82C9420BE00F59CE9 /* HomeView.swift */ = {isa = PBXFileReference; lastKnownFileType = sourcecode.swift; path = HomeView.swift; sourceTree = "<group>"; };
		198707032C956D3500F59CE9 /* itemView.swift */ = {isa = PBXFileReference; lastKnownFileType = sourcecode.swift; path = itemView.swift; sourceTree = "<group>"; usesTabs = 0; };
		1989BF012CA8496500D5B8DE /* FlipClockText.swift */ = {isa = PBXFileReference; lastKnownFileType = sourcecode.swift; path = FlipClockText.swift; sourceTree = "<group>"; };
		1989BF102CA85D8D00D5B8DE /* PopPasswordView.swift */ = {isa = PBXFileReference; lastKnownFileType = sourcecode.swift; path = PopPasswordView.swift; sourceTree = "<group>"; };
		1989BF252CA9314A00D5B8DE /* contact.json */ = {isa = PBXFileReference; lastKnownFileType = text.json; path = contact.json; sourceTree = "<group>"; };
		1989BF2A2CA9328800D5B8DE /* AniMationView.swift */ = {isa = PBXFileReference; lastKnownFileType = sourcecode.swift; path = AniMationView.swift; sourceTree = "<group>"; };
		199075782C86100100E23FD7 /* PeacockMenus.app */ = {isa = PBXFileReference; explicitFileType = wrapper.application; includeInIndex = 0; path = PeacockMenus.app; sourceTree = BUILT_PRODUCTS_DIR; };
		1990757B2C86100100E23FD7 /* PeacockMenusApp.swift */ = {isa = PBXFileReference; lastKnownFileType = sourcecode.swift; path = PeacockMenusApp.swift; sourceTree = "<group>"; };
		1990757D2C86100100E23FD7 /* ContentView.swift */ = {isa = PBXFileReference; lastKnownFileType = sourcecode.swift; path = ContentView.swift; sourceTree = "<group>"; };
		1990757F2C86100300E23FD7 /* Assets.xcassets */ = {isa = PBXFileReference; lastKnownFileType = folder.assetcatalog; path = Assets.xcassets; sourceTree = "<group>"; };
		199075822C86100300E23FD7 /* Preview Assets.xcassets */ = {isa = PBXFileReference; lastKnownFileType = folder.assetcatalog; path = "Preview Assets.xcassets"; sourceTree = "<group>"; };
		1990758D2C87E9DF00E23FD7 /* ImageManager.swift */ = {isa = PBXFileReference; lastKnownFileType = sourcecode.swift; path = ImageManager.swift; sourceTree = "<group>"; };
		1990759B2C87F1AB00E23FD7 /* TextField+.swift */ = {isa = PBXFileReference; lastKnownFileType = sourcecode.swift; path = "TextField+.swift"; sourceTree = "<group>"; };
		199075A82C89C73F00E23FD7 /* DiskManager.swift */ = {isa = PBXFileReference; lastKnownFileType = sourcecode.swift; path = DiskManager.swift; sourceTree = "<group>"; };
		199075BA2C8B0D9A00E23FD7 /* PeacockProtocol.swift */ = {isa = PBXFileReference; lastKnownFileType = sourcecode.swift; path = PeacockProtocol.swift; sourceTree = "<group>"; };
		199075C42C8B3E0800E23FD7 /* DropDelegate+.swift */ = {isa = PBXFileReference; lastKnownFileType = sourcecode.swift; path = "DropDelegate+.swift"; sourceTree = "<group>"; };
		19AF99EC2CA93D8A0093206C /* album.json */ = {isa = PBXFileReference; lastKnownFileType = text.json; path = album.json; sourceTree = "<group>"; };
		19AF99EE2CA93F8F0093206C /* music.json */ = {isa = PBXFileReference; lastKnownFileType = text.json; path = music.json; sourceTree = "<group>"; };
		19AF99F02CA9432F0093206C /* menus.json */ = {isa = PBXFileReference; lastKnownFileType = text.json; path = menus.json; sourceTree = "<group>"; };
		19AF99F22CA945810093206C /* MenuPriceView.swift */ = {isa = PBXFileReference; lastKnownFileType = sourcecode.swift; path = MenuPriceView.swift; sourceTree = "<group>"; };
		19AF99F52CA947180093206C /* HomeMenuView.swift */ = {isa = PBXFileReference; lastKnownFileType = sourcecode.swift; path = HomeMenuView.swift; sourceTree = "<group>"; };
		19AF99F92CA94C8A0093206C /* BookView.swift */ = {isa = PBXFileReference; lastKnownFileType = sourcecode.swift; path = BookView.swift; sourceTree = "<group>"; };
		19AF99FB2CA94CA20093206C /* MusicView.swift */ = {isa = PBXFileReference; lastKnownFileType = sourcecode.swift; name = MusicView.swift; path = Pages/BookView/MusicView.swift; sourceTree = SOURCE_ROOT; };
		19AF99FE2CA952F50093206C /* CustomSimulataneousGesture.swift */ = {isa = PBXFileReference; lastKnownFileType = sourcecode.swift; path = CustomSimulataneousGesture.swift; sourceTree = "<group>"; };
		19AF9A002CA953120093206C /* SharedData.swift */ = {isa = PBXFileReference; lastKnownFileType = sourcecode.swift; path = SharedData.swift; sourceTree = "<group>"; };
		19AF9A022CA953280093206C /* PhotosScrollView.swift */ = {isa = PBXFileReference; lastKnownFileType = sourcecode.swift; path = PhotosScrollView.swift; sourceTree = "<group>"; };
		19AF9A042CA9533C0093206C /* OtherContents.swift */ = {isa = PBXFileReference; lastKnownFileType = sourcecode.swift; path = OtherContents.swift; sourceTree = "<group>"; };
		19AF9A062CA953510093206C /* CustomPagingIndicatorView.swift */ = {isa = PBXFileReference; lastKnownFileType = sourcecode.swift; path = CustomPagingIndicatorView.swift; sourceTree = "<group>"; };
		19AF9A082CA953950093206C /* HomePhotoView.swift */ = {isa = PBXFileReference; lastKnownFileType = sourcecode.swift; path = HomePhotoView.swift; sourceTree = "<group>"; };
		19CD68A32C97DC7900AF6CF8 /* Mock.swift */ = {isa = PBXFileReference; lastKnownFileType = sourcecode.swift; path = Mock.swift; sourceTree = "<group>"; };
		19CD68A52C9829D500AF6CF8 /* BasicSettingsView.swift */ = {isa = PBXFileReference; lastKnownFileType = sourcecode.swift; path = BasicSettingsView.swift; sourceTree = "<group>"; };
		19D231D62C93FCDC001044BB /* itemsView.swift */ = {isa = PBXFileReference; lastKnownFileType = sourcecode.swift; path = itemsView.swift; sourceTree = "<group>"; };
		19DDEC202C96CA8800C86EC5 /* vipCardSettingView.swift */ = {isa = PBXFileReference; lastKnownFileType = sourcecode.swift; path = vipCardSettingView.swift; sourceTree = "<group>"; };
		19DDEC222C96CAC200C86EC5 /* CategorySettingView.swift */ = {isa = PBXFileReference; lastKnownFileType = sourcecode.swift; path = CategorySettingView.swift; sourceTree = "<group>"; };
		19DDEC242C96CAE000C86EC5 /* SubCategorySettingView.swift */ = {isa = PBXFileReference; lastKnownFileType = sourcecode.swift; path = SubCategorySettingView.swift; sourceTree = "<group>"; };
		19DDEC262C96CAFD00C86EC5 /* ProjectSettingView.swift */ = {isa = PBXFileReference; lastKnownFileType = sourcecode.swift; path = ProjectSettingView.swift; sourceTree = "<group>"; };
		19E40CCB2C9AF6360077F71F /* DataModal.swift */ = {isa = PBXFileReference; lastKnownFileType = sourcecode.swift; path = DataModal.swift; sourceTree = "<group>"; };
		19E40CCD2C9C504C0077F71F /* PeacockMenus.entitlements */ = {isa = PBXFileReference; lastKnownFileType = text.plist.entitlements; path = PeacockMenus.entitlements; sourceTree = "<group>"; };
		19E5B8BE2C8DC04500EC77F7 /* SettingsView.swift */ = {isa = PBXFileReference; lastKnownFileType = sourcecode.swift; path = SettingsView.swift; sourceTree = "<group>"; };
		19F835B52C8F0A000083A66D /* VipCardView.swift */ = {isa = PBXFileReference; lastKnownFileType = sourcecode.swift; path = VipCardView.swift; sourceTree = "<group>"; };
		19F92E9B2CAE06D300BD8D46 /* PhotoPreView.swift */ = {isa = PBXFileReference; lastKnownFileType = sourcecode.swift; path = PhotoPreView.swift; sourceTree = "<group>"; };
		19FB9E2D2CA973C6007014E2 /* ExpandedBottom.swift */ = {isa = PBXFileReference; lastKnownFileType = sourcecode.swift; path = ExpandedBottom.swift; sourceTree = "<group>"; };
		19FB9E2F2CA97FDB007014E2 /* test5.mp3 */ = {isa = PBXFileReference; lastKnownFileType = audio.mp3; path = test5.mp3; sourceTree = "<group>"; };
		19FB9E312CA982A3007014E2 /* AudioManager.swift */ = {isa = PBXFileReference; lastKnownFileType = sourcecode.swift; path = AudioManager.swift; sourceTree = "<group>"; };
		19FB9E502CAA44D1007014E2 /* TaskRowView.swift */ = {isa = PBXFileReference; lastKnownFileType = sourcecode.swift; path = TaskRowView.swift; sourceTree = "<group>"; };
		19FB9E522CAA44F8007014E2 /* ModalTask.swift */ = {isa = PBXFileReference; lastKnownFileType = sourcecode.swift; path = ModalTask.swift; sourceTree = "<group>"; };
		19FB9E542CAA4FD9007014E2 /* NewTaskView.swift */ = {isa = PBXFileReference; lastKnownFileType = sourcecode.swift; path = NewTaskView.swift; sourceTree = "<group>"; };
		19FB9E562CAA6EF9007014E2 /* test2.mp3 */ = {isa = PBXFileReference; lastKnownFileType = audio.mp3; path = test2.mp3; sourceTree = "<group>"; };
		19FB9E582CAA6FDE007014E2 /* test3.mp3 */ = {isa = PBXFileReference; lastKnownFileType = audio.mp3; path = test3.mp3; sourceTree = "<group>"; };
/* End PBXFileReference section */

/* Begin PBXFrameworksBuildPhase section */
		199075752C86100100E23FD7 /* Frameworks */ = {
			isa = PBXFrameworksBuildPhase;
			buildActionMask = 2147483647;
			files = (
				19E5B8BA2C8D605500EC77F7 /* Defaults in Frameworks */,
				1989BF292CA931FE00D5B8DE /* Lottie in Frameworks */,
				1977689B2C987CFE00F40521 /* Pow in Frameworks */,
				199075912C87EA0C00E23FD7 /* Kingfisher in Frameworks */,
				1985A7AD2C9FDCE9003D255B /* JDStatusBarNotification in Frameworks */,
				199BB8E12C9EDE2900D25774 /* Alamofire in Frameworks */,
				198706FC2C943C8100F59CE9 /* ScalingHeaderScrollView in Frameworks */,
			);
			runOnlyForDeploymentPostprocessing = 0;
		};
/* End PBXFrameworksBuildPhase section */

/* Begin PBXGroup section */
		196C576B2CA3F10000A2436F /* TipsView */ = {
			isa = PBXGroup;
			children = (
				196C576E2CA3F1E500A2436F /* SettingTipView.swift */,
			);
			path = TipsView;
			sourceTree = "<group>";
		};
		197768872C9863F000F40521 /* Frameworks */ = {
			isa = PBXGroup;
			children = (
				197768882C9863F000F40521 /* UniformTypeIdentifiers.framework */,
			);
			name = Frameworks;
			sourceTree = "<group>";
		};
		1985A7B42CA0362E003D255B /* PhotoView */ = {
			isa = PBXGroup;
			children = (
				19F92E9B2CAE06D300BD8D46 /* PhotoPreView.swift */,
				19AF99FD2CA952EC0093206C /* ToolsView */,
				1985A7B52CA03643003D255B /* PhotosView.swift */,
			);
			path = PhotoView;
			sourceTree = "<group>";
		};
		198706F02C941D7900F59CE9 /* VipCardView */ = {
			isa = PBXGroup;
			children = (
				198706F42C941F5400F59CE9 /* HomeVipCards.swift */,
				19F835B52C8F0A000083A66D /* VipCardView.swift */,
			);
			path = VipCardView;
			sourceTree = "<group>";
		};
		198706F12C941D8F00F59CE9 /* ItemsView */ = {
			isa = PBXGroup;
			children = (
				198706F22C941E5000F59CE9 /* HomeItemsView.swift */,
				198707032C956D3500F59CE9 /* itemView.swift */,
				19D231D62C93FCDC001044BB /* itemsView.swift */,
			);
			path = ItemsView;
			sourceTree = "<group>";
		};
		1989BF002CA8495C00D5B8DE /* ToolsView */ = {
			isa = PBXGroup;
			children = (
				1989BF2A2CA9328800D5B8DE /* AniMationView.swift */,
				1989BF012CA8496500D5B8DE /* FlipClockText.swift */,
				1989BF102CA85D8D00D5B8DE /* PopPasswordView.swift */,
			);
			path = ToolsView;
			sourceTree = "<group>";
		};
		1989BF242CA9312F00D5B8DE /* lottleAnimation */ = {
			isa = PBXGroup;
			children = (
				19AF99EC2CA93D8A0093206C /* album.json */,
				19AF99F02CA9432F0093206C /* menus.json */,
				19AF99EE2CA93F8F0093206C /* music.json */,
				1989BF252CA9314A00D5B8DE /* contact.json */,
			);
			path = lottleAnimation;
			sourceTree = "<group>";
		};
		1990756F2C86100100E23FD7 = {
			isa = PBXGroup;
			children = (
				19FB9E362CA984DE007014E2 /* Sounds */,
				1989BF242CA9312F00D5B8DE /* lottleAnimation */,
				1989BF002CA8495C00D5B8DE /* ToolsView */,
				19D231D52C93FCBF001044BB /* Pages */,
				199075C62C8B544800E23FD7 /* Public */,
				1990759A2C87F19100E23FD7 /* Modal */,
				199075932C87EBD000E23FD7 /* Manager */,
				1990757A2C86100100E23FD7 /* PeacockMenus */,
				197768872C9863F000F40521 /* Frameworks */,
				199075792C86100100E23FD7 /* Products */,
			);
			sourceTree = "<group>";
		};
		199075792C86100100E23FD7 /* Products */ = {
			isa = PBXGroup;
			children = (
				199075782C86100100E23FD7 /* PeacockMenus.app */,
			);
			name = Products;
			sourceTree = "<group>";
		};
		1990757A2C86100100E23FD7 /* PeacockMenus */ = {
			isa = PBXGroup;
			children = (
				19E40CCD2C9C504C0077F71F /* PeacockMenus.entitlements */,
				1977686C2C984C7700F40521 /* Info.plist */,
				1990757B2C86100100E23FD7 /* PeacockMenusApp.swift */,
				1990757D2C86100100E23FD7 /* ContentView.swift */,
				1990757F2C86100300E23FD7 /* Assets.xcassets */,
				199075812C86100300E23FD7 /* Preview Content */,
				196C575C2CA2FC0F00A2436F /* Launch Screen.storyboard */,
				1977686D2C984E3300F40521 /* AppDelegate.swift */,
				190E39592C9FD16D001061ED /* Localizable.xcstrings */,
				196C57572CA2FBB200A2436F /* InfoPlist.strings */,
			);
			path = PeacockMenus;
			sourceTree = "<group>";
		};
		199075812C86100300E23FD7 /* Preview Content */ = {
			isa = PBXGroup;
			children = (
				199075822C86100300E23FD7 /* Preview Assets.xcassets */,
			);
			path = "Preview Content";
			sourceTree = "<group>";
		};
		199075932C87EBD000E23FD7 /* Manager */ = {
			isa = PBXGroup;
			children = (
				19FB9E312CA982A3007014E2 /* AudioManager.swift */,
				1990758D2C87E9DF00E23FD7 /* ImageManager.swift */,
				199075A82C89C73F00E23FD7 /* DiskManager.swift */,
			);
			path = Manager;
			sourceTree = "<group>";
		};
		1990759A2C87F19100E23FD7 /* Modal */ = {
			isa = PBXGroup;
			children = (
				197DAB6F2CAC28B6006AF76C /* BookModal.swift */,
				19CD68A32C97DC7900AF6CF8 /* Mock.swift */,
				19E40CCB2C9AF6360077F71F /* DataModal.swift */,
			);
			path = Modal;
			sourceTree = "<group>";
		};
		199075C62C8B544800E23FD7 /* Public */ = {
			isa = PBXGroup;
			children = (
				1990759B2C87F1AB00E23FD7 /* TextField+.swift */,
				199075C42C8B3E0800E23FD7 /* DropDelegate+.swift */,
				199075BA2C8B0D9A00E23FD7 /* PeacockProtocol.swift */,
				198706EA2C94114800F59CE9 /* extension+.swift */,
			);
			path = Public;
			sourceTree = "<group>";
		};
		19AF99F42CA9470E0093206C /* HomeView */ = {
			isa = PBXGroup;
			children = (
				198706F82C9420BE00F59CE9 /* HomeView.swift */,
				19AF99F52CA947180093206C /* HomeMenuView.swift */,
			);
			path = HomeView;
			sourceTree = "<group>";
		};
		19AF99F72CA94B6F0093206C /* BookView */ = {
			isa = PBXGroup;
			children = (
				19FB9E542CAA4FD9007014E2 /* NewTaskView.swift */,
				19FB9E522CAA44F8007014E2 /* ModalTask.swift */,
				19FB9E502CAA44D1007014E2 /* TaskRowView.swift */,
				19AF99F92CA94C8A0093206C /* BookView.swift */,
			);
			path = BookView;
			sourceTree = "<group>";
		};
		19AF99F82CA94B850093206C /* MusicView */ = {
			isa = PBXGroup;
			children = (
				19FB9E2D2CA973C6007014E2 /* ExpandedBottom.swift */,
				19AF99FB2CA94CA20093206C /* MusicView.swift */,
			);
			path = MusicView;
			sourceTree = "<group>";
		};
		19AF99FD2CA952EC0093206C /* ToolsView */ = {
			isa = PBXGroup;
			children = (
				19AF9A082CA953950093206C /* HomePhotoView.swift */,
				19AF9A062CA953510093206C /* CustomPagingIndicatorView.swift */,
				19AF9A042CA9533C0093206C /* OtherContents.swift */,
				19AF9A022CA953280093206C /* PhotosScrollView.swift */,
				19AF9A002CA953120093206C /* SharedData.swift */,
				19AF99FE2CA952F50093206C /* CustomSimulataneousGesture.swift */,
			);
			path = ToolsView;
			sourceTree = "<group>";
		};
		19D231D52C93FCBF001044BB /* Pages */ = {
			isa = PBXGroup;
			children = (
				19AF99F82CA94B850093206C /* MusicView */,
				19AF99F72CA94B6F0093206C /* BookView */,
				19AF99F42CA9470E0093206C /* HomeView */,
				196C576B2CA3F10000A2436F /* TipsView */,
				1985A7B42CA0362E003D255B /* PhotoView */,
				19E5B8C02C8DC7A600EC77F7 /* SettingsView */,
				198706F12C941D8F00F59CE9 /* ItemsView */,
				198706F02C941D7900F59CE9 /* VipCardView */,
				197768A72C99C9FB00F40521 /* AppIconView.swift */,
				1985A7AE2C9FEF41003D255B /* OtherViews.swift */,
				1985A7B22CA0350E003D255B /* MenuButtons.swift */,
				19AF99F22CA945810093206C /* MenuPriceView.swift */,
			);
			path = Pages;
			sourceTree = "<group>";
		};
		19E5B8C02C8DC7A600EC77F7 /* SettingsView */ = {
			isa = PBXGroup;
			children = (
				19E5B8BE2C8DC04500EC77F7 /* SettingsView.swift */,
				19CD68A52C9829D500AF6CF8 /* BasicSettingsView.swift */,
				19DDEC202C96CA8800C86EC5 /* vipCardSettingView.swift */,
				19DDEC222C96CAC200C86EC5 /* CategorySettingView.swift */,
				19DDEC242C96CAE000C86EC5 /* SubCategorySettingView.swift */,
				19DDEC262C96CAFD00C86EC5 /* ProjectSettingView.swift */,
				194BBAA82C8DD0E1002EAA09 /* AppSettings.swift */,
				19818B712C8DCFAF001A2964 /* ExportDataView.swift */,
				194BBAA62C8DD04F002EAA09 /* ImportDataView.swift */,
				1985A7B02CA00E94003D255B /* HomeSettingView.swift */,
			);
			path = SettingsView;
			sourceTree = "<group>";
		};
		19FB9E362CA984DE007014E2 /* Sounds */ = {
			isa = PBXGroup;
			children = (
				19FB9E2F2CA97FDB007014E2 /* test5.mp3 */,
				19FB9E582CAA6FDE007014E2 /* test3.mp3 */,
				19FB9E562CAA6EF9007014E2 /* test2.mp3 */,
			);
			path = Sounds;
			sourceTree = "<group>";
		};
/* End PBXGroup section */

/* Begin PBXNativeTarget section */
		199075772C86100100E23FD7 /* PeacockMenus */ = {
			isa = PBXNativeTarget;
			buildConfigurationList = 199075862C86100300E23FD7 /* Build configuration list for PBXNativeTarget "PeacockMenus" */;
			buildPhases = (
				199075742C86100100E23FD7 /* Sources */,
				199075752C86100100E23FD7 /* Frameworks */,
				199075762C86100100E23FD7 /* Resources */,
				197768812C984EED00F40521 /* Embed Foundation Extensions */,
			);
			buildRules = (
			);
			dependencies = (
			);
			name = PeacockMenus;
			packageProductDependencies = (
				199075902C87EA0C00E23FD7 /* Kingfisher */,
				19E5B8B92C8D605500EC77F7 /* Defaults */,
				198706FB2C943C8100F59CE9 /* ScalingHeaderScrollView */,
				1977689A2C987CFE00F40521 /* Pow */,
				199BB8E02C9EDE2900D25774 /* Alamofire */,
				1985A7AC2C9FDCE9003D255B /* JDStatusBarNotification */,
				1989BF282CA931FE00D5B8DE /* Lottie */,
			);
			productName = PeacockMenus;
			productReference = 199075782C86100100E23FD7 /* PeacockMenus.app */;
			productType = "com.apple.product-type.application";
		};
/* End PBXNativeTarget section */

/* Begin PBXProject section */
		199075702C86100100E23FD7 /* Project object */ = {
			isa = PBXProject;
			attributes = {
				BuildIndependentTargetsInParallel = 1;
				LastSwiftUpdateCheck = 1540;
				LastUpgradeCheck = 1600;
				TargetAttributes = {
					199075772C86100100E23FD7 = {
						CreatedOnToolsVersion = 15.4;
						LastSwiftMigration = 1600;
					};
				};
			};
			buildConfigurationList = 199075732C86100100E23FD7 /* Build configuration list for PBXProject "PeacockMenus" */;
			compatibilityVersion = "Xcode 14.0";
			developmentRegion = "zh-Hans";
			hasScannedForEncodings = 0;
			knownRegions = (
				en,
				Base,
				"zh-Hans",
			);
			mainGroup = 1990756F2C86100100E23FD7;
			packageReferences = (
				1990758F2C87EA0C00E23FD7 /* XCRemoteSwiftPackageReference "Kingfisher" */,
				19E5B8B82C8D605500EC77F7 /* XCRemoteSwiftPackageReference "Defaults" */,
				198706FA2C943C8000F59CE9 /* XCRemoteSwiftPackageReference "ScalingHeaderScrollView" */,
				197768992C987CFE00F40521 /* XCRemoteSwiftPackageReference "Pow" */,
				199BB8DF2C9EDE2900D25774 /* XCRemoteSwiftPackageReference "Alamofire" */,
				1985A7AB2C9FDCE9003D255B /* XCRemoteSwiftPackageReference "JDStatusBarNotification" */,
				1989BF272CA931FE00D5B8DE /* XCRemoteSwiftPackageReference "lottie-ios" */,
			);
			productRefGroup = 199075792C86100100E23FD7 /* Products */;
			projectDirPath = "";
			projectRoot = "";
			targets = (
				199075772C86100100E23FD7 /* PeacockMenus */,
			);
		};
/* End PBXProject section */

/* Begin PBXResourcesBuildPhase section */
		199075762C86100100E23FD7 /* Resources */ = {
			isa = PBXResourcesBuildPhase;
			buildActionMask = 2147483647;
			files = (
				1989BF262CA9314A00D5B8DE /* contact.json in Resources */,
				196C575D2CA2FC0F00A2436F /* Launch Screen.storyboard in Resources */,
				19FB9E592CAA6FDE007014E2 /* test3.mp3 in Resources */,
				19AF99ED2CA93D8A0093206C /* album.json in Resources */,
				19FB9E302CA97FDB007014E2 /* test5.mp3 in Resources */,
				19AF99EF2CA93F8F0093206C /* music.json in Resources */,
				199075832C86100300E23FD7 /* Preview Assets.xcassets in Resources */,
				190E395A2C9FD16D001061ED /* Localizable.xcstrings in Resources */,
				19AF99F12CA943300093206C /* menus.json in Resources */,
				19FB9E572CAA6EF9007014E2 /* test2.mp3 in Resources */,
				199075802C86100300E23FD7 /* Assets.xcassets in Resources */,
				196C57592CA2FBB200A2436F /* InfoPlist.strings in Resources */,
			);
			runOnlyForDeploymentPostprocessing = 0;
		};
/* End PBXResourcesBuildPhase section */

/* Begin PBXSourcesBuildPhase section */
		199075742C86100100E23FD7 /* Sources */ = {
			isa = PBXSourcesBuildPhase;
			buildActionMask = 2147483647;
			files = (
				19AF9A092CA953A10093206C /* HomePhotoView.swift in Sources */,
				1989BF022CA84B2600D5B8DE /* FlipClockText.swift in Sources */,
				19AF99FA2CA94C8B0093206C /* BookView.swift in Sources */,
				19FB9E512CAA44D7007014E2 /* TaskRowView.swift in Sources */,
				1989BF2B2CA9329600D5B8DE /* AniMationView.swift in Sources */,
				194BBAA92C8DD0E1002EAA09 /* AppSettings.swift in Sources */,
				19AF9A072CA953520093206C /* CustomPagingIndicatorView.swift in Sources */,
				19D231D72C93FCDC001044BB /* itemsView.swift in Sources */,
				197768A82C99C9FB00F40521 /* AppIconView.swift in Sources */,
				1985A7B62CA03643003D255B /* PhotosView.swift in Sources */,
				194BBAA72C8DD04F002EAA09 /* ImportDataView.swift in Sources */,
				19DDEC212C96CA8800C86EC5 /* vipCardSettingView.swift in Sources */,
				19CD68A62C9829D500AF6CF8 /* BasicSettingsView.swift in Sources */,
				1985A7B32CA0350E003D255B /* MenuButtons.swift in Sources */,
				1990759C2C87F1AB00E23FD7 /* TextField+.swift in Sources */,
				1989BF112CA85D8D00D5B8DE /* PopPasswordView.swift in Sources */,
				19AF9A012CA953130093206C /* SharedData.swift in Sources */,
				1990758E2C87E9DF00E23FD7 /* ImageManager.swift in Sources */,
				19DDEC232C96CAC200C86EC5 /* CategorySettingView.swift in Sources */,
				198706F32C941E5000F59CE9 /* HomeItemsView.swift in Sources */,
				198706F92C9420BE00F59CE9 /* HomeView.swift in Sources */,
				19AF99F62CA947230093206C /* HomeMenuView.swift in Sources */,
				19FB9E532CAA4501007014E2 /* ModalTask.swift in Sources */,
				198706EB2C94114800F59CE9 /* extension+.swift in Sources */,
				1977686E2C984E3300F40521 /* AppDelegate.swift in Sources */,
				19FB9E322CA982A9007014E2 /* AudioManager.swift in Sources */,
				19CD68A42C97DC7900AF6CF8 /* Mock.swift in Sources */,
				1990757E2C86100100E23FD7 /* ContentView.swift in Sources */,
				19FB9E2E2CA973C9007014E2 /* ExpandedBottom.swift in Sources */,
				19F92E9C2CAE06E100BD8D46 /* PhotoPreView.swift in Sources */,
				19FB9E552CAA4FE3007014E2 /* NewTaskView.swift in Sources */,
				19AF99FC2CA94CA20093206C /* MusicView.swift in Sources */,
				1990757C2C86100100E23FD7 /* PeacockMenusApp.swift in Sources */,
				196C576F2CA3F1F000A2436F /* SettingTipView.swift in Sources */,
				1985A7AF2C9FEF46003D255B /* OtherViews.swift in Sources */,
				19DDEC272C96CAFD00C86EC5 /* ProjectSettingView.swift in Sources */,
				197DAB702CAC28BF006AF76C /* BookModal.swift in Sources */,
				198706F52C941F5400F59CE9 /* HomeVipCards.swift in Sources */,
				198707042C956D3500F59CE9 /* itemView.swift in Sources */,
				19F835B62C8F0A000083A66D /* VipCardView.swift in Sources */,
				19AF99FF2CA952FE0093206C /* CustomSimulataneousGesture.swift in Sources */,
				19DDEC252C96CAE000C86EC5 /* SubCategorySettingView.swift in Sources */,
				1985A7B12CA00E95003D255B /* HomeSettingView.swift in Sources */,
				199075C52C8B3E0800E23FD7 /* DropDelegate+.swift in Sources */,
				19E40CCC2C9AF6360077F71F /* DataModal.swift in Sources */,
				199075A92C89C73F00E23FD7 /* DiskManager.swift in Sources */,
				199075BB2C8B0D9A00E23FD7 /* PeacockProtocol.swift in Sources */,
				19AF9A032CA953290093206C /* PhotosScrollView.swift in Sources */,
				19818B722C8DCFAF001A2964 /* ExportDataView.swift in Sources */,
				19E5B8BF2C8DC04500EC77F7 /* SettingsView.swift in Sources */,
				19AF99F32CA945810093206C /* MenuPriceView.swift in Sources */,
				19AF9A052CA9533D0093206C /* OtherContents.swift in Sources */,
			);
			runOnlyForDeploymentPostprocessing = 0;
		};
/* End PBXSourcesBuildPhase section */

/* Begin PBXVariantGroup section */
		196C57572CA2FBB200A2436F /* InfoPlist.strings */ = {
			isa = PBXVariantGroup;
			children = (
				196C57582CA2FBB200A2436F /* zh-Hans */,
				196C575A2CA2FBC200A2436F /* en */,
			);
			name = InfoPlist.strings;
			sourceTree = "<group>";
		};
		196C575C2CA2FC0F00A2436F /* Launch Screen.storyboard */ = {
			isa = PBXVariantGroup;
			children = (
				196C575B2CA2FC0F00A2436F /* Base */,
			);
			name = "Launch Screen.storyboard";
			sourceTree = "<group>";
		};
/* End PBXVariantGroup section */

/* Begin XCBuildConfiguration section */
		199075842C86100300E23FD7 /* Debug */ = {
			isa = XCBuildConfiguration;
			buildSettings = {
				ALWAYS_SEARCH_USER_PATHS = NO;
				ASSETCATALOG_COMPILER_ALTERNATE_APPICON_NAMES = "AppIcon AppIcon1 AppIcon2 AppIcon3";
				ASSETCATALOG_COMPILER_GENERATE_SWIFT_ASSET_SYMBOL_EXTENSIONS = YES;
				ASSETCATALOG_COMPILER_INCLUDE_ALL_APPICON_ASSETS = YES;
				CLANG_ANALYZER_LOCALIZABILITY_NONLOCALIZED = YES;
				CLANG_ANALYZER_NONNULL = YES;
				CLANG_ANALYZER_NUMBER_OBJECT_CONVERSION = YES_AGGRESSIVE;
				CLANG_CXX_LANGUAGE_STANDARD = "gnu++20";
				CLANG_ENABLE_MODULES = YES;
				CLANG_ENABLE_OBJC_ARC = YES;
				CLANG_ENABLE_OBJC_WEAK = YES;
				CLANG_WARN_BLOCK_CAPTURE_AUTORELEASING = YES;
				CLANG_WARN_BOOL_CONVERSION = YES;
				CLANG_WARN_COMMA = YES;
				CLANG_WARN_CONSTANT_CONVERSION = YES;
				CLANG_WARN_DEPRECATED_OBJC_IMPLEMENTATIONS = YES;
				CLANG_WARN_DIRECT_OBJC_ISA_USAGE = YES_ERROR;
				CLANG_WARN_DOCUMENTATION_COMMENTS = YES;
				CLANG_WARN_EMPTY_BODY = YES;
				CLANG_WARN_ENUM_CONVERSION = YES;
				CLANG_WARN_INFINITE_RECURSION = YES;
				CLANG_WARN_INT_CONVERSION = YES;
				CLANG_WARN_NON_LITERAL_NULL_CONVERSION = YES;
				CLANG_WARN_OBJC_IMPLICIT_RETAIN_SELF = YES;
				CLANG_WARN_OBJC_LITERAL_CONVERSION = YES;
				CLANG_WARN_OBJC_ROOT_CLASS = YES_ERROR;
				CLANG_WARN_QUOTED_INCLUDE_IN_FRAMEWORK_HEADER = YES;
				CLANG_WARN_RANGE_LOOP_ANALYSIS = YES;
				CLANG_WARN_STRICT_PROTOTYPES = YES;
				CLANG_WARN_SUSPICIOUS_MOVE = YES;
				CLANG_WARN_UNGUARDED_AVAILABILITY = YES_AGGRESSIVE;
				CLANG_WARN_UNREACHABLE_CODE = YES;
				CLANG_WARN__DUPLICATE_METHOD_MATCH = YES;
				COPY_PHASE_STRIP = NO;
				DEBUG_INFORMATION_FORMAT = dwarf;
				ENABLE_STRICT_OBJC_MSGSEND = YES;
				ENABLE_TESTABILITY = YES;
				ENABLE_USER_SCRIPT_SANDBOXING = YES;
				GCC_C_LANGUAGE_STANDARD = gnu17;
				GCC_DYNAMIC_NO_PIC = NO;
				GCC_NO_COMMON_BLOCKS = YES;
				GCC_OPTIMIZATION_LEVEL = 0;
				GCC_PREPROCESSOR_DEFINITIONS = (
					"DEBUG=1",
					"$(inherited)",
				);
				GCC_WARN_64_TO_32_BIT_CONVERSION = YES;
				GCC_WARN_ABOUT_RETURN_TYPE = YES_ERROR;
				GCC_WARN_UNDECLARED_SELECTOR = YES;
				GCC_WARN_UNINITIALIZED_AUTOS = YES_AGGRESSIVE;
				GCC_WARN_UNUSED_FUNCTION = YES;
				GCC_WARN_UNUSED_VARIABLE = YES;
				IPHONEOS_DEPLOYMENT_TARGET = 17.0;
				LOCALIZATION_PREFERS_STRING_CATALOGS = YES;
				MTL_ENABLE_DEBUG_INFO = INCLUDE_SOURCE;
				MTL_FAST_MATH = YES;
				ONLY_ACTIVE_ARCH = YES;
				SDKROOT = iphoneos;
				SWIFT_ACTIVE_COMPILATION_CONDITIONS = "DEBUG $(inherited)";
				SWIFT_EMIT_LOC_STRINGS = YES;
				SWIFT_OPTIMIZATION_LEVEL = "-Onone";
			};
			name = Debug;
		};
		199075852C86100300E23FD7 /* Release */ = {
			isa = XCBuildConfiguration;
			buildSettings = {
				ALWAYS_SEARCH_USER_PATHS = NO;
				ASSETCATALOG_COMPILER_ALTERNATE_APPICON_NAMES = "AppIcon AppIcon1 AppIcon2 AppIcon3";
				ASSETCATALOG_COMPILER_GENERATE_SWIFT_ASSET_SYMBOL_EXTENSIONS = YES;
				ASSETCATALOG_COMPILER_INCLUDE_ALL_APPICON_ASSETS = YES;
				CLANG_ANALYZER_LOCALIZABILITY_NONLOCALIZED = YES;
				CLANG_ANALYZER_NONNULL = YES;
				CLANG_ANALYZER_NUMBER_OBJECT_CONVERSION = YES_AGGRESSIVE;
				CLANG_CXX_LANGUAGE_STANDARD = "gnu++20";
				CLANG_ENABLE_MODULES = YES;
				CLANG_ENABLE_OBJC_ARC = YES;
				CLANG_ENABLE_OBJC_WEAK = YES;
				CLANG_WARN_BLOCK_CAPTURE_AUTORELEASING = YES;
				CLANG_WARN_BOOL_CONVERSION = YES;
				CLANG_WARN_COMMA = YES;
				CLANG_WARN_CONSTANT_CONVERSION = YES;
				CLANG_WARN_DEPRECATED_OBJC_IMPLEMENTATIONS = YES;
				CLANG_WARN_DIRECT_OBJC_ISA_USAGE = YES_ERROR;
				CLANG_WARN_DOCUMENTATION_COMMENTS = YES;
				CLANG_WARN_EMPTY_BODY = YES;
				CLANG_WARN_ENUM_CONVERSION = YES;
				CLANG_WARN_INFINITE_RECURSION = YES;
				CLANG_WARN_INT_CONVERSION = YES;
				CLANG_WARN_NON_LITERAL_NULL_CONVERSION = YES;
				CLANG_WARN_OBJC_IMPLICIT_RETAIN_SELF = YES;
				CLANG_WARN_OBJC_LITERAL_CONVERSION = YES;
				CLANG_WARN_OBJC_ROOT_CLASS = YES_ERROR;
				CLANG_WARN_QUOTED_INCLUDE_IN_FRAMEWORK_HEADER = YES;
				CLANG_WARN_RANGE_LOOP_ANALYSIS = YES;
				CLANG_WARN_STRICT_PROTOTYPES = YES;
				CLANG_WARN_SUSPICIOUS_MOVE = YES;
				CLANG_WARN_UNGUARDED_AVAILABILITY = YES_AGGRESSIVE;
				CLANG_WARN_UNREACHABLE_CODE = YES;
				CLANG_WARN__DUPLICATE_METHOD_MATCH = YES;
				COPY_PHASE_STRIP = NO;
				DEBUG_INFORMATION_FORMAT = "dwarf-with-dsym";
				ENABLE_NS_ASSERTIONS = NO;
				ENABLE_STRICT_OBJC_MSGSEND = YES;
				ENABLE_USER_SCRIPT_SANDBOXING = YES;
				GCC_C_LANGUAGE_STANDARD = gnu17;
				GCC_NO_COMMON_BLOCKS = YES;
				GCC_WARN_64_TO_32_BIT_CONVERSION = YES;
				GCC_WARN_ABOUT_RETURN_TYPE = YES_ERROR;
				GCC_WARN_UNDECLARED_SELECTOR = YES;
				GCC_WARN_UNINITIALIZED_AUTOS = YES_AGGRESSIVE;
				GCC_WARN_UNUSED_FUNCTION = YES;
				GCC_WARN_UNUSED_VARIABLE = YES;
				IPHONEOS_DEPLOYMENT_TARGET = 17.0;
				LOCALIZATION_PREFERS_STRING_CATALOGS = YES;
				MTL_ENABLE_DEBUG_INFO = NO;
				MTL_FAST_MATH = YES;
				SDKROOT = iphoneos;
				SWIFT_COMPILATION_MODE = wholemodule;
				SWIFT_EMIT_LOC_STRINGS = YES;
				VALIDATE_PRODUCT = YES;
			};
			name = Release;
		};
		199075872C86100300E23FD7 /* Debug */ = {
			isa = XCBuildConfiguration;
			buildSettings = {
				ASSETCATALOG_COMPILER_ALTERNATE_APPICON_NAMES = "AppIcon AppIcon1 AppIcon2 AppIcon3";
				ASSETCATALOG_COMPILER_APPICON_NAME = AppIcon;
				ASSETCATALOG_COMPILER_GLOBAL_ACCENT_COLOR_NAME = AccentColor;
				ASSETCATALOG_COMPILER_INCLUDE_ALL_APPICON_ASSETS = YES;
				CLANG_ENABLE_MODULES = YES;
				CODE_SIGN_ENTITLEMENTS = PeacockMenus/PeacockMenus.entitlements;
				CODE_SIGN_STYLE = Automatic;
				CURRENT_PROJECT_VERSION = 1;
				DEVELOPMENT_ASSET_PATHS = "\"PeacockMenus/Preview Content\"";
				DEVELOPMENT_TEAM = FUWV6U942Q;
				ENABLE_PREVIEWS = YES;
				GENERATE_INFOPLIST_FILE = YES;
				HEADER_SEARCH_PATHS = "";
				INFOPLIST_FILE = PeacockMenus/Info.plist;
				INFOPLIST_KEY_CFBundleDisplayName = "美丽宫略";
				INFOPLIST_KEY_UIApplicationSceneManifest_Generation = YES;
				INFOPLIST_KEY_UIApplicationSupportsIndirectInputEvents = YES;
				INFOPLIST_KEY_UILaunchScreen_Generation = YES;
				INFOPLIST_KEY_UILaunchStoryboardName = "Launch Screen.storyboard";
				INFOPLIST_KEY_UIRequiresFullScreen = YES;
				INFOPLIST_KEY_UISupportedInterfaceOrientations = UIInterfaceOrientationPortrait;
				INFOPLIST_KEY_UISupportedInterfaceOrientations_iPad = "UIInterfaceOrientationLandscapeLeft UIInterfaceOrientationLandscapeRight";
				LD_RUNPATH_SEARCH_PATHS = (
					"$(inherited)",
					"@executable_path/Frameworks",
				);
				MARKETING_VERSION = 1.0;
				OTHER_LDFLAGS = "";
				PRODUCT_BUNDLE_IDENTIFIER = com.twown.PeacockMenus;
				PRODUCT_NAME = "$(TARGET_NAME)";
				SUPPORTED_PLATFORMS = "iphoneos iphonesimulator";
				SUPPORTS_MACCATALYST = NO;
				SUPPORTS_MAC_DESIGNED_FOR_IPHONE_IPAD = NO;
				SUPPORTS_XR_DESIGNED_FOR_IPHONE_IPAD = NO;
				SWIFT_EMIT_LOC_STRINGS = YES;
				SWIFT_OBJC_BRIDGING_HEADER = "";
				SWIFT_OPTIMIZATION_LEVEL = "-Onone";
				SWIFT_VERSION = 5.0;
				TARGETED_DEVICE_FAMILY = "1,2";
			};
			name = Debug;
		};
		199075882C86100300E23FD7 /* Release */ = {
			isa = XCBuildConfiguration;
			buildSettings = {
				ASSETCATALOG_COMPILER_ALTERNATE_APPICON_NAMES = "AppIcon AppIcon1 AppIcon2 AppIcon3";
				ASSETCATALOG_COMPILER_APPICON_NAME = AppIcon;
				ASSETCATALOG_COMPILER_GLOBAL_ACCENT_COLOR_NAME = AccentColor;
				ASSETCATALOG_COMPILER_INCLUDE_ALL_APPICON_ASSETS = YES;
				CLANG_ENABLE_MODULES = YES;
				CODE_SIGN_ENTITLEMENTS = PeacockMenus/PeacockMenus.entitlements;
				CODE_SIGN_STYLE = Automatic;
				CURRENT_PROJECT_VERSION = 1;
				DEVELOPMENT_ASSET_PATHS = "\"PeacockMenus/Preview Content\"";
				DEVELOPMENT_TEAM = FUWV6U942Q;
				ENABLE_PREVIEWS = YES;
				GENERATE_INFOPLIST_FILE = YES;
				HEADER_SEARCH_PATHS = "";
				INFOPLIST_FILE = PeacockMenus/Info.plist;
				INFOPLIST_KEY_CFBundleDisplayName = "美丽宫略";
				INFOPLIST_KEY_UIApplicationSceneManifest_Generation = YES;
				INFOPLIST_KEY_UIApplicationSupportsIndirectInputEvents = YES;
				INFOPLIST_KEY_UILaunchScreen_Generation = YES;
				INFOPLIST_KEY_UILaunchStoryboardName = "Launch Screen.storyboard";
				INFOPLIST_KEY_UIRequiresFullScreen = YES;
				INFOPLIST_KEY_UISupportedInterfaceOrientations = UIInterfaceOrientationPortrait;
				INFOPLIST_KEY_UISupportedInterfaceOrientations_iPad = "UIInterfaceOrientationLandscapeLeft UIInterfaceOrientationLandscapeRight";
				LD_RUNPATH_SEARCH_PATHS = (
					"$(inherited)",
					"@executable_path/Frameworks",
				);
				MARKETING_VERSION = 1.0;
				OTHER_LDFLAGS = "";
				PRODUCT_BUNDLE_IDENTIFIER = com.twown.PeacockMenus;
				PRODUCT_NAME = "$(TARGET_NAME)";
				SUPPORTED_PLATFORMS = "iphoneos iphonesimulator";
				SUPPORTS_MACCATALYST = NO;
				SUPPORTS_MAC_DESIGNED_FOR_IPHONE_IPAD = NO;
				SUPPORTS_XR_DESIGNED_FOR_IPHONE_IPAD = NO;
				SWIFT_EMIT_LOC_STRINGS = YES;
				SWIFT_OBJC_BRIDGING_HEADER = "";
				SWIFT_VERSION = 5.0;
				TARGETED_DEVICE_FAMILY = "1,2";
			};
			name = Release;
		};
/* End XCBuildConfiguration section */

/* Begin XCConfigurationList section */
		199075732C86100100E23FD7 /* Build configuration list for PBXProject "PeacockMenus" */ = {
			isa = XCConfigurationList;
			buildConfigurations = (
				199075842C86100300E23FD7 /* Debug */,
				199075852C86100300E23FD7 /* Release */,
			);
			defaultConfigurationIsVisible = 0;
			defaultConfigurationName = Release;
		};
		199075862C86100300E23FD7 /* Build configuration list for PBXNativeTarget "PeacockMenus" */ = {
			isa = XCConfigurationList;
			buildConfigurations = (
				199075872C86100300E23FD7 /* Debug */,
				199075882C86100300E23FD7 /* Release */,
			);
			defaultConfigurationIsVisible = 0;
			defaultConfigurationName = Release;
		};
/* End XCConfigurationList section */

/* Begin XCRemoteSwiftPackageReference section */
		197768992C987CFE00F40521 /* XCRemoteSwiftPackageReference "Pow" */ = {
			isa = XCRemoteSwiftPackageReference;
			repositoryURL = "https://github.com/EmergeTools/Pow.git";
			requirement = {
				kind = upToNextMajorVersion;
				minimumVersion = 1.0.4;
			};
		};
		1985A7AB2C9FDCE9003D255B /* XCRemoteSwiftPackageReference "JDStatusBarNotification" */ = {
			isa = XCRemoteSwiftPackageReference;
			repositoryURL = "https://github.com/calimarkus/JDStatusBarNotification.git";
			requirement = {
				kind = upToNextMajorVersion;
				minimumVersion = 2.2.2;
			};
		};
		198706FA2C943C8000F59CE9 /* XCRemoteSwiftPackageReference "ScalingHeaderScrollView" */ = {
			isa = XCRemoteSwiftPackageReference;
			repositoryURL = "https://github.com/uuneo/ScalingHeaderScrollView.git";
			requirement = {
				branch = master;
				kind = branch;
			};
		};
		1989BF272CA931FE00D5B8DE /* XCRemoteSwiftPackageReference "lottie-ios" */ = {
			isa = XCRemoteSwiftPackageReference;
			repositoryURL = "https://github.com/airbnb/lottie-ios.git";
			requirement = {
				kind = upToNextMajorVersion;
				minimumVersion = 4.5.0;
			};
		};
		1990758F2C87EA0C00E23FD7 /* XCRemoteSwiftPackageReference "Kingfisher" */ = {
			isa = XCRemoteSwiftPackageReference;
			repositoryURL = "https://github.com/onevcat/Kingfisher.git";
			requirement = {
				kind = upToNextMajorVersion;
				minimumVersion = 7.12.0;
			};
		};
		199BB8DF2C9EDE2900D25774 /* XCRemoteSwiftPackageReference "Alamofire" */ = {
			isa = XCRemoteSwiftPackageReference;
			repositoryURL = "https://github.com/Alamofire/Alamofire.git";
			requirement = {
				kind = upToNextMajorVersion;
				minimumVersion = 5.9.1;
			};
		};
		19E5B8B82C8D605500EC77F7 /* XCRemoteSwiftPackageReference "Defaults" */ = {
			isa = XCRemoteSwiftPackageReference;
			repositoryURL = "https://github.com/uuneo/Defaults.git";
			requirement = {
				branch = main;
				kind = branch;
			};
		};
/* End XCRemoteSwiftPackageReference section */

/* Begin XCSwiftPackageProductDependency section */
		1977689A2C987CFE00F40521 /* Pow */ = {
			isa = XCSwiftPackageProductDependency;
			package = 197768992C987CFE00F40521 /* XCRemoteSwiftPackageReference "Pow" */;
			productName = Pow;
		};
		1985A7AC2C9FDCE9003D255B /* JDStatusBarNotification */ = {
			isa = XCSwiftPackageProductDependency;
			package = 1985A7AB2C9FDCE9003D255B /* XCRemoteSwiftPackageReference "JDStatusBarNotification" */;
			productName = JDStatusBarNotification;
		};
		198706FB2C943C8100F59CE9 /* ScalingHeaderScrollView */ = {
			isa = XCSwiftPackageProductDependency;
			package = 198706FA2C943C8000F59CE9 /* XCRemoteSwiftPackageReference "ScalingHeaderScrollView" */;
			productName = ScalingHeaderScrollView;
		};
		1989BF282CA931FE00D5B8DE /* Lottie */ = {
			isa = XCSwiftPackageProductDependency;
			package = 1989BF272CA931FE00D5B8DE /* XCRemoteSwiftPackageReference "lottie-ios" */;
			productName = Lottie;
		};
		199075902C87EA0C00E23FD7 /* Kingfisher */ = {
			isa = XCSwiftPackageProductDependency;
			package = 1990758F2C87EA0C00E23FD7 /* XCRemoteSwiftPackageReference "Kingfisher" */;
			productName = Kingfisher;
		};
		199BB8E02C9EDE2900D25774 /* Alamofire */ = {
			isa = XCSwiftPackageProductDependency;
			package = 199BB8DF2C9EDE2900D25774 /* XCRemoteSwiftPackageReference "Alamofire" */;
			productName = Alamofire;
		};
		19E5B8B92C8D605500EC77F7 /* Defaults */ = {
			isa = XCSwiftPackageProductDependency;
			package = 19E5B8B82C8D605500EC77F7 /* XCRemoteSwiftPackageReference "Defaults" */;
			productName = Defaults;
		};
/* End XCSwiftPackageProductDependency section */
	};
	rootObject = 199075702C86100100E23FD7 /* Project object */;
}
