// !$*UTF8*$!
{
	archiveVersion = 1;
	classes = {
	};
	objectVersion = 70;
	objects = {

/* Begin PBXBuildFile section */
		190E395A2C9FD16D001061ED /* Localizable.xcstrings in Resources */ = {isa = PBXBuildFile; fileRef = 190E39592C9FD16D001061ED /* Localizable.xcstrings */; };
		194546F42CCA225100CEB67B /* GiftHomeView.swift in Sources */ = {isa = PBXBuildFile; fileRef = 194546F32CCA224700CEB67B /* GiftHomeView.swift */; };
		194BBAA72C8DD04F002EAA09 /* ImportDataView.swift in Sources */ = {isa = PBXBuildFile; fileRef = 194BBAA62C8DD04F002EAA09 /* ImportDataView.swift */; };
		194BBAA92C8DD0E1002EAA09 /* AppSettings.swift in Sources */ = {isa = PBXBuildFile; fileRef = 194BBAA82C8DD0E1002EAA09 /* AppSettings.swift */; };
		196C57592CA2FBB200A2436F /* InfoPlist.strings in Resources */ = {isa = PBXBuildFile; fileRef = 196C57572CA2FBB200A2436F /* InfoPlist.strings */; };
		196C575D2CA2FC0F00A2436F /* Launch Screen.storyboard in Resources */ = {isa = PBXBuildFile; fileRef = 196C575C2CA2FC0F00A2436F /* Launch Screen.storyboard */; };
		196C576F2CA3F1F000A2436F /* SettingTipView.swift in Sources */ = {isa = PBXBuildFile; fileRef = 196C576E2CA3F1E500A2436F /* SettingTipView.swift */; };
		197768A82C99C9FB00F40521 /* AppIconView.swift in Sources */ = {isa = PBXBuildFile; fileRef = 197768A72C99C9FB00F40521 /* AppIconView.swift */; };
		19818B722C8DCFAF001A2964 /* ExportDataView.swift in Sources */ = {isa = PBXBuildFile; fileRef = 19818B712C8DCFAF001A2964 /* ExportDataView.swift */; };
		1985A7AD2C9FDCE9003D255B /* JDStatusBarNotification in Frameworks */ = {isa = PBXBuildFile; productRef = 1985A7AC2C9FDCE9003D255B /* JDStatusBarNotification */; };
		1985A7AF2C9FEF46003D255B /* OtherViews.swift in Sources */ = {isa = PBXBuildFile; fileRef = 1985A7AE2C9FEF41003D255B /* OtherViews.swift */; };
		1985A7B12CA00E95003D255B /* HomeSettingView.swift in Sources */ = {isa = PBXBuildFile; fileRef = 1985A7B02CA00E94003D255B /* HomeSettingView.swift */; };
		198706EB2C94114800F59CE9 /* extension+.swift in Sources */ = {isa = PBXBuildFile; fileRef = 198706EA2C94114800F59CE9 /* extension+.swift */; };
		198706F32C941E5000F59CE9 /* HomeCategoryPage.swift in Sources */ = {isa = PBXBuildFile; fileRef = 198706F22C941E5000F59CE9 /* HomeCategoryPage.swift */; };
		198706F52C941F5400F59CE9 /* HomeVipCards.swift in Sources */ = {isa = PBXBuildFile; fileRef = 198706F42C941F5400F59CE9 /* HomeVipCards.swift */; };
		198707042C956D3500F59CE9 /* SubCategoryView.swift in Sources */ = {isa = PBXBuildFile; fileRef = 198707032C956D3500F59CE9 /* SubCategoryView.swift */; };
		1989BF022CA84B2600D5B8DE /* FlipClockText.swift in Sources */ = {isa = PBXBuildFile; fileRef = 1989BF012CA8496500D5B8DE /* FlipClockText.swift */; };
		1989BF112CA85D8D00D5B8DE /* PopPasswordView.swift in Sources */ = {isa = PBXBuildFile; fileRef = 1989BF102CA85D8D00D5B8DE /* PopPasswordView.swift */; };
		1990757C2C86100100E23FD7 /* PeacockMenusApp.swift in Sources */ = {isa = PBXBuildFile; fileRef = 1990757B2C86100100E23FD7 /* PeacockMenusApp.swift */; };
		1990757E2C86100100E23FD7 /* ContentView.swift in Sources */ = {isa = PBXBuildFile; fileRef = 1990757D2C86100100E23FD7 /* ContentView.swift */; };
		199075802C86100300E23FD7 /* Assets.xcassets in Resources */ = {isa = PBXBuildFile; fileRef = 1990757F2C86100300E23FD7 /* Assets.xcassets */; };
		199075832C86100300E23FD7 /* Preview Assets.xcassets in Resources */ = {isa = PBXBuildFile; fileRef = 199075822C86100300E23FD7 /* Preview Assets.xcassets */; };
		1990758E2C87E9DF00E23FD7 /* ImageManager.swift in Sources */ = {isa = PBXBuildFile; fileRef = 1990758D2C87E9DF00E23FD7 /* ImageManager.swift */; };
		1990759C2C87F1AB00E23FD7 /* TextField+.swift in Sources */ = {isa = PBXBuildFile; fileRef = 1990759B2C87F1AB00E23FD7 /* TextField+.swift */; };
		199075A92C89C73F00E23FD7 /* DiskManager.swift in Sources */ = {isa = PBXBuildFile; fileRef = 199075A82C89C73F00E23FD7 /* DiskManager.swift */; };
		199075BB2C8B0D9A00E23FD7 /* PeacockProtocol.swift in Sources */ = {isa = PBXBuildFile; fileRef = 199075BA2C8B0D9A00E23FD7 /* PeacockProtocol.swift */; };
		199075C52C8B3E0800E23FD7 /* DropDelegate+.swift in Sources */ = {isa = PBXBuildFile; fileRef = 199075C42C8B3E0800E23FD7 /* DropDelegate+.swift */; };
		19AF99F32CA945810093206C /* MenuPriceView.swift in Sources */ = {isa = PBXBuildFile; fileRef = 19AF99F22CA945810093206C /* MenuPriceView.swift */; };
		19C13A992CCA45E400A2F1A8 /* SwiftyJSON in Frameworks */ = {isa = PBXBuildFile; productRef = 19C13A982CCA45E400A2F1A8 /* SwiftyJSON */; };
		19C13A9B2CCB6A5600A2F1A8 /* GiftSettingsView.swift in Sources */ = {isa = PBXBuildFile; fileRef = 19C13A9A2CCB6A4F00A2F1A8 /* GiftSettingsView.swift */; };
		19CD68A42C97DC7900AF6CF8 /* Mock.swift in Sources */ = {isa = PBXBuildFile; fileRef = 19CD68A32C97DC7900AF6CF8 /* Mock.swift */; };
		19CD68A62C9829D500AF6CF8 /* BasicSettingsView.swift in Sources */ = {isa = PBXBuildFile; fileRef = 19CD68A52C9829D500AF6CF8 /* BasicSettingsView.swift */; };
		19D231D72C93FCDC001044BB /* CategoryDetailPage.swift in Sources */ = {isa = PBXBuildFile; fileRef = 19D231D62C93FCDC001044BB /* CategoryDetailPage.swift */; };
		19DDEC212C96CA8800C86EC5 /* vipCardSettingView.swift in Sources */ = {isa = PBXBuildFile; fileRef = 19DDEC202C96CA8800C86EC5 /* vipCardSettingView.swift */; };
		19DDEC232C96CAC200C86EC5 /* CategorySettingView.swift in Sources */ = {isa = PBXBuildFile; fileRef = 19DDEC222C96CAC200C86EC5 /* CategorySettingView.swift */; };
		19DDEC252C96CAE000C86EC5 /* SubCategorySettingView.swift in Sources */ = {isa = PBXBuildFile; fileRef = 19DDEC242C96CAE000C86EC5 /* SubCategorySettingView.swift */; };
		19DDEC272C96CAFD00C86EC5 /* ProjectSettingView.swift in Sources */ = {isa = PBXBuildFile; fileRef = 19DDEC262C96CAFD00C86EC5 /* ProjectSettingView.swift */; };
		19E40CCC2C9AF6360077F71F /* DataModal.swift in Sources */ = {isa = PBXBuildFile; fileRef = 19E40CCB2C9AF6360077F71F /* DataModal.swift */; };
		19E5B8BF2C8DC04500EC77F7 /* SettingsView.swift in Sources */ = {isa = PBXBuildFile; fileRef = 19E5B8BE2C8DC04500EC77F7 /* SettingsView.swift */; };
		19F835B62C8F0A000083A66D /* VipCardView.swift in Sources */ = {isa = PBXBuildFile; fileRef = 19F835B52C8F0A000083A66D /* VipCardView.swift */; };
		B50126BA2E0F92150027DD26 /* VipDetailView.swift in Sources */ = {isa = PBXBuildFile; fileRef = B50126B92E0F92040027DD26 /* VipDetailView.swift */; };
		B51CAA962E12B76C00E9CE97 /* Manager.swift in Sources */ = {isa = PBXBuildFile; fileRef = B51CAA952E12B66F00E9CE97 /* Manager.swift */; };
		B51CAA972E12B76C00E9CE97 /* MiniImageOrTextView.swift in Sources */ = {isa = PBXBuildFile; fileRef = B51CAA722E12B63F00E9CE97 /* MiniImageOrTextView.swift */; };
		B51CAA992E12B76C00E9CE97 /* Calculator.swift in Sources */ = {isa = PBXBuildFile; fileRef = B51CAA742E12B63F00E9CE97 /* Calculator.swift */; };
		B51CAA9A2E12B76C00E9CE97 /* ToolBox.swift in Sources */ = {isa = PBXBuildFile; fileRef = B51CAA752E12B63F00E9CE97 /* ToolBox.swift */; };
		B51CAA9C2E12B76C00E9CE97 /* CalculatorSettings.swift in Sources */ = {isa = PBXBuildFile; fileRef = B51CAA772E12B63F00E9CE97 /* CalculatorSettings.swift */; };
		B51CAA9D2E12B76C00E9CE97 /* ResultView.swift in Sources */ = {isa = PBXBuildFile; fileRef = B51CAA792E12B63F00E9CE97 /* ResultView.swift */; };
		B531C8B82E16A1D600CFCA07 /* Assistant in Frameworks */ = {isa = PBXBuildFile; productRef = B531C8B72E16A1D600CFCA07 /* Assistant */; };
		B5490DA92E1523E6009AF353 /* tone_crisp.wav in Resources */ = {isa = PBXBuildFile; fileRef = B51CAA7B2E12B65A00E9CE97 /* tone_crisp.wav */; };
		B5490DAA2E1523E6009AF353 /* tone_default.caf in Resources */ = {isa = PBXBuildFile; fileRef = B51CAA7C2E12B65A00E9CE97 /* tone_default.caf */; };
		B5490DAB2E1523E6009AF353 /* tone_drum.wav in Resources */ = {isa = PBXBuildFile; fileRef = B51CAA7D2E12B65A00E9CE97 /* tone_drum.wav */; };
		B5490DAC2E1523E6009AF353 /* tone_water.wav in Resources */ = {isa = PBXBuildFile; fileRef = B51CAA7E2E12B65A00E9CE97 /* tone_water.wav */; };
		B5490DAD2E1523E6009AF353 /* tone_wood.wav in Resources */ = {isa = PBXBuildFile; fileRef = B51CAA7F2E12B65A00E9CE97 /* tone_wood.wav */; };
		B5490DAE2E1523E6009AF353 /* piano1.mp3 in Resources */ = {isa = PBXBuildFile; fileRef = B51CAA802E12B65A00E9CE97 /* piano1.mp3 */; };
		B5490DAF2E1523E6009AF353 /* piano2.mp3 in Resources */ = {isa = PBXBuildFile; fileRef = B51CAA812E12B65A00E9CE97 /* piano2.mp3 */; };
		B5490DB02E1523E6009AF353 /* piano3.mp3 in Resources */ = {isa = PBXBuildFile; fileRef = B51CAA822E12B65A00E9CE97 /* piano3.mp3 */; };
		B5490DB12E1523E6009AF353 /* piano4.mp3 in Resources */ = {isa = PBXBuildFile; fileRef = B51CAA832E12B65A00E9CE97 /* piano4.mp3 */; };
		B5490DB22E1523E6009AF353 /* piano5.mp3 in Resources */ = {isa = PBXBuildFile; fileRef = B51CAA842E12B65A00E9CE97 /* piano5.mp3 */; };
		B5490DB32E1523E6009AF353 /* piano6.mp3 in Resources */ = {isa = PBXBuildFile; fileRef = B51CAA852E12B65A00E9CE97 /* piano6.mp3 */; };
		B5490DB42E1523E6009AF353 /* piano7.mp3 in Resources */ = {isa = PBXBuildFile; fileRef = B51CAA862E12B65A00E9CE97 /* piano7.mp3 */; };
		B5490DB52E1523E6009AF353 /* piano8.mp3 in Resources */ = {isa = PBXBuildFile; fileRef = B51CAA872E12B65A00E9CE97 /* piano8.mp3 */; };
		B5490DB62E1523E6009AF353 /* piano9.mp3 in Resources */ = {isa = PBXBuildFile; fileRef = B51CAA882E12B65A00E9CE97 /* piano9.mp3 */; };
		B5490DB72E1523E6009AF353 /* piano10.mp3 in Resources */ = {isa = PBXBuildFile; fileRef = B51CAA892E12B65A00E9CE97 /* piano10.mp3 */; };
		B5490DB82E1523E6009AF353 /* piano11.mp3 in Resources */ = {isa = PBXBuildFile; fileRef = B51CAA8A2E12B65A00E9CE97 /* piano11.mp3 */; };
		B5490DB92E1523E6009AF353 /* piano12.mp3 in Resources */ = {isa = PBXBuildFile; fileRef = B51CAA8B2E12B65A00E9CE97 /* piano12.mp3 */; };
		B5490DBA2E1523E6009AF353 /* piano13.mp3 in Resources */ = {isa = PBXBuildFile; fileRef = B51CAA8C2E12B65A00E9CE97 /* piano13.mp3 */; };
		B5490DBB2E1523E6009AF353 /* piano14.mp3 in Resources */ = {isa = PBXBuildFile; fileRef = B51CAA8D2E12B65A00E9CE97 /* piano14.mp3 */; };
		B5490DBC2E1523E6009AF353 /* piano15.mp3 in Resources */ = {isa = PBXBuildFile; fileRef = B51CAA8E2E12B65A00E9CE97 /* piano15.mp3 */; };
		B5490DBD2E1523E6009AF353 /* piano16.mp3 in Resources */ = {isa = PBXBuildFile; fileRef = B51CAA8F2E12B65A00E9CE97 /* piano16.mp3 */; };
		B5490DBE2E1523E6009AF353 /* piano17.mp3 in Resources */ = {isa = PBXBuildFile; fileRef = B51CAA902E12B65A00E9CE97 /* piano17.mp3 */; };
		B5490DBF2E1523E6009AF353 /* piano18.mp3 in Resources */ = {isa = PBXBuildFile; fileRef = B51CAA912E12B65A00E9CE97 /* piano18.mp3 */; };
		B5490DC02E1523E6009AF353 /* piano19.mp3 in Resources */ = {isa = PBXBuildFile; fileRef = B51CAA922E12B65A00E9CE97 /* piano19.mp3 */; };
		B5490DC12E1523E6009AF353 /* piano20.mp3 in Resources */ = {isa = PBXBuildFile; fileRef = B51CAA932E12B65A00E9CE97 /* piano20.mp3 */; };
		B58484732E81089E00DA8020 /* Expression in Frameworks */ = {isa = PBXBuildFile; productRef = B58484722E81089E00DA8020 /* Expression */; };
		B5D0E4A82E842D0900A668C0 /* KeychainHelper.swift in Sources */ = {isa = PBXBuildFile; fileRef = B5D0E4A72E842D0900A668C0 /* KeychainHelper.swift */; };
		B5DF4F052E144D3800599A8D /* QRScanner in Frameworks */ = {isa = PBXBuildFile; productRef = B5DF4F042E144D3800599A8D /* QRScanner */; };
		B5DF4F072E144D9500599A8D /* ScanView.swift in Sources */ = {isa = PBXBuildFile; fileRef = B5DF4F062E144D9500599A8D /* ScanView.swift */; };
		B5EC96C12E17B602004C652D /* CalculatorModel.swift in Sources */ = {isa = PBXBuildFile; fileRef = B5EC96C02E17B5F5004C652D /* CalculatorModel.swift */; };
		B5EC96D42E17C2F9004C652D /* KeyboardNumberView.swift in Sources */ = {isa = PBXBuildFile; fileRef = B5EC96D32E17C2F8004C652D /* KeyboardNumberView.swift */; };
		BA6F51FA2EBFB159008ACEBA /* Alamofire in Frameworks */ = {isa = PBXBuildFile; productRef = BA6F51F92EBFB159008ACEBA /* Alamofire */; };
		BAADCF063045A5880073AFC0 /* RealmSwift in Frameworks */ = {isa = PBXBuildFile; productRef = BAADCF053045A5880073AFC0 /* RealmSwift */; };
		BAADCF073045A5AF0073AFC0 /* RealmSwift in Embed Frameworks */ = {isa = PBXBuildFile; productRef = BAADCF053045A5880073AFC0 /* RealmSwift */; settings = {ATTRIBUTES = (CodeSignOnCopy, ); }; };
		BAB20EA82EC5C9990003F7A3 /* Assistant in Frameworks */ = {isa = PBXBuildFile; productRef = B531C8B52E16A0FB00CFCA07 /* Assistant */; };
		BAB2ED632EBFA2C60094FB51 /* Kingfisher in Frameworks */ = {isa = PBXBuildFile; productRef = BAB2ED622EBFA2C60094FB51 /* Kingfisher */; };
		BAB703692EEB193A00CD30A5 /* Defaults in Frameworks */ = {isa = PBXBuildFile; productRef = BAB703682EEB193A00CD30A5 /* Defaults */; };
		BAB704F52EEBD4D600CD30A5 /* Assistant in Frameworks */ = {isa = PBXBuildFile; productRef = BAB704F42EEBD4D600CD30A5 /* Assistant */; };
		BAE626EE2ED604E6009DABA1 /* AppDelegate.swift in Sources */ = {isa = PBXBuildFile; fileRef = BAE626ED2ED604DE009DABA1 /* AppDelegate.swift */; };
		BAE626F12ED605DB009DABA1 /* RealmConfig.swift in Sources */ = {isa = PBXBuildFile; fileRef = BAE626F02ED60542009DABA1 /* RealmConfig.swift */; };
		BAE626F32ED606D2009DABA1 /* Model.swift in Sources */ = {isa = PBXBuildFile; fileRef = BAE626F22ED606CF009DABA1 /* Model.swift */; };
		BAE627012ED687ED009DABA1 /* NotificationService.appex in Embed Foundation Extensions */ = {isa = PBXBuildFile; fileRef = BAE626FA2ED687EC009DABA1 /* NotificationService.appex */; settings = {ATTRIBUTES = (RemoveHeadersOnCopy, ); }; };
		BAE628A82ED7621C009DABA1 /* ProjectCardView.swift in Sources */ = {isa = PBXBuildFile; fileRef = BAE628A72ED7621A009DABA1 /* ProjectCardView.swift */; };
		F00DCAFE00000000000000A1 /* MemberCourseView.swift in Sources */ = {isa = PBXBuildFile; fileRef = F00DCAFE00000000000000A2 /* MemberCourseView.swift */; };
/* End PBXBuildFile section */

/* Begin PBXContainerItemProxy section */
		BAE626FF2ED687EC009DABA1 /* PBXContainerItemProxy */ = {
			isa = PBXContainerItemProxy;
			containerPortal = 199075702C86100100E23FD7 /* Project object */;
			proxyType = 1;
			remoteGlobalIDString = BAE626F92ED687EC009DABA1;
			remoteInfo = NotificationService;
		};
/* End PBXContainerItemProxy section */

/* Begin PBXCopyFilesBuildPhase section */
		197768812C984EED00F40521 /* Embed Foundation Extensions */ = {
			isa = PBXCopyFilesBuildPhase;
			buildActionMask = 2147483647;
			dstPath = "";
			dstSubfolderSpec = 13;
			files = (
				BAE627012ED687ED009DABA1 /* NotificationService.appex in Embed Foundation Extensions */,
			);
			name = "Embed Foundation Extensions";
			runOnlyForDeploymentPostprocessing = 0;
		};
		BAE626F52ED61243009DABA1 /* Embed Frameworks */ = {
			isa = PBXCopyFilesBuildPhase;
			buildActionMask = 2147483647;
			dstPath = "";
			dstSubfolderSpec = 10;
			files = (
				BAADCF073045A5AF0073AFC0 /* RealmSwift in Embed Frameworks */,
			);
			name = "Embed Frameworks";
			runOnlyForDeploymentPostprocessing = 0;
		};
/* End PBXCopyFilesBuildPhase section */

/* Begin PBXFileReference section */
		190E39592C9FD16D001061ED /* Localizable.xcstrings */ = {isa = PBXFileReference; lastKnownFileType = text.json.xcstrings; path = Localizable.xcstrings; sourceTree = "<group>"; };
		194546F32CCA224700CEB67B /* GiftHomeView.swift */ = {isa = PBXFileReference; lastKnownFileType = sourcecode.swift; path = GiftHomeView.swift; sourceTree = "<group>"; };
		194BBAA62C8DD04F002EAA09 /* ImportDataView.swift */ = {isa = PBXFileReference; lastKnownFileType = sourcecode.swift; path = ImportDataView.swift; sourceTree = "<group>"; };
		194BBAA82C8DD0E1002EAA09 /* AppSettings.swift */ = {isa = PBXFileReference; lastKnownFileType = sourcecode.swift; path = AppSettings.swift; sourceTree = "<group>"; };
		196C57582CA2FBB200A2436F /* zh-Hans */ = {isa = PBXFileReference; lastKnownFileType = text.plist.strings; name = "zh-Hans"; path = "zh-Hans.lproj/InfoPlist.strings"; sourceTree = "<group>"; };
		196C575A2CA2FBC200A2436F /* en */ = {isa = PBXFileReference; lastKnownFileType = text.plist.strings; name = en; path = en.lproj/InfoPlist.strings; sourceTree = "<group>"; };
		196C575B2CA2FC0F00A2436F /* Base */ = {isa = PBXFileReference; lastKnownFileType = file.storyboard; name = Base; path = "Base.lproj/Launch Screen.storyboard"; sourceTree = "<group>"; };
		196C576E2CA3F1E500A2436F /* SettingTipView.swift */ = {isa = PBXFileReference; lastKnownFileType = sourcecode.swift; path = SettingTipView.swift; sourceTree = "<group>"; };
		1977686C2C984C7700F40521 /* Info.plist */ = {isa = PBXFileReference; lastKnownFileType = text.plist; path = Info.plist; sourceTree = "<group>"; };
		197768882C9863F000F40521 /* UniformTypeIdentifiers.framework */ = {isa = PBXFileReference; lastKnownFileType = wrapper.framework; name = UniformTypeIdentifiers.framework; path = System/Library/Frameworks/UniformTypeIdentifiers.framework; sourceTree = SDKROOT; };
		197768A72C99C9FB00F40521 /* AppIconView.swift */ = {isa = PBXFileReference; lastKnownFileType = sourcecode.swift; path = AppIconView.swift; sourceTree = "<group>"; };
		19818B712C8DCFAF001A2964 /* ExportDataView.swift */ = {isa = PBXFileReference; lastKnownFileType = sourcecode.swift; path = ExportDataView.swift; sourceTree = "<group>"; };
		1985A7AE2C9FEF41003D255B /* OtherViews.swift */ = {isa = PBXFileReference; lastKnownFileType = sourcecode.swift; path = OtherViews.swift; sourceTree = "<group>"; };
		1985A7B02CA00E94003D255B /* HomeSettingView.swift */ = {isa = PBXFileReference; lastKnownFileType = sourcecode.swift; path = HomeSettingView.swift; sourceTree = "<group>"; };
		198706EA2C94114800F59CE9 /* extension+.swift */ = {isa = PBXFileReference; lastKnownFileType = sourcecode.swift; path = "extension+.swift"; sourceTree = "<group>"; };
		198706F22C941E5000F59CE9 /* HomeCategoryPage.swift */ = {isa = PBXFileReference; lastKnownFileType = sourcecode.swift; path = HomeCategoryPage.swift; sourceTree = "<group>"; };
		198706F42C941F5400F59CE9 /* HomeVipCards.swift */ = {isa = PBXFileReference; lastKnownFileType = sourcecode.swift; path = HomeVipCards.swift; sourceTree = "<group>"; };
		198707032C956D3500F59CE9 /* SubCategoryView.swift */ = {isa = PBXFileReference; lastKnownFileType = sourcecode.swift; path = SubCategoryView.swift; sourceTree = "<group>"; usesTabs = 0; };
		1989BF012CA8496500D5B8DE /* FlipClockText.swift */ = {isa = PBXFileReference; lastKnownFileType = sourcecode.swift; path = FlipClockText.swift; sourceTree = "<group>"; };
		1989BF102CA85D8D00D5B8DE /* PopPasswordView.swift */ = {isa = PBXFileReference; lastKnownFileType = sourcecode.swift; path = PopPasswordView.swift; sourceTree = "<group>"; };
		199075782C86100100E23FD7 /* PeacockMenus.app */ = {isa = PBXFileReference; explicitFileType = wrapper.application; includeInIndex = 0; path = PeacockMenus.app; sourceTree = BUILT_PRODUCTS_DIR; };
		1990757B2C86100100E23FD7 /* PeacockMenusApp.swift */ = {isa = PBXFileReference; lastKnownFileType = sourcecode.swift; path = PeacockMenusApp.swift; sourceTree = "<group>"; };
		1990757D2C86100100E23FD7 /* ContentView.swift */ = {isa = PBXFileReference; lastKnownFileType = sourcecode.swift; path = ContentView.swift; sourceTree = "<group>"; };
		1990757F2C86100300E23FD7 /* Assets.xcassets */ = {isa = PBXFileReference; lastKnownFileType = folder.assetcatalog; path = Assets.xcassets; sourceTree = "<group>"; };
		199075822C86100300E23FD7 /* Preview Assets.xcassets */ = {isa = PBXFileReference; lastKnownFileType = folder.assetcatalog; path = "Preview Assets.xcassets"; sourceTree = "<group>"; };
		1990758D2C87E9DF00E23FD7 /* ImageManager.swift */ = {isa = PBXFileReference; lastKnownFileType = sourcecode.swift; path = ImageManager.swift; sourceTree = "<group>"; };
		1990759B2C87F1AB00E23FD7 /* TextField+.swift */ = {isa = PBXFileReference; lastKnownFileType = sourcecode.swift; path = "TextField+.swift"; sourceTree = "<group>"; };
		199075A82C89C73F00E23FD7 /* DiskManager.swift */ = {isa = PBXFileReference; lastKnownFileType = sourcecode.swift; path = DiskManager.swift; sourceTree = "<group>"; };
		199075BA2C8B0D9A00E23FD7 /* PeacockProtocol.swift */ = {isa = PBXFileReference; lastKnownFileType = sourcecode.swift; path = PeacockProtocol.swift; sourceTree = "<group>"; };
		199075C42C8B3E0800E23FD7 /* DropDelegate+.swift */ = {isa = PBXFileReference; lastKnownFileType = sourcecode.swift; path = "DropDelegate+.swift"; sourceTree = "<group>"; };
		19AF99F22CA945810093206C /* MenuPriceView.swift */ = {isa = PBXFileReference; lastKnownFileType = sourcecode.swift; path = MenuPriceView.swift; sourceTree = "<group>"; };
		19C13A9A2CCB6A4F00A2F1A8 /* GiftSettingsView.swift */ = {isa = PBXFileReference; lastKnownFileType = sourcecode.swift; path = GiftSettingsView.swift; sourceTree = "<group>"; };
		19CD68A32C97DC7900AF6CF8 /* Mock.swift */ = {isa = PBXFileReference; lastKnownFileType = sourcecode.swift; path = Mock.swift; sourceTree = "<group>"; };
		19CD68A52C9829D500AF6CF8 /* BasicSettingsView.swift */ = {isa = PBXFileReference; lastKnownFileType = sourcecode.swift; path = BasicSettingsView.swift; sourceTree = "<group>"; };
		19D231D62C93FCDC001044BB /* CategoryDetailPage.swift */ = {isa = PBXFileReference; lastKnownFileType = sourcecode.swift; path = CategoryDetailPage.swift; sourceTree = "<group>"; };
		19DDEC202C96CA8800C86EC5 /* vipCardSettingView.swift */ = {isa = PBXFileReference; lastKnownFileType = sourcecode.swift; path = vipCardSettingView.swift; sourceTree = "<group>"; };
		19DDEC222C96CAC200C86EC5 /* CategorySettingView.swift */ = {isa = PBXFileReference; lastKnownFileType = sourcecode.swift; path = CategorySettingView.swift; sourceTree = "<group>"; };
		19DDEC242C96CAE000C86EC5 /* SubCategorySettingView.swift */ = {isa = PBXFileReference; lastKnownFileType = sourcecode.swift; path = SubCategorySettingView.swift; sourceTree = "<group>"; };
		19DDEC262C96CAFD00C86EC5 /* ProjectSettingView.swift */ = {isa = PBXFileReference; lastKnownFileType = sourcecode.swift; path = ProjectSettingView.swift; sourceTree = "<group>"; };
		19E40CCB2C9AF6360077F71F /* DataModal.swift */ = {isa = PBXFileReference; lastKnownFileType = sourcecode.swift; path = DataModal.swift; sourceTree = "<group>"; };
		19E40CCD2C9C504C0077F71F /* PeacockMenus.entitlements */ = {isa = PBXFileReference; lastKnownFileType = text.plist.entitlements; path = PeacockMenus.entitlements; sourceTree = "<group>"; };
		19E5B8BE2C8DC04500EC77F7 /* SettingsView.swift */ = {isa = PBXFileReference; lastKnownFileType = sourcecode.swift; path = SettingsView.swift; sourceTree = "<group>"; };
		19F835B52C8F0A000083A66D /* VipCardView.swift */ = {isa = PBXFileReference; lastKnownFileType = sourcecode.swift; path = VipCardView.swift; sourceTree = "<group>"; };
		B50126B92E0F92040027DD26 /* VipDetailView.swift */ = {isa = PBXFileReference; lastKnownFileType = sourcecode.swift; path = VipDetailView.swift; sourceTree = "<group>"; };
		B51CAA722E12B63F00E9CE97 /* MiniImageOrTextView.swift */ = {isa = PBXFileReference; lastKnownFileType = sourcecode.swift; path = MiniImageOrTextView.swift; sourceTree = "<group>"; };
		B51CAA742E12B63F00E9CE97 /* Calculator.swift */ = {isa = PBXFileReference; lastKnownFileType = sourcecode.swift; path = Calculator.swift; sourceTree = "<group>"; };
		B51CAA752E12B63F00E9CE97 /* ToolBox.swift */ = {isa = PBXFileReference; lastKnownFileType = sourcecode.swift; path = ToolBox.swift; sourceTree = "<group>"; };
		B51CAA772E12B63F00E9CE97 /* CalculatorSettings.swift */ = {isa = PBXFileReference; lastKnownFileType = sourcecode.swift; path = CalculatorSettings.swift; sourceTree = "<group>"; };
		B51CAA792E12B63F00E9CE97 /* ResultView.swift */ = {isa = PBXFileReference; lastKnownFileType = sourcecode.swift; path = ResultView.swift; sourceTree = "<group>"; };
		B51CAA7B2E12B65A00E9CE97 /* tone_crisp.wav */ = {isa = PBXFileReference; lastKnownFileType = audio.wav; path = tone_crisp.wav; sourceTree = "<group>"; };
		B51CAA7C2E12B65A00E9CE97 /* tone_default.caf */ = {isa = PBXFileReference; lastKnownFileType = file; path = tone_default.caf; sourceTree = "<group>"; };
		B51CAA7D2E12B65A00E9CE97 /* tone_drum.wav */ = {isa = PBXFileReference; lastKnownFileType = audio.wav; path = tone_drum.wav; sourceTree = "<group>"; };
		B51CAA7E2E12B65A00E9CE97 /* tone_water.wav */ = {isa = PBXFileReference; lastKnownFileType = audio.wav; path = tone_water.wav; sourceTree = "<group>"; };
		B51CAA7F2E12B65A00E9CE97 /* tone_wood.wav */ = {isa = PBXFileReference; lastKnownFileType = audio.wav; path = tone_wood.wav; sourceTree = "<group>"; };
		B51CAA802E12B65A00E9CE97 /* piano1.mp3 */ = {isa = PBXFileReference; lastKnownFileType = audio.mp3; path = piano1.mp3; sourceTree = "<group>"; };
		B51CAA812E12B65A00E9CE97 /* piano2.mp3 */ = {isa = PBXFileReference; lastKnownFileType = audio.mp3; path = piano2.mp3; sourceTree = "<group>"; };
		B51CAA822E12B65A00E9CE97 /* piano3.mp3 */ = {isa = PBXFileReference; lastKnownFileType = audio.mp3; path = piano3.mp3; sourceTree = "<group>"; };
		B51CAA832E12B65A00E9CE97 /* piano4.mp3 */ = {isa = PBXFileReference; lastKnownFileType = audio.mp3; path = piano4.mp3; sourceTree = "<group>"; };
		B51CAA842E12B65A00E9CE97 /* piano5.mp3 */ = {isa = PBXFileReference; lastKnownFileType = audio.mp3; path = piano5.mp3; sourceTree = "<group>"; };
		B51CAA852E12B65A00E9CE97 /* piano6.mp3 */ = {isa = PBXFileReference; lastKnownFileType = audio.mp3; path = piano6.mp3; sourceTree = "<group>"; };
		B51CAA862E12B65A00E9CE97 /* piano7.mp3 */ = {isa = PBXFileReference; lastKnownFileType = audio.mp3; path = piano7.mp3; sourceTree = "<group>"; };
		B51CAA872E12B65A00E9CE97 /* piano8.mp3 */ = {isa = PBXFileReference; lastKnownFileType = audio.mp3; path = piano8.mp3; sourceTree = "<group>"; };
		B51CAA882E12B65A00E9CE97 /* piano9.mp3 */ = {isa = PBXFileReference; lastKnownFileType = audio.mp3; path = piano9.mp3; sourceTree = "<group>"; };
		B51CAA892E12B65A00E9CE97 /* piano10.mp3 */ = {isa = PBXFileReference; lastKnownFileType = audio.mp3; path = piano10.mp3; sourceTree = "<group>"; };
		B51CAA8A2E12B65A00E9CE97 /* piano11.mp3 */ = {isa = PBXFileReference; lastKnownFileType = audio.mp3; path = piano11.mp3; sourceTree = "<group>"; };
		B51CAA8B2E12B65A00E9CE97 /* piano12.mp3 */ = {isa = PBXFileReference; lastKnownFileType = audio.mp3; path = piano12.mp3; sourceTree = "<group>"; };
		B51CAA8C2E12B65A00E9CE97 /* piano13.mp3 */ = {isa = PBXFileReference; lastKnownFileType = audio.mp3; path = piano13.mp3; sourceTree = "<group>"; };
		B51CAA8D2E12B65A00E9CE97 /* piano14.mp3 */ = {isa = PBXFileReference; lastKnownFileType = audio.mp3; path = piano14.mp3; sourceTree = "<group>"; };
		B51CAA8E2E12B65A00E9CE97 /* piano15.mp3 */ = {isa = PBXFileReference; lastKnownFileType = audio.mp3; path = piano15.mp3; sourceTree = "<group>"; };
		B51CAA8F2E12B65A00E9CE97 /* piano16.mp3 */ = {isa = PBXFileReference; lastKnownFileType = audio.mp3; path = piano16.mp3; sourceTree = "<group>"; };
		B51CAA902E12B65A00E9CE97 /* piano17.mp3 */ = {isa = PBXFileReference; lastKnownFileType = audio.mp3; path = piano17.mp3; sourceTree = "<group>"; };
		B51CAA912E12B65A00E9CE97 /* piano18.mp3 */ = {isa = PBXFileReference; lastKnownFileType = audio.mp3; path = piano18.mp3; sourceTree = "<group>"; };
		B51CAA922E12B65A00E9CE97 /* piano19.mp3 */ = {isa = PBXFileReference; lastKnownFileType = audio.mp3; path = piano19.mp3; sourceTree = "<group>"; };
		B51CAA932E12B65A00E9CE97 /* piano20.mp3 */ = {isa = PBXFileReference; lastKnownFileType = audio.mp3; path = piano20.mp3; sourceTree = "<group>"; };
		B51CAA952E12B66F00E9CE97 /* Manager.swift */ = {isa = PBXFileReference; lastKnownFileType = sourcecode.swift; path = Manager.swift; sourceTree = "<group>"; };
		B5D0E4A72E842D0900A668C0 /* KeychainHelper.swift */ = {isa = PBXFileReference; lastKnownFileType = sourcecode.swift; path = KeychainHelper.swift; sourceTree = "<group>"; };
		B5DF4F062E144D9500599A8D /* ScanView.swift */ = {isa = PBXFileReference; lastKnownFileType = sourcecode.swift; path = ScanView.swift; sourceTree = "<group>"; };
		B5EC96C02E17B5F5004C652D /* CalculatorModel.swift */ = {isa = PBXFileReference; lastKnownFileType = sourcecode.swift; path = CalculatorModel.swift; sourceTree = "<group>"; };
		B5EC96D32E17C2F8004C652D /* KeyboardNumberView.swift */ = {isa = PBXFileReference; lastKnownFileType = sourcecode.swift; path = KeyboardNumberView.swift; sourceTree = "<group>"; };
		BAB47F3F2ED3482F00EE84AC /* translate.py */ = {isa = PBXFileReference; lastKnownFileType = text.script.python; path = translate.py; sourceTree = "<group>"; };
		BAB47F402ED3482F00EE84AC /* ci_post_xcodebuild.sh */ = {isa = PBXFileReference; lastKnownFileType = text.script.sh; path = ci_post_xcodebuild.sh; sourceTree = "<group>"; };
		BAB47F412ED3482F00EE84AC /* ci_pre_xcodebuild.sh */ = {isa = PBXFileReference; lastKnownFileType = text.script.sh; path = ci_pre_xcodebuild.sh; sourceTree = "<group>"; };
		BAB47F422ED3482F00EE84AC /* ci_post_clone.sh */ = {isa = PBXFileReference; lastKnownFileType = text.script.sh; path = ci_post_clone.sh; sourceTree = "<group>"; };
		BAB47F442ED348C400EE84AC /* ko */ = {isa = PBXFileReference; lastKnownFileType = text.plist.strings; name = ko; path = "ko.lproj/Launch Screen.strings"; sourceTree = "<group>"; };
		BAB47F452ED348C500EE84AC /* ko */ = {isa = PBXFileReference; lastKnownFileType = text.plist.strings; name = ko; path = ko.lproj/InfoPlist.strings; sourceTree = "<group>"; };
		BAB47F462ED348EC00EE84AC /* ja */ = {isa = PBXFileReference; lastKnownFileType = text.plist.strings; name = ja; path = "ja.lproj/Launch Screen.strings"; sourceTree = "<group>"; };
		BAB47F472ED348EC00EE84AC /* ja */ = {isa = PBXFileReference; lastKnownFileType = text.plist.strings; name = ja; path = ja.lproj/InfoPlist.strings; sourceTree = "<group>"; };
		BAE626ED2ED604DE009DABA1 /* AppDelegate.swift */ = {isa = PBXFileReference; lastKnownFileType = sourcecode.swift; path = AppDelegate.swift; sourceTree = "<group>"; };
		BAE626F02ED60542009DABA1 /* RealmConfig.swift */ = {isa = PBXFileReference; lastKnownFileType = sourcecode.swift; path = RealmConfig.swift; sourceTree = "<group>"; };
		BAE626F22ED606CF009DABA1 /* Model.swift */ = {isa = PBXFileReference; lastKnownFileType = sourcecode.swift; path = Model.swift; sourceTree = "<group>"; };
		BAE626FA2ED687EC009DABA1 /* NotificationService.appex */ = {isa = PBXFileReference; explicitFileType = "wrapper.app-extension"; includeInIndex = 0; path = NotificationService.appex; sourceTree = BUILT_PRODUCTS_DIR; };
		BAE628A72ED7621A009DABA1 /* ProjectCardView.swift */ = {isa = PBXFileReference; lastKnownFileType = sourcecode.swift; path = ProjectCardView.swift; sourceTree = "<group>"; };
		F00DCAFE00000000000000A2 /* MemberCourseView.swift */ = {isa = PBXFileReference; lastKnownFileType = sourcecode.swift; path = MemberCourseView.swift; sourceTree = "<group>"; };
/* End PBXFileReference section */

/* Begin PBXFileSystemSynchronizedBuildFileExceptionSet section */
		BAE627022ED687ED009DABA1 /* PBXFileSystemSynchronizedBuildFileExceptionSet */ = {
			isa = PBXFileSystemSynchronizedBuildFileExceptionSet;
			membershipExceptions = (
				Info.plist,
			);
			target = BAE626F92ED687EC009DABA1 /* NotificationService */;
		};
/* End PBXFileSystemSynchronizedBuildFileExceptionSet section */

/* Begin PBXFileSystemSynchronizedRootGroup section */
		BAE626FB2ED687EC009DABA1 /* NotificationService */ = {isa = PBXFileSystemSynchronizedRootGroup; exceptions = (BAE627022ED687ED009DABA1 /* PBXFileSystemSynchronizedBuildFileExceptionSet */, ); explicitFileTypes = {}; explicitFolders = (); path = NotificationService; sourceTree = "<group>"; };
/* End PBXFileSystemSynchronizedRootGroup section */

/* Begin PBXFrameworksBuildPhase section */
		199075752C86100100E23FD7 /* Frameworks */ = {
			isa = PBXFrameworksBuildPhase;
			buildActionMask = 2147483647;
			files = (
				BAB20EA82EC5C9990003F7A3 /* Assistant in Frameworks */,
				19C13A992CCA45E400A2F1A8 /* SwiftyJSON in Frameworks */,
				1985A7AD2C9FDCE9003D255B /* JDStatusBarNotification in Frameworks */,
				B531C8B82E16A1D600CFCA07 /* Assistant in Frameworks */,
				BAB2ED632EBFA2C60094FB51 /* Kingfisher in Frameworks */,
				BA6F51FA2EBFB159008ACEBA /* Alamofire in Frameworks */,
				BAB704F52EEBD4D600CD30A5 /* Assistant in Frameworks */,
				BAADCF063045A5880073AFC0 /* RealmSwift in Frameworks */,
				B5DF4F052E144D3800599A8D /* QRScanner in Frameworks */,
				B58484732E81089E00DA8020 /* Expression in Frameworks */,
			);
			runOnlyForDeploymentPostprocessing = 0;
		};
		BAE626F72ED687EC009DABA1 /* Frameworks */ = {
			isa = PBXFrameworksBuildPhase;
			buildActionMask = 2147483647;
			files = (
				BAB703692EEB193A00CD30A5 /* Defaults in Frameworks */,
			);
			runOnlyForDeploymentPostprocessing = 0;
		};
/* End PBXFrameworksBuildPhase section */

/* Begin PBXGroup section */
		194546F22CCA223700CEB67B /* GiftViews */ = {
			isa = PBXGroup;
			children = (
				194546F32CCA224700CEB67B /* GiftHomeView.swift */,
			);
			path = GiftViews;
			sourceTree = "<group>";
		};
		196C576B2CA3F10000A2436F /* TipsView */ = {
			isa = PBXGroup;
			children = (
				196C576E2CA3F1E500A2436F /* SettingTipView.swift */,
			);
			path = TipsView;
			sourceTree = "<group>";
		};
		197768872C9863F000F40521 /* Frameworks */ = {
			isa = PBXGroup;
			children = (
				197768882C9863F000F40521 /* UniformTypeIdentifiers.framework */,
			);
			name = Frameworks;
			sourceTree = "<group>";
		};
		198706F02C941D7900F59CE9 /* VipCardView */ = {
			isa = PBXGroup;
			children = (
				B50126B92E0F92040027DD26 /* VipDetailView.swift */,
				198706F42C941F5400F59CE9 /* HomeVipCards.swift */,
				19F835B52C8F0A000083A66D /* VipCardView.swift */,
			);
			path = VipCardView;
			sourceTree = "<group>";
		};
		198706F12C941D8F00F59CE9 /* ItemsView */ = {
			isa = PBXGroup;
			children = (
				BAE628A72ED7621A009DABA1 /* ProjectCardView.swift */,
				198706F22C941E5000F59CE9 /* HomeCategoryPage.swift */,
				198707032C956D3500F59CE9 /* SubCategoryView.swift */,
				19D231D62C93FCDC001044BB /* CategoryDetailPage.swift */,
			);
			path = ItemsView;
			sourceTree = "<group>";
		};
		1989BF002CA8495C00D5B8DE /* ToolsView */ = {
			isa = PBXGroup;
			children = (
				1989BF012CA8496500D5B8DE /* FlipClockText.swift */,
				1989BF102CA85D8D00D5B8DE /* PopPasswordView.swift */,
			);
			path = ToolsView;
			sourceTree = "<group>";
		};
		1990756F2C86100100E23FD7 = {
			isa = PBXGroup;
			children = (
				BAB47F432ED3482F00EE84AC /* ci_scripts */,
				B51CAA942E12B65A00E9CE97 /* Sounds */,
				19D231D52C93FCBF001044BB /* Pages */,
				199075C62C8B544800E23FD7 /* Public */,
				1990759A2C87F19100E23FD7 /* Modal */,
				199075932C87EBD000E23FD7 /* Manager */,
				1990757A2C86100100E23FD7 /* PeacockMenus */,
				BAE626FB2ED687EC009DABA1 /* NotificationService */,
				197768872C9863F000F40521 /* Frameworks */,
				199075792C86100100E23FD7 /* Products */,
				B51CAA7A2E12B63F00E9CE97 /* CalculatorPage */,
			);
			sourceTree = "<group>";
		};
		199075792C86100100E23FD7 /* Products */ = {
			isa = PBXGroup;
			children = (
				199075782C86100100E23FD7 /* PeacockMenus.app */,
				BAE626FA2ED687EC009DABA1 /* NotificationService.appex */,
			);
			name = Products;
			sourceTree = "<group>";
		};
		1990757A2C86100100E23FD7 /* PeacockMenus */ = {
			isa = PBXGroup;
			children = (
				BAE626ED2ED604DE009DABA1 /* AppDelegate.swift */,
				19E40CCD2C9C504C0077F71F /* PeacockMenus.entitlements */,
				1977686C2C984C7700F40521 /* Info.plist */,
				1990757B2C86100100E23FD7 /* PeacockMenusApp.swift */,
				1990757D2C86100100E23FD7 /* ContentView.swift */,
				1990757F2C86100300E23FD7 /* Assets.xcassets */,
				199075812C86100300E23FD7 /* Preview Content */,
				196C575C2CA2FC0F00A2436F /* Launch Screen.storyboard */,
				190E39592C9FD16D001061ED /* Localizable.xcstrings */,
				196C57572CA2FBB200A2436F /* InfoPlist.strings */,
			);
			path = PeacockMenus;
			sourceTree = "<group>";
		};
		199075812C86100300E23FD7 /* Preview Content */ = {
			isa = PBXGroup;
			children = (
				199075822C86100300E23FD7 /* Preview Assets.xcassets */,
			);
			path = "Preview Content";
			sourceTree = "<group>";
		};
		199075932C87EBD000E23FD7 /* Manager */ = {
			isa = PBXGroup;
			children = (
				1990758D2C87E9DF00E23FD7 /* ImageManager.swift */,
				199075A82C89C73F00E23FD7 /* DiskManager.swift */,
			);
			path = Manager;
			sourceTree = "<group>";
		};
		1990759A2C87F19100E23FD7 /* Modal */ = {
			isa = PBXGroup;
			children = (
				19CD68A32C97DC7900AF6CF8 /* Mock.swift */,
				19E40CCB2C9AF6360077F71F /* DataModal.swift */,
				BAE626F22ED606CF009DABA1 /* Model.swift */,
				BAE626F02ED60542009DABA1 /* RealmConfig.swift */,
			);
			path = Modal;
			sourceTree = "<group>";
		};
		199075C62C8B544800E23FD7 /* Public */ = {
			isa = PBXGroup;
			children = (
				B5D0E4A72E842D0900A668C0 /* KeychainHelper.swift */,
				1990759B2C87F1AB00E23FD7 /* TextField+.swift */,
				199075C42C8B3E0800E23FD7 /* DropDelegate+.swift */,
				199075BA2C8B0D9A00E23FD7 /* PeacockProtocol.swift */,
				198706EA2C94114800F59CE9 /* extension+.swift */,
			);
			path = Public;
			sourceTree = "<group>";
		};
		19D231D52C93FCBF001044BB /* Pages */ = {
			isa = PBXGroup;
			children = (
				B5DF4F062E144D9500599A8D /* ScanView.swift */,
				194546F22CCA223700CEB67B /* GiftViews */,
				F00DCAFE00000000000000A3 /* MemberViews */,
				1989BF002CA8495C00D5B8DE /* ToolsView */,
				196C576B2CA3F10000A2436F /* TipsView */,
				19E5B8C02C8DC7A600EC77F7 /* SettingsView */,
				198706F12C941D8F00F59CE9 /* ItemsView */,
				198706F02C941D7900F59CE9 /* VipCardView */,
				197768A72C99C9FB00F40521 /* AppIconView.swift */,
				1985A7AE2C9FEF41003D255B /* OtherViews.swift */,
				19AF99F22CA945810093206C /* MenuPriceView.swift */,
			);
			path = Pages;
			sourceTree = "<group>";
		};
		19E5B8C02C8DC7A600EC77F7 /* SettingsView */ = {
			isa = PBXGroup;
			children = (
				19C13A9A2CCB6A4F00A2F1A8 /* GiftSettingsView.swift */,
				19E5B8BE2C8DC04500EC77F7 /* SettingsView.swift */,
				19CD68A52C9829D500AF6CF8 /* BasicSettingsView.swift */,
				19DDEC202C96CA8800C86EC5 /* vipCardSettingView.swift */,
				19DDEC222C96CAC200C86EC5 /* CategorySettingView.swift */,
				19DDEC242C96CAE000C86EC5 /* SubCategorySettingView.swift */,
				19DDEC262C96CAFD00C86EC5 /* ProjectSettingView.swift */,
				194BBAA82C8DD0E1002EAA09 /* AppSettings.swift */,
				19818B712C8DCFAF001A2964 /* ExportDataView.swift */,
				194BBAA62C8DD04F002EAA09 /* ImportDataView.swift */,
				1985A7B02CA00E94003D255B /* HomeSettingView.swift */,
			);
			path = SettingsView;
			sourceTree = "<group>";
		};
		B51CAA7A2E12B63F00E9CE97 /* CalculatorPage */ = {
			isa = PBXGroup;
			children = (
				B5EC96D32E17C2F8004C652D /* KeyboardNumberView.swift */,
				B5EC96C02E17B5F5004C652D /* CalculatorModel.swift */,
				B51CAA952E12B66F00E9CE97 /* Manager.swift */,
				B51CAA722E12B63F00E9CE97 /* MiniImageOrTextView.swift */,
				B51CAA742E12B63F00E9CE97 /* Calculator.swift */,
				B51CAA752E12B63F00E9CE97 /* ToolBox.swift */,
				B51CAA772E12B63F00E9CE97 /* CalculatorSettings.swift */,
				B51CAA792E12B63F00E9CE97 /* ResultView.swift */,
			);
			path = CalculatorPage;
			sourceTree = "<group>";
		};
		B51CAA942E12B65A00E9CE97 /* Sounds */ = {
			isa = PBXGroup;
			children = (
				B51CAA7B2E12B65A00E9CE97 /* tone_crisp.wav */,
				B51CAA7C2E12B65A00E9CE97 /* tone_default.caf */,
				B51CAA7D2E12B65A00E9CE97 /* tone_drum.wav */,
				B51CAA7E2E12B65A00E9CE97 /* tone_water.wav */,
				B51CAA7F2E12B65A00E9CE97 /* tone_wood.wav */,
				B51CAA802E12B65A00E9CE97 /* piano1.mp3 */,
				B51CAA812E12B65A00E9CE97 /* piano2.mp3 */,
				B51CAA822E12B65A00E9CE97 /* piano3.mp3 */,
				B51CAA832E12B65A00E9CE97 /* piano4.mp3 */,
				B51CAA842E12B65A00E9CE97 /* piano5.mp3 */,
				B51CAA852E12B65A00E9CE97 /* piano6.mp3 */,
				B51CAA862E12B65A00E9CE97 /* piano7.mp3 */,
				B51CAA872E12B65A00E9CE97 /* piano8.mp3 */,
				B51CAA882E12B65A00E9CE97 /* piano9.mp3 */,
				B51CAA892E12B65A00E9CE97 /* piano10.mp3 */,
				B51CAA8A2E12B65A00E9CE97 /* piano11.mp3 */,
				B51CAA8B2E12B65A00E9CE97 /* piano12.mp3 */,
				B51CAA8C2E12B65A00E9CE97 /* piano13.mp3 */,
				B51CAA8D2E12B65A00E9CE97 /* piano14.mp3 */,
				B51CAA8E2E12B65A00E9CE97 /* piano15.mp3 */,
				B51CAA8F2E12B65A00E9CE97 /* piano16.mp3 */,
				B51CAA902E12B65A00E9CE97 /* piano17.mp3 */,
				B51CAA912E12B65A00E9CE97 /* piano18.mp3 */,
				B51CAA922E12B65A00E9CE97 /* piano19.mp3 */,
				B51CAA932E12B65A00E9CE97 /* piano20.mp3 */,
			);
			path = Sounds;
			sourceTree = "<group>";
		};
		BAB47F432ED3482F00EE84AC /* ci_scripts */ = {
			isa = PBXGroup;
			children = (
				BAB47F3F2ED3482F00EE84AC /* translate.py */,
				BAB47F402ED3482F00EE84AC /* ci_post_xcodebuild.sh */,
				BAB47F412ED3482F00EE84AC /* ci_pre_xcodebuild.sh */,
				BAB47F422ED3482F00EE84AC /* ci_post_clone.sh */,
			);
			path = ci_scripts;
			sourceTree = "<group>";
		};
		F00DCAFE00000000000000A3 /* MemberViews */ = {
			isa = PBXGroup;
			children = (
				F00DCAFE00000000000000A2 /* MemberCourseView.swift */,
			);
			path = MemberViews;
			sourceTree = "<group>";
		};
/* End PBXGroup section */

/* Begin PBXNativeTarget section */
		199075772C86100100E23FD7 /* PeacockMenus */ = {
			isa = PBXNativeTarget;
			buildConfigurationList = 199075862C86100300E23FD7 /* Build configuration list for PBXNativeTarget "PeacockMenus" */;
			buildPhases = (
				199075742C86100100E23FD7 /* Sources */,
				199075752C86100100E23FD7 /* Frameworks */,
				199075762C86100100E23FD7 /* Resources */,
				197768812C984EED00F40521 /* Embed Foundation Extensions */,
				BAE626F52ED61243009DABA1 /* Embed Frameworks */,
			);
			buildRules = (
			);
			dependencies = (
				BAE627002ED687EC009DABA1 /* PBXTargetDependency */,
			);
			name = PeacockMenus;
			packageProductDependencies = (
				1985A7AC2C9FDCE9003D255B /* JDStatusBarNotification */,
				19C13A982CCA45E400A2F1A8 /* SwiftyJSON */,
				B5DF4F042E144D3800599A8D /* QRScanner */,
				B531C8B52E16A0FB00CFCA07 /* Assistant */,
				B531C8B72E16A1D600CFCA07 /* Assistant */,
				B58484722E81089E00DA8020 /* Expression */,
				BAB2ED622EBFA2C60094FB51 /* Kingfisher */,
				BA6F51F92EBFB159008ACEBA /* Alamofire */,
				BAB704F42EEBD4D600CD30A5 /* Assistant */,
				BAADCF053045A5880073AFC0 /* RealmSwift */,
			);
			productName = PeacockMenus;
			productReference = 199075782C86100100E23FD7 /* PeacockMenus.app */;
			productType = "com.apple.product-type.application";
		};
		BAE626F92ED687EC009DABA1 /* NotificationService */ = {
			isa = PBXNativeTarget;
			buildConfigurationList = BAE627032ED687ED009DABA1 /* Build configuration list for PBXNativeTarget "NotificationService" */;
			buildPhases = (
				BAE626F62ED687EC009DABA1 /* Sources */,
				BAE626F72ED687EC009DABA1 /* Frameworks */,
				BAE626F82ED687EC009DABA1 /* Resources */,
			);
			buildRules = (
			);
			dependencies = (
			);
			fileSystemSynchronizedGroups = (
				BAE626FB2ED687EC009DABA1 /* NotificationService */,
			);
			name = NotificationService;
			packageProductDependencies = (
				BAB703682EEB193A00CD30A5 /* Defaults */,
			);
			productName = NotificationService;
			productReference = BAE626FA2ED687EC009DABA1 /* NotificationService.appex */;
			productType = "com.apple.product-type.app-extension";
		};
/* End PBXNativeTarget section */

/* Begin PBXProject section */
		199075702C86100100E23FD7 /* Project object */ = {
			isa = PBXProject;
			attributes = {
				BuildIndependentTargetsInParallel = 1;
				LastSwiftUpdateCheck = 2610;
				LastUpgradeCheck = 2600;
				TargetAttributes = {
					199075772C86100100E23FD7 = {
						CreatedOnToolsVersion = 15.4;
						LastSwiftMigration = 1600;
					};
					BAE626F92ED687EC009DABA1 = {
						CreatedOnToolsVersion = 26.1;
					};
				};
			};
			buildConfigurationList = 199075732C86100100E23FD7 /* Build configuration list for PBXProject "PeacockMenus" */;
			compatibilityVersion = "Xcode 14.0";
			developmentRegion = "zh-Hans";
			hasScannedForEncodings = 0;
			knownRegions = (
				en,
				Base,
				"zh-Hans",
				ko,
				ja,
			);
			mainGroup = 1990756F2C86100100E23FD7;
			packageReferences = (
				1985A7AB2C9FDCE9003D255B /* XCRemoteSwiftPackageReference "JDStatusBarNotification" */,
				19C13A972CCA45E400A2F1A8 /* XCRemoteSwiftPackageReference "SwiftyJSON" */,
				B5DF4F032E144D3800599A8D /* XCRemoteSwiftPackageReference "QRScanner" */,
				B58484712E81089E00DA8020 /* XCRemoteSwiftPackageReference "Expression" */,
				BAB2ED612EBFA2C60094FB51 /* XCRemoteSwiftPackageReference "Kingfisher" */,
				BA6F51F82EBFB159008ACEBA /* XCRemoteSwiftPackageReference "Alamofire" */,
				BAB703672EEB193A00CD30A5 /* XCRemoteSwiftPackageReference "Defaults" */,
				BAB704F32EEBD4D600CD30A5 /* XCRemoteSwiftPackageReference "Assistant" */,
				BAADCF023045A5880073AFC0 /* XCRemoteSwiftPackageReference "realm-swift" */,
			);
			productRefGroup = 199075792C86100100E23FD7 /* Products */;
			projectDirPath = "";
			projectRoot = "";
			targets = (
				199075772C86100100E23FD7 /* PeacockMenus */,
				BAE626F92ED687EC009DABA1 /* NotificationService */,
			);
		};
/* End PBXProject section */

/* Begin PBXResourcesBuildPhase section */
		199075762C86100100E23FD7 /* Resources */ = {
			isa = PBXResourcesBuildPhase;
			buildActionMask = 2147483647;
			files = (
				B5490DA92E1523E6009AF353 /* tone_crisp.wav in Resources */,
				B5490DAA2E1523E6009AF353 /* tone_default.caf in Resources */,
				B5490DAB2E1523E6009AF353 /* tone_drum.wav in Resources */,
				B5490DAC2E1523E6009AF353 /* tone_water.wav in Resources */,
				B5490DAD2E1523E6009AF353 /* tone_wood.wav in Resources */,
				B5490DAE2E1523E6009AF353 /* piano1.mp3 in Resources */,
				B5490DAF2E1523E6009AF353 /* piano2.mp3 in Resources */,
				B5490DB02E1523E6009AF353 /* piano3.mp3 in Resources */,
				B5490DB12E1523E6009AF353 /* piano4.mp3 in Resources */,
				B5490DB22E1523E6009AF353 /* piano5.mp3 in Resources */,
				B5490DB32E1523E6009AF353 /* piano6.mp3 in Resources */,
				B5490DB42E1523E6009AF353 /* piano7.mp3 in Resources */,
				B5490DB52E1523E6009AF353 /* piano8.mp3 in Resources */,
				B5490DB62E1523E6009AF353 /* piano9.mp3 in Resources */,
				B5490DB72E1523E6009AF353 /* piano10.mp3 in Resources */,
				B5490DB82E1523E6009AF353 /* piano11.mp3 in Resources */,
				B5490DB92E1523E6009AF353 /* piano12.mp3 in Resources */,
				B5490DBA2E1523E6009AF353 /* piano13.mp3 in Resources */,
				B5490DBB2E1523E6009AF353 /* piano14.mp3 in Resources */,
				B5490DBC2E1523E6009AF353 /* piano15.mp3 in Resources */,
				B5490DBD2E1523E6009AF353 /* piano16.mp3 in Resources */,
				B5490DBE2E1523E6009AF353 /* piano17.mp3 in Resources */,
				B5490DBF2E1523E6009AF353 /* piano18.mp3 in Resources */,
				B5490DC02E1523E6009AF353 /* piano19.mp3 in Resources */,
				B5490DC12E1523E6009AF353 /* piano20.mp3 in Resources */,
				196C575D2CA2FC0F00A2436F /* Launch Screen.storyboard in Resources */,
				199075832C86100300E23FD7 /* Preview Assets.xcassets in Resources */,
				190E395A2C9FD16D001061ED /* Localizable.xcstrings in Resources */,
				199075802C86100300E23FD7 /* Assets.xcassets in Resources */,
				196C57592CA2FBB200A2436F /* InfoPlist.strings in Resources */,
			);
			runOnlyForDeploymentPostprocessing = 0;
		};
		BAE626F82ED687EC009DABA1 /* Resources */ = {
			isa = PBXResourcesBuildPhase;
			buildActionMask = 2147483647;
			files = (
			);
			runOnlyForDeploymentPostprocessing = 0;
		};
/* End PBXResourcesBuildPhase section */

/* Begin PBXSourcesBuildPhase section */
		199075742C86100100E23FD7 /* Sources */ = {
			isa = PBXSourcesBuildPhase;
			buildActionMask = 2147483647;
			files = (
				BAE626F12ED605DB009DABA1 /* RealmConfig.swift in Sources */,
				B51CAA962E12B76C00E9CE97 /* Manager.swift in Sources */,
				B51CAA972E12B76C00E9CE97 /* MiniImageOrTextView.swift in Sources */,
				B51CAA992E12B76C00E9CE97 /* Calculator.swift in Sources */,
				B51CAA9A2E12B76C00E9CE97 /* ToolBox.swift in Sources */,
				B51CAA9C2E12B76C00E9CE97 /* CalculatorSettings.swift in Sources */,
				B51CAA9D2E12B76C00E9CE97 /* ResultView.swift in Sources */,
				B5DF4F072E144D9500599A8D /* ScanView.swift in Sources */,
				1989BF022CA84B2600D5B8DE /* FlipClockText.swift in Sources */,
				194BBAA92C8DD0E1002EAA09 /* AppSettings.swift in Sources */,
				19D231D72C93FCDC001044BB /* CategoryDetailPage.swift in Sources */,
				197768A82C99C9FB00F40521 /* AppIconView.swift in Sources */,
				194BBAA72C8DD04F002EAA09 /* ImportDataView.swift in Sources */,
				B5D0E4A82E842D0900A668C0 /* KeychainHelper.swift in Sources */,
				19DDEC212C96CA8800C86EC5 /* vipCardSettingView.swift in Sources */,
				19CD68A62C9829D500AF6CF8 /* BasicSettingsView.swift in Sources */,
				1990759C2C87F1AB00E23FD7 /* TextField+.swift in Sources */,
				1989BF112CA85D8D00D5B8DE /* PopPasswordView.swift in Sources */,
				1990758E2C87E9DF00E23FD7 /* ImageManager.swift in Sources */,
				19DDEC232C96CAC200C86EC5 /* CategorySettingView.swift in Sources */,
				194546F42CCA225100CEB67B /* GiftHomeView.swift in Sources */,
				F00DCAFE00000000000000A1 /* MemberCourseView.swift in Sources */,
				198706F32C941E5000F59CE9 /* HomeCategoryPage.swift in Sources */,
				BAE626EE2ED604E6009DABA1 /* AppDelegate.swift in Sources */,
				198706EB2C94114800F59CE9 /* extension+.swift in Sources */,
				19CD68A42C97DC7900AF6CF8 /* Mock.swift in Sources */,
				B5EC96C12E17B602004C652D /* CalculatorModel.swift in Sources */,
				B50126BA2E0F92150027DD26 /* VipDetailView.swift in Sources */,
				1990757E2C86100100E23FD7 /* ContentView.swift in Sources */,
				19C13A9B2CCB6A5600A2F1A8 /* GiftSettingsView.swift in Sources */,
				1990757C2C86100100E23FD7 /* PeacockMenusApp.swift in Sources */,
				B5EC96D42E17C2F9004C652D /* KeyboardNumberView.swift in Sources */,
				196C576F2CA3F1F000A2436F /* SettingTipView.swift in Sources */,
				1985A7AF2C9FEF46003D255B /* OtherViews.swift in Sources */,
				19DDEC272C96CAFD00C86EC5 /* ProjectSettingView.swift in Sources */,
				BAE628A82ED7621C009DABA1 /* ProjectCardView.swift in Sources */,
				198706F52C941F5400F59CE9 /* HomeVipCards.swift in Sources */,
				198707042C956D3500F59CE9 /* SubCategoryView.swift in Sources */,
				19F835B62C8F0A000083A66D /* VipCardView.swift in Sources */,
				19DDEC252C96CAE000C86EC5 /* SubCategorySettingView.swift in Sources */,
				BAE626F32ED606D2009DABA1 /* Model.swift in Sources */,
				1985A7B12CA00E95003D255B /* HomeSettingView.swift in Sources */,
				199075C52C8B3E0800E23FD7 /* DropDelegate+.swift in Sources */,
				19E40CCC2C9AF6360077F71F /* DataModal.swift in Sources */,
				199075A92C89C73F00E23FD7 /* DiskManager.swift in Sources */,
				199075BB2C8B0D9A00E23FD7 /* PeacockProtocol.swift in Sources */,
				19818B722C8DCFAF001A2964 /* ExportDataView.swift in Sources */,
				19E5B8BF2C8DC04500EC77F7 /* SettingsView.swift in Sources */,
				19AF99F32CA945810093206C /* MenuPriceView.swift in Sources */,
			);
			runOnlyForDeploymentPostprocessing = 0;
		};
		BAE626F62ED687EC009DABA1 /* Sources */ = {
			isa = PBXSourcesBuildPhase;
			buildActionMask = 2147483647;
			files = (
			);
			runOnlyForDeploymentPostprocessing = 0;
		};
/* End PBXSourcesBuildPhase section */

/* Begin PBXTargetDependency section */
		BAE627002ED687EC009DABA1 /* PBXTargetDependency */ = {
			isa = PBXTargetDependency;
			target = BAE626F92ED687EC009DABA1 /* NotificationService */;
			targetProxy = BAE626FF2ED687EC009DABA1 /* PBXContainerItemProxy */;
		};
/* End PBXTargetDependency section */

/* Begin PBXVariantGroup section */
		196C57572CA2FBB200A2436F /* InfoPlist.strings */ = {
			isa = PBXVariantGroup;
			children = (
				196C57582CA2FBB200A2436F /* zh-Hans */,
				196C575A2CA2FBC200A2436F /* en */,
				BAB47F452ED348C500EE84AC /* ko */,
				BAB47F472ED348EC00EE84AC /* ja */,
			);
			name = InfoPlist.strings;
			sourceTree = "<group>";
		};
		196C575C2CA2FC0F00A2436F /* Launch Screen.storyboard */ = {
			isa = PBXVariantGroup;
			children = (
				196C575B2CA2FC0F00A2436F /* Base */,
				BAB47F442ED348C400EE84AC /* ko */,
				BAB47F462ED348EC00EE84AC /* ja */,
			);
			name = "Launch Screen.storyboard";
			sourceTree = "<group>";
		};
/* End PBXVariantGroup section */

/* Begin XCBuildConfiguration section */
		199075842C86100300E23FD7 /* Debug */ = {
			isa = XCBuildConfiguration;
			buildSettings = {
				ALWAYS_SEARCH_USER_PATHS = NO;
				ASSETCATALOG_COMPILER_ALTERNATE_APPICON_NAMES = "AppIcon AppIcon1 AppIcon2 AppIcon3";
				ASSETCATALOG_COMPILER_GENERATE_SWIFT_ASSET_SYMBOL_EXTENSIONS = YES;
				ASSETCATALOG_COMPILER_INCLUDE_ALL_APPICON_ASSETS = YES;
				CLANG_ANALYZER_LOCALIZABILITY_NONLOCALIZED = YES;
				CLANG_ANALYZER_NONNULL = YES;
				CLANG_ANALYZER_NUMBER_OBJECT_CONVERSION = YES_AGGRESSIVE;
				CLANG_CXX_LANGUAGE_STANDARD = "gnu++20";
				CLANG_ENABLE_MODULES = YES;
				CLANG_ENABLE_OBJC_ARC = YES;
				CLANG_ENABLE_OBJC_WEAK = YES;
				CLANG_WARN_BLOCK_CAPTURE_AUTORELEASING = YES;
				CLANG_WARN_BOOL_CONVERSION = YES;
				CLANG_WARN_COMMA = YES;
				CLANG_WARN_CONSTANT_CONVERSION = YES;
				CLANG_WARN_DEPRECATED_OBJC_IMPLEMENTATIONS = YES;
				CLANG_WARN_DIRECT_OBJC_ISA_USAGE = YES_ERROR;
				CLANG_WARN_DOCUMENTATION_COMMENTS = YES;
				CLANG_WARN_EMPTY_BODY = YES;
				CLANG_WARN_ENUM_CONVERSION = YES;
				CLANG_WARN_INFINITE_RECURSION = YES;
				CLANG_WARN_INT_CONVERSION = YES;
				CLANG_WARN_NON_LITERAL_NULL_CONVERSION = YES;
				CLANG_WARN_OBJC_IMPLICIT_RETAIN_SELF = YES;
				CLANG_WARN_OBJC_LITERAL_CONVERSION = YES;
				CLANG_WARN_OBJC_ROOT_CLASS = YES_ERROR;
				CLANG_WARN_QUOTED_INCLUDE_IN_FRAMEWORK_HEADER = YES;
				CLANG_WARN_RANGE_LOOP_ANALYSIS = YES;
				CLANG_WARN_STRICT_PROTOTYPES = YES;
				CLANG_WARN_SUSPICIOUS_MOVE = YES;
				CLANG_WARN_UNGUARDED_AVAILABILITY = YES_AGGRESSIVE;
				CLANG_WARN_UNREACHABLE_CODE = YES;
				CLANG_WARN__DUPLICATE_METHOD_MATCH = YES;
				COPY_PHASE_STRIP = NO;
				DEBUG_INFORMATION_FORMAT = dwarf;
				DEVELOPMENT_TEAM = FUWV6U942Q;
				ENABLE_STRICT_OBJC_MSGSEND = YES;
				ENABLE_TESTABILITY = YES;
				ENABLE_USER_SCRIPT_SANDBOXING = YES;
				GCC_C_LANGUAGE_STANDARD = gnu17;
				GCC_DYNAMIC_NO_PIC = NO;
				GCC_NO_COMMON_BLOCKS = YES;
				GCC_OPTIMIZATION_LEVEL = 0;
				GCC_PREPROCESSOR_DEFINITIONS = (
					"DEBUG=1",
					"$(inherited)",
				);
				GCC_WARN_64_TO_32_BIT_CONVERSION = YES;
				GCC_WARN_ABOUT_RETURN_TYPE = YES_ERROR;
				GCC_WARN_UNDECLARED_SELECTOR = YES;
				GCC_WARN_UNINITIALIZED_AUTOS = YES_AGGRESSIVE;
				GCC_WARN_UNUSED_FUNCTION = YES;
				GCC_WARN_UNUSED_VARIABLE = YES;
				IPHONEOS_DEPLOYMENT_TARGET = 17.0;
				LOCALIZATION_PREFERS_STRING_CATALOGS = YES;
				MTL_ENABLE_DEBUG_INFO = INCLUDE_SOURCE;
				MTL_FAST_MATH = YES;
				ONLY_ACTIVE_ARCH = YES;
				SDKROOT = iphoneos;
				STRING_CATALOG_GENERATE_SYMBOLS = YES;
				SWIFT_ACTIVE_COMPILATION_CONDITIONS = "DEBUG $(inherited)";
				SWIFT_EMIT_LOC_STRINGS = YES;
				SWIFT_OPTIMIZATION_LEVEL = "-Onone";
			};
			name = Debug;
		};
		199075852C86100300E23FD7 /* Release */ = {
			isa = XCBuildConfiguration;
			buildSettings = {
				ALWAYS_SEARCH_USER_PATHS = NO;
				ASSETCATALOG_COMPILER_ALTERNATE_APPICON_NAMES = "AppIcon AppIcon1 AppIcon2 AppIcon3";
				ASSETCATALOG_COMPILER_GENERATE_SWIFT_ASSET_SYMBOL_EXTENSIONS = YES;
				ASSETCATALOG_COMPILER_INCLUDE_ALL_APPICON_ASSETS = YES;
				CLANG_ANALYZER_LOCALIZABILITY_NONLOCALIZED = YES;
				CLANG_ANALYZER_NONNULL = YES;
				CLANG_ANALYZER_NUMBER_OBJECT_CONVERSION = YES_AGGRESSIVE;
				CLANG_CXX_LANGUAGE_STANDARD = "gnu++20";
				CLANG_ENABLE_MODULES = YES;
				CLANG_ENABLE_OBJC_ARC = YES;
				CLANG_ENABLE_OBJC_WEAK = YES;
				CLANG_WARN_BLOCK_CAPTURE_AUTORELEASING = YES;
				CLANG_WARN_BOOL_CONVERSION = YES;
				CLANG_WARN_COMMA = YES;
				CLANG_WARN_CONSTANT_CONVERSION = YES;
				CLANG_WARN_DEPRECATED_OBJC_IMPLEMENTATIONS = YES;
				CLANG_WARN_DIRECT_OBJC_ISA_USAGE = YES_ERROR;
				CLANG_WARN_DOCUMENTATION_COMMENTS = YES;
				CLANG_WARN_EMPTY_BODY = YES;
				CLANG_WARN_ENUM_CONVERSION = YES;
				CLANG_WARN_INFINITE_RECURSION = YES;
				CLANG_WARN_INT_CONVERSION = YES;
				CLANG_WARN_NON_LITERAL_NULL_CONVERSION = YES;
				CLANG_WARN_OBJC_IMPLICIT_RETAIN_SELF = YES;
				CLANG_WARN_OBJC_LITERAL_CONVERSION = YES;
				CLANG_WARN_OBJC_ROOT_CLASS = YES_ERROR;
				CLANG_WARN_QUOTED_INCLUDE_IN_FRAMEWORK_HEADER = YES;
				CLANG_WARN_RANGE_LOOP_ANALYSIS = YES;
				CLANG_WARN_STRICT_PROTOTYPES = YES;
				CLANG_WARN_SUSPICIOUS_MOVE = YES;
				CLANG_WARN_UNGUARDED_AVAILABILITY = YES_AGGRESSIVE;
				CLANG_WARN_UNREACHABLE_CODE = YES;
				CLANG_WARN__DUPLICATE_METHOD_MATCH = YES;
				COPY_PHASE_STRIP = NO;
				DEBUG_INFORMATION_FORMAT = "dwarf-with-dsym";
				DEVELOPMENT_TEAM = FUWV6U942Q;
				ENABLE_NS_ASSERTIONS = NO;
				ENABLE_STRICT_OBJC_MSGSEND = YES;
				ENABLE_USER_SCRIPT_SANDBOXING = YES;
				GCC_C_LANGUAGE_STANDARD = gnu17;
				GCC_NO_COMMON_BLOCKS = YES;
				GCC_WARN_64_TO_32_BIT_CONVERSION = YES;
				GCC_WARN_ABOUT_RETURN_TYPE = YES_ERROR;
				GCC_WARN_UNDECLARED_SELECTOR = YES;
				GCC_WARN_UNINITIALIZED_AUTOS = YES_AGGRESSIVE;
				GCC_WARN_UNUSED_FUNCTION = YES;
				GCC_WARN_UNUSED_VARIABLE = YES;
				IPHONEOS_DEPLOYMENT_TARGET = 17.0;
				LOCALIZATION_PREFERS_STRING_CATALOGS = YES;
				MTL_ENABLE_DEBUG_INFO = NO;
				MTL_FAST_MATH = YES;
				SDKROOT = iphoneos;
				STRING_CATALOG_GENERATE_SYMBOLS = YES;
				SWIFT_COMPILATION_MODE = wholemodule;
				SWIFT_EMIT_LOC_STRINGS = YES;
				VALIDATE_PRODUCT = YES;
			};
			name = Release;
		};
		199075872C86100300E23FD7 /* Debug */ = {
			isa = XCBuildConfiguration;
			buildSettings = {
				ASSETCATALOG_COMPILER_ALTERNATE_APPICON_NAMES = "AppIcon AppIcon1 AppIcon2 AppIcon3";
				ASSETCATALOG_COMPILER_APPICON_NAME = AppIcon;
				ASSETCATALOG_COMPILER_GLOBAL_ACCENT_COLOR_NAME = AccentColor;
				ASSETCATALOG_COMPILER_INCLUDE_ALL_APPICON_ASSETS = YES;
				CLANG_ENABLE_MODULES = YES;
				CODE_SIGN_ENTITLEMENTS = PeacockMenus/PeacockMenus.entitlements;
				CODE_SIGN_IDENTITY = "Apple Development";
				CODE_SIGN_STYLE = Automatic;
				CURRENT_PROJECT_VERSION = 1;
				DEVELOPMENT_ASSET_PATHS = "\"PeacockMenus/Preview Content\"";
				DEVELOPMENT_TEAM = FUWV6U942Q;
				ENABLE_PREVIEWS = YES;
				GENERATE_INFOPLIST_FILE = YES;
				HEADER_SEARCH_PATHS = "";
				INFOPLIST_FILE = PeacockMenus/Info.plist;
				INFOPLIST_KEY_CFBundleDisplayName = "美丽宫略";
				INFOPLIST_KEY_ITSAppUsesNonExemptEncryption = NO;
				INFOPLIST_KEY_LSApplicationCategoryType = "public.app-category.productivity";
				INFOPLIST_KEY_NSCameraUsageDescription = "we need access to you Camera";
				INFOPLIST_KEY_UIApplicationSceneManifest_Generation = YES;
				INFOPLIST_KEY_UIApplicationSupportsIndirectInputEvents = YES;
				INFOPLIST_KEY_UILaunchScreen_Generation = YES;
				INFOPLIST_KEY_UILaunchStoryboardName = "Launch Screen.storyboard";
				INFOPLIST_KEY_UIRequiredDeviceCapabilities = metal;
				INFOPLIST_KEY_UIRequiresFullScreen = YES;
				INFOPLIST_KEY_UISupportedInterfaceOrientations = UIInterfaceOrientationPortrait;
				INFOPLIST_KEY_UISupportedInterfaceOrientations_iPad = "UIInterfaceOrientationLandscapeLeft UIInterfaceOrientationLandscapeRight";
				IPHONEOS_DEPLOYMENT_TARGET = 18.0;
				LD_RUNPATH_SEARCH_PATHS = (
					"$(inherited)",
					"@executable_path/Frameworks",
				);
				MARKETING_VERSION = 1.3;
				OTHER_LDFLAGS = "";
				PRODUCT_BUNDLE_IDENTIFIER = com.uuneo.menus;
				PRODUCT_NAME = "$(TARGET_NAME)";
				PROVISIONING_PROFILE_SPECIFIER = "";
				SUPPORTED_PLATFORMS = "iphoneos iphonesimulator";
				SUPPORTS_MACCATALYST = NO;
				SUPPORTS_MAC_DESIGNED_FOR_IPHONE_IPAD = NO;
				SUPPORTS_XR_DESIGNED_FOR_IPHONE_IPAD = NO;
				SWIFT_EMIT_LOC_STRINGS = YES;
				SWIFT_OBJC_BRIDGING_HEADER = "";
				SWIFT_OPTIMIZATION_LEVEL = "-Onone";
				SWIFT_VERSION = 5.0;
				TARGETED_DEVICE_FAMILY = "1,2";
			};
			name = Debug;
		};
		199075882C86100300E23FD7 /* Release */ = {
			isa = XCBuildConfiguration;
			buildSettings = {
				ASSETCATALOG_COMPILER_ALTERNATE_APPICON_NAMES = "AppIcon AppIcon1 AppIcon2 AppIcon3";
				ASSETCATALOG_COMPILER_APPICON_NAME = AppIcon;
				ASSETCATALOG_COMPILER_GLOBAL_ACCENT_COLOR_NAME = AccentColor;
				ASSETCATALOG_COMPILER_INCLUDE_ALL_APPICON_ASSETS = YES;
				CLANG_ENABLE_MODULES = YES;
				CODE_SIGN_ENTITLEMENTS = PeacockMenus/PeacockMenus.entitlements;
				CODE_SIGN_IDENTITY = "Apple Development";
				CODE_SIGN_STYLE = Automatic;
				CURRENT_PROJECT_VERSION = 1;
				DEVELOPMENT_ASSET_PATHS = "\"PeacockMenus/Preview Content\"";
				DEVELOPMENT_TEAM = FUWV6U942Q;
				ENABLE_PREVIEWS = YES;
				GENERATE_INFOPLIST_FILE = YES;
				HEADER_SEARCH_PATHS = "";
				INFOPLIST_FILE = PeacockMenus/Info.plist;
				INFOPLIST_KEY_CFBundleDisplayName = "美丽宫略";
				INFOPLIST_KEY_ITSAppUsesNonExemptEncryption = NO;
				INFOPLIST_KEY_LSApplicationCategoryType = "public.app-category.productivity";
				INFOPLIST_KEY_NSCameraUsageDescription = "we need access to you Camera";
				INFOPLIST_KEY_UIApplicationSceneManifest_Generation = YES;
				INFOPLIST_KEY_UIApplicationSupportsIndirectInputEvents = YES;
				INFOPLIST_KEY_UILaunchScreen_Generation = YES;
				INFOPLIST_KEY_UILaunchStoryboardName = "Launch Screen.storyboard";
				INFOPLIST_KEY_UIRequiredDeviceCapabilities = metal;
				INFOPLIST_KEY_UIRequiresFullScreen = YES;
				INFOPLIST_KEY_UISupportedInterfaceOrientations = UIInterfaceOrientationPortrait;
				INFOPLIST_KEY_UISupportedInterfaceOrientations_iPad = "UIInterfaceOrientationLandscapeLeft UIInterfaceOrientationLandscapeRight";
				IPHONEOS_DEPLOYMENT_TARGET = 18.0;
				LD_RUNPATH_SEARCH_PATHS = (
					"$(inherited)",
					"@executable_path/Frameworks",
				);
				MARKETING_VERSION = 1.3;
				OTHER_LDFLAGS = "";
				PRODUCT_BUNDLE_IDENTIFIER = com.uuneo.menus;
				PRODUCT_NAME = "$(TARGET_NAME)";
				PROVISIONING_PROFILE_SPECIFIER = "";
				SUPPORTED_PLATFORMS = "iphoneos iphonesimulator";
				SUPPORTS_MACCATALYST = NO;
				SUPPORTS_MAC_DESIGNED_FOR_IPHONE_IPAD = NO;
				SUPPORTS_XR_DESIGNED_FOR_IPHONE_IPAD = NO;
				SWIFT_EMIT_LOC_STRINGS = YES;
				SWIFT_OBJC_BRIDGING_HEADER = "";
				SWIFT_VERSION = 5.0;
				TARGETED_DEVICE_FAMILY = "1,2";
			};
			name = Release;
		};
		BAE627042ED687ED009DABA1 /* Debug */ = {
			isa = XCBuildConfiguration;
			buildSettings = {
				CODE_SIGN_IDENTITY = "Apple Development";
				CODE_SIGN_STYLE = Automatic;
				CURRENT_PROJECT_VERSION = 1;
				DEVELOPMENT_TEAM = FUWV6U942Q;
				GENERATE_INFOPLIST_FILE = YES;
				INFOPLIST_FILE = NotificationService/Info.plist;
				INFOPLIST_KEY_CFBundleDisplayName = NotificationService;
				INFOPLIST_KEY_NSHumanReadableCopyright = "";
				IPHONEOS_DEPLOYMENT_TARGET = 18.0;
				LD_RUNPATH_SEARCH_PATHS = (
					"$(inherited)",
					"@executable_path/Frameworks",
					"@executable_path/../../Frameworks",
				);
				MARKETING_VERSION = 1.3;
				PRODUCT_BUNDLE_IDENTIFIER = com.uuneo.menus.NotificationService;
				PRODUCT_NAME = "$(TARGET_NAME)";
				SKIP_INSTALL = YES;
				STRING_CATALOG_GENERATE_SYMBOLS = YES;
				SWIFT_APPROACHABLE_CONCURRENCY = YES;
				SWIFT_EMIT_LOC_STRINGS = YES;
				SWIFT_UPCOMING_FEATURE_MEMBER_IMPORT_VISIBILITY = YES;
				SWIFT_VERSION = 5.0;
				TARGETED_DEVICE_FAMILY = "1,2";
			};
			name = Debug;
		};
		BAE627052ED687ED009DABA1 /* Release */ = {
			isa = XCBuildConfiguration;
			buildSettings = {
				CODE_SIGN_IDENTITY = "Apple Development";
				CODE_SIGN_STYLE = Automatic;
				CURRENT_PROJECT_VERSION = 1;
				DEVELOPMENT_TEAM = FUWV6U942Q;
				GENERATE_INFOPLIST_FILE = YES;
				INFOPLIST_FILE = NotificationService/Info.plist;
				INFOPLIST_KEY_CFBundleDisplayName = NotificationService;
				INFOPLIST_KEY_NSHumanReadableCopyright = "";
				IPHONEOS_DEPLOYMENT_TARGET = 18.0;
				LD_RUNPATH_SEARCH_PATHS = (
					"$(inherited)",
					"@executable_path/Frameworks",
					"@executable_path/../../Frameworks",
				);
				MARKETING_VERSION = 1.3;
				PRODUCT_BUNDLE_IDENTIFIER = com.uuneo.menus.NotificationService;
				PRODUCT_NAME = "$(TARGET_NAME)";
				SKIP_INSTALL = YES;
				STRING_CATALOG_GENERATE_SYMBOLS = YES;
				SWIFT_APPROACHABLE_CONCURRENCY = YES;
				SWIFT_EMIT_LOC_STRINGS = YES;
				SWIFT_UPCOMING_FEATURE_MEMBER_IMPORT_VISIBILITY = YES;
				SWIFT_VERSION = 5.0;
				TARGETED_DEVICE_FAMILY = "1,2";
			};
			name = Release;
		};
/* End XCBuildConfiguration section */

/* Begin XCConfigurationList section */
		199075732C86100100E23FD7 /* Build configuration list for PBXProject "PeacockMenus" */ = {
			isa = XCConfigurationList;
			buildConfigurations = (
				199075842C86100300E23FD7 /* Debug */,
				199075852C86100300E23FD7 /* Release */,
			);
			defaultConfigurationIsVisible = 0;
			defaultConfigurationName = Release;
		};
		199075862C86100300E23FD7 /* Build configuration list for PBXNativeTarget "PeacockMenus" */ = {
			isa = XCConfigurationList;
			buildConfigurations = (
				199075872C86100300E23FD7 /* Debug */,
				199075882C86100300E23FD7 /* Release */,
			);
			defaultConfigurationIsVisible = 0;
			defaultConfigurationName = Release;
		};
		BAE627032ED687ED009DABA1 /* Build configuration list for PBXNativeTarget "NotificationService" */ = {
			isa = XCConfigurationList;
			buildConfigurations = (
				BAE627042ED687ED009DABA1 /* Debug */,
				BAE627052ED687ED009DABA1 /* Release */,
			);
			defaultConfigurationIsVisible = 0;
			defaultConfigurationName = Release;
		};
/* End XCConfigurationList section */

/* Begin XCRemoteSwiftPackageReference section */
		1985A7AB2C9FDCE9003D255B /* XCRemoteSwiftPackageReference "JDStatusBarNotification" */ = {
			isa = XCRemoteSwiftPackageReference;
			repositoryURL = "https://github.com/calimarkus/JDStatusBarNotification.git";
			requirement = {
				kind = upToNextMajorVersion;
				minimumVersion = 2.2.4;
			};
		};
		19C13A972CCA45E400A2F1A8 /* XCRemoteSwiftPackageReference "SwiftyJSON" */ = {
			isa = XCRemoteSwiftPackageReference;
			repositoryURL = "https://github.com/SwiftyJSON/SwiftyJSON.git";
			requirement = {
				kind = upToNextMajorVersion;
				minimumVersion = 5.0.2;
			};
		};
		B58484712E81089E00DA8020 /* XCRemoteSwiftPackageReference "Expression" */ = {
			isa = XCRemoteSwiftPackageReference;
			repositoryURL = "https://github.com/nicklockwood/Expression.git";
			requirement = {
				kind = upToNextMajorVersion;
				minimumVersion = 0.13.9;
			};
		};
		B5DF4F032E144D3800599A8D /* XCRemoteSwiftPackageReference "QRScanner" */ = {
			isa = XCRemoteSwiftPackageReference;
			repositoryURL = "https://github.com/sunvc/QRScanner.git";
			requirement = {
				kind = upToNextMajorVersion;
				minimumVersion = 1.0.0;
			};
		};
		BA6F51F82EBFB159008ACEBA /* XCRemoteSwiftPackageReference "Alamofire" */ = {
			isa = XCRemoteSwiftPackageReference;
			repositoryURL = "https://github.com/Alamofire/Alamofire.git";
			requirement = {
				kind = upToNextMajorVersion;
				minimumVersion = 5.10.2;
			};
		};
		BAADCF023045A5880073AFC0 /* XCRemoteSwiftPackageReference "realm-swift" */ = {
			isa = XCRemoteSwiftPackageReference;
			repositoryURL = "https://github.com/realm/realm-swift.git";
			requirement = {
				kind = exactVersion;
				version = 20.0.5;
			};
		};
		BAB2ED612EBFA2C60094FB51 /* XCRemoteSwiftPackageReference "Kingfisher" */ = {
			isa = XCRemoteSwiftPackageReference;
			repositoryURL = "https://github.com/onevcat/Kingfisher.git";
			requirement = {
				kind = upToNextMajorVersion;
				minimumVersion = 8.6.2;
			};
		};
		BAB703672EEB193A00CD30A5 /* XCRemoteSwiftPackageReference "Defaults" */ = {
			isa = XCRemoteSwiftPackageReference;
			repositoryURL = "https://github.com/sindresorhus/Defaults.git";
			requirement = {
				kind = upToNextMajorVersion;
				minimumVersion = 9.0.6;
			};
		};
		BAB704F32EEBD4D600CD30A5 /* XCRemoteSwiftPackageReference "Assistant" */ = {
			isa = XCRemoteSwiftPackageReference;
			repositoryURL = "https://github.com/sunvc/Assistant.git";
			requirement = {
				kind = upToNextMinorVersion;
				minimumVersion = 1.0.0;
			};
		};
/* End XCRemoteSwiftPackageReference section */

/* Begin XCSwiftPackageProductDependency section */
		1985A7AC2C9FDCE9003D255B /* JDStatusBarNotification */ = {
			isa = XCSwiftPackageProductDependency;
			package = 1985A7AB2C9FDCE9003D255B /* XCRemoteSwiftPackageReference "JDStatusBarNotification" */;
			productName = JDStatusBarNotification;
		};
		19C13A982CCA45E400A2F1A8 /* SwiftyJSON */ = {
			isa = XCSwiftPackageProductDependency;
			package = 19C13A972CCA45E400A2F1A8 /* XCRemoteSwiftPackageReference "SwiftyJSON" */;
			productName = SwiftyJSON;
		};
		B531C8B52E16A0FB00CFCA07 /* Assistant */ = {
			isa = XCSwiftPackageProductDependency;
			productName = Assistant;
		};
		B531C8B72E16A1D600CFCA07 /* Assistant */ = {
			isa = XCSwiftPackageProductDependency;
			productName = Assistant;
		};
		B58484722E81089E00DA8020 /* Expression */ = {
			isa = XCSwiftPackageProductDependency;
			package = B58484712E81089E00DA8020 /* XCRemoteSwiftPackageReference "Expression" */;
			productName = Expression;
		};
		B5DF4F042E144D3800599A8D /* QRScanner */ = {
			isa = XCSwiftPackageProductDependency;
			package = B5DF4F032E144D3800599A8D /* XCRemoteSwiftPackageReference "QRScanner" */;
			productName = QRScanner;
		};
		BA6F51F92EBFB159008ACEBA /* Alamofire */ = {
			isa = XCSwiftPackageProductDependency;
			package = BA6F51F82EBFB159008ACEBA /* XCRemoteSwiftPackageReference "Alamofire" */;
			productName = Alamofire;
		};
		BAADCF053045A5880073AFC0 /* RealmSwift */ = {
			isa = XCSwiftPackageProductDependency;
			package = BAADCF023045A5880073AFC0 /* XCRemoteSwiftPackageReference "realm-swift" */;
			productName = RealmSwift;
		};
		BAB2ED622EBFA2C60094FB51 /* Kingfisher */ = {
			isa = XCSwiftPackageProductDependency;
			package = BAB2ED612EBFA2C60094FB51 /* XCRemoteSwiftPackageReference "Kingfisher" */;
			productName = Kingfisher;
		};
		BAB703682EEB193A00CD30A5 /* Defaults */ = {
			isa = XCSwiftPackageProductDependency;
			package = BAB703672EEB193A00CD30A5 /* XCRemoteSwiftPackageReference "Defaults" */;
			productName = Defaults;
		};
		BAB704F42EEBD4D600CD30A5 /* Assistant */ = {
			isa = XCSwiftPackageProductDependency;
			package = BAB704F32EEBD4D600CD30A5 /* XCRemoteSwiftPackageReference "Assistant" */;
			productName = Assistant;
		};
/* End XCSwiftPackageProductDependency section */
	};
	rootObject = 199075702C86100100E23FD7 /* Project object */;
}
