// !$*UTF8*$!
{
	archiveVersion = 1;
	classes = {
	};
	objectVersion = 56;
	objects = {

/* Begin PBXBuildFile section */
		194BBAA72C8DD04F002EAA09 /* ImportDataView.swift in Sources */ = {isa = PBXBuildFile; fileRef = 194BBAA62C8DD04F002EAA09 /* ImportDataView.swift */; };
		194BBAA92C8DD0E1002EAA09 /* AppSettings.swift in Sources */ = {isa = PBXBuildFile; fileRef = 194BBAA82C8DD0E1002EAA09 /* AppSettings.swift */; };
		1977686E2C984E3300F40521 /* AppDelegate.swift in Sources */ = {isa = PBXBuildFile; fileRef = 1977686D2C984E3300F40521 /* AppDelegate.swift */; };
		197768892C9863F000F40521 /* UniformTypeIdentifiers.framework in Frameworks */ = {isa = PBXBuildFile; fileRef = 197768882C9863F000F40521 /* UniformTypeIdentifiers.framework */; };
		1977688C2C9863F000F40521 /* Media.xcassets in Resources */ = {isa = PBXBuildFile; fileRef = 1977688B2C9863F000F40521 /* Media.xcassets */; };
		1977688E2C9863F000F40521 /* ActionViewController.swift in Sources */ = {isa = PBXBuildFile; fileRef = 1977688D2C9863F000F40521 /* ActionViewController.swift */; };
		197768912C9863F000F40521 /* Base in Resources */ = {isa = PBXBuildFile; fileRef = 197768902C9863F000F40521 /* Base */; };
		197768952C9863F000F40521 /* PeacockActionExtension.appex in Embed Foundation Extensions */ = {isa = PBXBuildFile; fileRef = 197768862C9863F000F40521 /* PeacockActionExtension.appex */; settings = {ATTRIBUTES = (RemoveHeadersOnCopy, ); }; };
		1977689B2C987CFE00F40521 /* Pow in Frameworks */ = {isa = PBXBuildFile; productRef = 1977689A2C987CFE00F40521 /* Pow */; };
		19818B722C8DCFAF001A2964 /* ExportDataView.swift in Sources */ = {isa = PBXBuildFile; fileRef = 19818B712C8DCFAF001A2964 /* ExportDataView.swift */; };
		198706EB2C94114800F59CE9 /* shape+.swift in Sources */ = {isa = PBXBuildFile; fileRef = 198706EA2C94114800F59CE9 /* shape+.swift */; };
		198706ED2C94117600F59CE9 /* button+.swift in Sources */ = {isa = PBXBuildFile; fileRef = 198706EC2C94117600F59CE9 /* button+.swift */; };
		198706EF2C94119800F59CE9 /* VipCardData.swift in Sources */ = {isa = PBXBuildFile; fileRef = 198706EE2C94119800F59CE9 /* VipCardData.swift */; };
		198706F32C941E5000F59CE9 /* HomeItemsView.swift in Sources */ = {isa = PBXBuildFile; fileRef = 198706F22C941E5000F59CE9 /* HomeItemsView.swift */; };
		198706F52C941F5400F59CE9 /* HomeVipCards.swift in Sources */ = {isa = PBXBuildFile; fileRef = 198706F42C941F5400F59CE9 /* HomeVipCards.swift */; };
		198706F92C9420BE00F59CE9 /* HomeView.swift in Sources */ = {isa = PBXBuildFile; fileRef = 198706F82C9420BE00F59CE9 /* HomeView.swift */; };
		198706FC2C943C8100F59CE9 /* ScalingHeaderScrollView in Frameworks */ = {isa = PBXBuildFile; productRef = 198706FB2C943C8100F59CE9 /* ScalingHeaderScrollView */; };
		198707042C956D3500F59CE9 /* itemView.swift in Sources */ = {isa = PBXBuildFile; fileRef = 198707032C956D3500F59CE9 /* itemView.swift */; };
		198707092C95B4C500F59CE9 /* Launch Screen.storyboard in Resources */ = {isa = PBXBuildFile; fileRef = 198707082C95B4C500F59CE9 /* Launch Screen.storyboard */; };
		1990757C2C86100100E23FD7 /* PeacockMenusApp.swift in Sources */ = {isa = PBXBuildFile; fileRef = 1990757B2C86100100E23FD7 /* PeacockMenusApp.swift */; };
		1990757E2C86100100E23FD7 /* ContentView.swift in Sources */ = {isa = PBXBuildFile; fileRef = 1990757D2C86100100E23FD7 /* ContentView.swift */; };
		199075802C86100300E23FD7 /* Assets.xcassets in Resources */ = {isa = PBXBuildFile; fileRef = 1990757F2C86100300E23FD7 /* Assets.xcassets */; };
		199075832C86100300E23FD7 /* Preview Assets.xcassets in Resources */ = {isa = PBXBuildFile; fileRef = 199075822C86100300E23FD7 /* Preview Assets.xcassets */; };
		1990758C2C87E93400E23FD7 /* AsyncImageView.swift in Sources */ = {isa = PBXBuildFile; fileRef = 1990758B2C87E93400E23FD7 /* AsyncImageView.swift */; };
		1990758E2C87E9DF00E23FD7 /* ImageManager.swift in Sources */ = {isa = PBXBuildFile; fileRef = 1990758D2C87E9DF00E23FD7 /* ImageManager.swift */; };
		199075912C87EA0C00E23FD7 /* Kingfisher in Frameworks */ = {isa = PBXBuildFile; productRef = 199075902C87EA0C00E23FD7 /* Kingfisher */; };
		1990759C2C87F1AB00E23FD7 /* Array+.swift in Sources */ = {isa = PBXBuildFile; fileRef = 1990759B2C87F1AB00E23FD7 /* Array+.swift */; };
		199075A92C89C73F00E23FD7 /* DiskManager.swift in Sources */ = {isa = PBXBuildFile; fileRef = 199075A82C89C73F00E23FD7 /* DiskManager.swift */; };
		199075AB2C89D75500E23FD7 /* Enums+.swift in Sources */ = {isa = PBXBuildFile; fileRef = 199075AA2C89D75500E23FD7 /* Enums+.swift */; };
		199075B42C8AC8CB00E23FD7 /* ButtonView+.swift in Sources */ = {isa = PBXBuildFile; fileRef = 199075B32C8AC8CB00E23FD7 /* ButtonView+.swift */; };
		199075BB2C8B0D9A00E23FD7 /* PeacockProtocol.swift in Sources */ = {isa = PBXBuildFile; fileRef = 199075BA2C8B0D9A00E23FD7 /* PeacockProtocol.swift */; };
		199075C52C8B3E0800E23FD7 /* DropDelegate+.swift in Sources */ = {isa = PBXBuildFile; fileRef = 199075C42C8B3E0800E23FD7 /* DropDelegate+.swift */; };
		199075C82C8B545D00E23FD7 /* animation+.swift in Sources */ = {isa = PBXBuildFile; fileRef = 199075C72C8B545D00E23FD7 /* animation+.swift */; };
		19CD68A42C97DC7900AF6CF8 /* Example.swift in Sources */ = {isa = PBXBuildFile; fileRef = 19CD68A32C97DC7900AF6CF8 /* Example.swift */; };
		19CD68A62C9829D500AF6CF8 /* BasicSettingsView.swift in Sources */ = {isa = PBXBuildFile; fileRef = 19CD68A52C9829D500AF6CF8 /* BasicSettingsView.swift */; };
		19D231D72C93FCDC001044BB /* itemsView.swift in Sources */ = {isa = PBXBuildFile; fileRef = 19D231D62C93FCDC001044BB /* itemsView.swift */; };
		19D231DD2C93FE91001044BB /* ItemData.swift in Sources */ = {isa = PBXBuildFile; fileRef = 19D231DC2C93FE91001044BB /* ItemData.swift */; };
		19D231DF2C940C29001044BB /* Color+.swift in Sources */ = {isa = PBXBuildFile; fileRef = 19D231DE2C940C29001044BB /* Color+.swift */; };
		19DDEC212C96CA8800C86EC5 /* vipCardSettingView.swift in Sources */ = {isa = PBXBuildFile; fileRef = 19DDEC202C96CA8800C86EC5 /* vipCardSettingView.swift */; };
		19DDEC232C96CAC200C86EC5 /* CategorySettingView.swift in Sources */ = {isa = PBXBuildFile; fileRef = 19DDEC222C96CAC200C86EC5 /* CategorySettingView.swift */; };
		19DDEC252C96CAE000C86EC5 /* SubCategorySettingView.swift in Sources */ = {isa = PBXBuildFile; fileRef = 19DDEC242C96CAE000C86EC5 /* SubCategorySettingView.swift */; };
		19DDEC272C96CAFD00C86EC5 /* ProjectSettingView.swift in Sources */ = {isa = PBXBuildFile; fileRef = 19DDEC262C96CAFD00C86EC5 /* ProjectSettingView.swift */; };
		19DDEC292C971A2800C86EC5 /* TotalData.swift in Sources */ = {isa = PBXBuildFile; fileRef = 19DDEC282C971A2800C86EC5 /* TotalData.swift */; };
		19E5B8BA2C8D605500EC77F7 /* Defaults in Frameworks */ = {isa = PBXBuildFile; productRef = 19E5B8B92C8D605500EC77F7 /* Defaults */; };
		19E5B8BF2C8DC04500EC77F7 /* SettingsView.swift in Sources */ = {isa = PBXBuildFile; fileRef = 19E5B8BE2C8DC04500EC77F7 /* SettingsView.swift */; };
		19F835B02C8F09130083A66D /* BlurView+.swift in Sources */ = {isa = PBXBuildFile; fileRef = 19F835AF2C8F09130083A66D /* BlurView+.swift */; };
		19F835B62C8F0A000083A66D /* VipCardView.swift in Sources */ = {isa = PBXBuildFile; fileRef = 19F835B52C8F0A000083A66D /* VipCardView.swift */; };
/* End PBXBuildFile section */

/* Begin PBXContainerItemProxy section */
		197768932C9863F000F40521 /* PBXContainerItemProxy */ = {
			isa = PBXContainerItemProxy;
			containerPortal = 199075702C86100100E23FD7 /* Project object */;
			proxyType = 1;
			remoteGlobalIDString = 197768852C9863F000F40521;
			remoteInfo = PeacockActionExtension;
		};
/* End PBXContainerItemProxy section */

/* Begin PBXCopyFilesBuildPhase section */
		197768812C984EED00F40521 /* Embed Foundation Extensions */ = {
			isa = PBXCopyFilesBuildPhase;
			buildActionMask = 2147483647;
			dstPath = "";
			dstSubfolderSpec = 13;
			files = (
				197768952C9863F000F40521 /* PeacockActionExtension.appex in Embed Foundation Extensions */,
			);
			name = "Embed Foundation Extensions";
			runOnlyForDeploymentPostprocessing = 0;
		};
/* End PBXCopyFilesBuildPhase section */

/* Begin PBXFileReference section */
		194BBAA62C8DD04F002EAA09 /* ImportDataView.swift */ = {isa = PBXFileReference; lastKnownFileType = sourcecode.swift; path = ImportDataView.swift; sourceTree = "<group>"; };
		194BBAA82C8DD0E1002EAA09 /* AppSettings.swift */ = {isa = PBXFileReference; lastKnownFileType = sourcecode.swift; path = AppSettings.swift; sourceTree = "<group>"; };
		1977686C2C984C7700F40521 /* Info.plist */ = {isa = PBXFileReference; lastKnownFileType = text.plist; path = Info.plist; sourceTree = "<group>"; };
		1977686D2C984E3300F40521 /* AppDelegate.swift */ = {isa = PBXFileReference; lastKnownFileType = sourcecode.swift; path = AppDelegate.swift; sourceTree = "<group>"; };
		197768862C9863F000F40521 /* PeacockActionExtension.appex */ = {isa = PBXFileReference; explicitFileType = "wrapper.app-extension"; includeInIndex = 0; path = PeacockActionExtension.appex; sourceTree = BUILT_PRODUCTS_DIR; };
		197768882C9863F000F40521 /* UniformTypeIdentifiers.framework */ = {isa = PBXFileReference; lastKnownFileType = wrapper.framework; name = UniformTypeIdentifiers.framework; path = System/Library/Frameworks/UniformTypeIdentifiers.framework; sourceTree = SDKROOT; };
		1977688B2C9863F000F40521 /* Media.xcassets */ = {isa = PBXFileReference; lastKnownFileType = folder.assetcatalog; path = Media.xcassets; sourceTree = "<group>"; };
		1977688D2C9863F000F40521 /* ActionViewController.swift */ = {isa = PBXFileReference; lastKnownFileType = sourcecode.swift; path = ActionViewController.swift; sourceTree = "<group>"; };
		197768902C9863F000F40521 /* Base */ = {isa = PBXFileReference; lastKnownFileType = file.storyboard; name = Base; path = Base.lproj/MainInterface.storyboard; sourceTree = "<group>"; };
		197768922C9863F000F40521 /* Info.plist */ = {isa = PBXFileReference; lastKnownFileType = text.plist.xml; path = Info.plist; sourceTree = "<group>"; };
		19818B712C8DCFAF001A2964 /* ExportDataView.swift */ = {isa = PBXFileReference; lastKnownFileType = sourcecode.swift; path = ExportDataView.swift; sourceTree = "<group>"; };
		198706EA2C94114800F59CE9 /* shape+.swift */ = {isa = PBXFileReference; lastKnownFileType = sourcecode.swift; path = "shape+.swift"; sourceTree = "<group>"; };
		198706EC2C94117600F59CE9 /* button+.swift */ = {isa = PBXFileReference; lastKnownFileType = sourcecode.swift; path = "button+.swift"; sourceTree = "<group>"; };
		198706EE2C94119800F59CE9 /* VipCardData.swift */ = {isa = PBXFileReference; lastKnownFileType = sourcecode.swift; path = VipCardData.swift; sourceTree = "<group>"; };
		198706F22C941E5000F59CE9 /* HomeItemsView.swift */ = {isa = PBXFileReference; lastKnownFileType = sourcecode.swift; path = HomeItemsView.swift; sourceTree = "<group>"; };
		198706F42C941F5400F59CE9 /* HomeVipCards.swift */ = {isa = PBXFileReference; lastKnownFileType = sourcecode.swift; path = HomeVipCards.swift; sourceTree = "<group>"; };
		198706F82C9420BE00F59CE9 /* HomeView.swift */ = {isa = PBXFileReference; lastKnownFileType = sourcecode.swift; path = HomeView.swift; sourceTree = "<group>"; };
		198707032C956D3500F59CE9 /* itemView.swift */ = {isa = PBXFileReference; lastKnownFileType = sourcecode.swift; path = itemView.swift; sourceTree = "<group>"; };
		198707082C95B4C500F59CE9 /* Launch Screen.storyboard */ = {isa = PBXFileReference; lastKnownFileType = file.storyboard; path = "Launch Screen.storyboard"; sourceTree = "<group>"; };
		199075782C86100100E23FD7 /* PeacockMenus.app */ = {isa = PBXFileReference; explicitFileType = wrapper.application; includeInIndex = 0; path = PeacockMenus.app; sourceTree = BUILT_PRODUCTS_DIR; };
		1990757B2C86100100E23FD7 /* PeacockMenusApp.swift */ = {isa = PBXFileReference; lastKnownFileType = sourcecode.swift; path = PeacockMenusApp.swift; sourceTree = "<group>"; };
		1990757D2C86100100E23FD7 /* ContentView.swift */ = {isa = PBXFileReference; lastKnownFileType = sourcecode.swift; path = ContentView.swift; sourceTree = "<group>"; };
		1990757F2C86100300E23FD7 /* Assets.xcassets */ = {isa = PBXFileReference; lastKnownFileType = folder.assetcatalog; path = Assets.xcassets; sourceTree = "<group>"; };
		199075822C86100300E23FD7 /* Preview Assets.xcassets */ = {isa = PBXFileReference; lastKnownFileType = folder.assetcatalog; path = "Preview Assets.xcassets"; sourceTree = "<group>"; };
		1990758B2C87E93400E23FD7 /* AsyncImageView.swift */ = {isa = PBXFileReference; lastKnownFileType = sourcecode.swift; path = AsyncImageView.swift; sourceTree = "<group>"; };
		1990758D2C87E9DF00E23FD7 /* ImageManager.swift */ = {isa = PBXFileReference; lastKnownFileType = sourcecode.swift; path = ImageManager.swift; sourceTree = "<group>"; };
		1990759B2C87F1AB00E23FD7 /* Array+.swift */ = {isa = PBXFileReference; lastKnownFileType = sourcecode.swift; path = "Array+.swift"; sourceTree = "<group>"; };
		199075A82C89C73F00E23FD7 /* DiskManager.swift */ = {isa = PBXFileReference; lastKnownFileType = sourcecode.swift; path = DiskManager.swift; sourceTree = "<group>"; };
		199075AA2C89D75500E23FD7 /* Enums+.swift */ = {isa = PBXFileReference; lastKnownFileType = sourcecode.swift; path = "Enums+.swift"; sourceTree = "<group>"; };
		199075B32C8AC8CB00E23FD7 /* ButtonView+.swift */ = {isa = PBXFileReference; lastKnownFileType = sourcecode.swift; path = "ButtonView+.swift"; sourceTree = "<group>"; };
		199075BA2C8B0D9A00E23FD7 /* PeacockProtocol.swift */ = {isa = PBXFileReference; lastKnownFileType = sourcecode.swift; path = PeacockProtocol.swift; sourceTree = "<group>"; };
		199075C42C8B3E0800E23FD7 /* DropDelegate+.swift */ = {isa = PBXFileReference; lastKnownFileType = sourcecode.swift; path = "DropDelegate+.swift"; sourceTree = "<group>"; };
		199075C72C8B545D00E23FD7 /* animation+.swift */ = {isa = PBXFileReference; lastKnownFileType = sourcecode.swift; path = "animation+.swift"; sourceTree = "<group>"; };
		19CD68A32C97DC7900AF6CF8 /* Example.swift */ = {isa = PBXFileReference; lastKnownFileType = sourcecode.swift; path = Example.swift; sourceTree = "<group>"; };
		19CD68A52C9829D500AF6CF8 /* BasicSettingsView.swift */ = {isa = PBXFileReference; lastKnownFileType = sourcecode.swift; path = BasicSettingsView.swift; sourceTree = "<group>"; };
		19D231D62C93FCDC001044BB /* itemsView.swift */ = {isa = PBXFileReference; lastKnownFileType = sourcecode.swift; path = itemsView.swift; sourceTree = "<group>"; };
		19D231DC2C93FE91001044BB /* ItemData.swift */ = {isa = PBXFileReference; lastKnownFileType = sourcecode.swift; path = ItemData.swift; sourceTree = "<group>"; };
		19D231DE2C940C29001044BB /* Color+.swift */ = {isa = PBXFileReference; lastKnownFileType = sourcecode.swift; path = "Color+.swift"; sourceTree = "<group>"; };
		19DDEC202C96CA8800C86EC5 /* vipCardSettingView.swift */ = {isa = PBXFileReference; lastKnownFileType = sourcecode.swift; path = vipCardSettingView.swift; sourceTree = "<group>"; };
		19DDEC222C96CAC200C86EC5 /* CategorySettingView.swift */ = {isa = PBXFileReference; lastKnownFileType = sourcecode.swift; path = CategorySettingView.swift; sourceTree = "<group>"; };
		19DDEC242C96CAE000C86EC5 /* SubCategorySettingView.swift */ = {isa = PBXFileReference; lastKnownFileType = sourcecode.swift; path = SubCategorySettingView.swift; sourceTree = "<group>"; };
		19DDEC262C96CAFD00C86EC5 /* ProjectSettingView.swift */ = {isa = PBXFileReference; lastKnownFileType = sourcecode.swift; path = ProjectSettingView.swift; sourceTree = "<group>"; };
		19DDEC282C971A2800C86EC5 /* TotalData.swift */ = {isa = PBXFileReference; lastKnownFileType = sourcecode.swift; path = TotalData.swift; sourceTree = "<group>"; };
		19E5B8BE2C8DC04500EC77F7 /* SettingsView.swift */ = {isa = PBXFileReference; lastKnownFileType = sourcecode.swift; path = SettingsView.swift; sourceTree = "<group>"; };
		19F835AF2C8F09130083A66D /* BlurView+.swift */ = {isa = PBXFileReference; lastKnownFileType = sourcecode.swift; path = "BlurView+.swift"; sourceTree = "<group>"; };
		19F835B52C8F0A000083A66D /* VipCardView.swift */ = {isa = PBXFileReference; lastKnownFileType = sourcecode.swift; path = VipCardView.swift; sourceTree = "<group>"; };
/* End PBXFileReference section */

/* Begin PBXFrameworksBuildPhase section */
		197768832C9863F000F40521 /* Frameworks */ = {
			isa = PBXFrameworksBuildPhase;
			buildActionMask = 2147483647;
			files = (
				197768892C9863F000F40521 /* UniformTypeIdentifiers.framework in Frameworks */,
			);
			runOnlyForDeploymentPostprocessing = 0;
		};
		199075752C86100100E23FD7 /* Frameworks */ = {
			isa = PBXFrameworksBuildPhase;
			buildActionMask = 2147483647;
			files = (
				19E5B8BA2C8D605500EC77F7 /* Defaults in Frameworks */,
				1977689B2C987CFE00F40521 /* Pow in Frameworks */,
				199075912C87EA0C00E23FD7 /* Kingfisher in Frameworks */,
				198706FC2C943C8100F59CE9 /* ScalingHeaderScrollView in Frameworks */,
			);
			runOnlyForDeploymentPostprocessing = 0;
		};
/* End PBXFrameworksBuildPhase section */

/* Begin PBXGroup section */
		197768872C9863F000F40521 /* Frameworks */ = {
			isa = PBXGroup;
			children = (
				197768882C9863F000F40521 /* UniformTypeIdentifiers.framework */,
			);
			name = Frameworks;
			sourceTree = "<group>";
		};
		1977688A2C9863F000F40521 /* PeacockActionExtension */ = {
			isa = PBXGroup;
			children = (
				1977688B2C9863F000F40521 /* Media.xcassets */,
				1977688D2C9863F000F40521 /* ActionViewController.swift */,
				1977688F2C9863F000F40521 /* MainInterface.storyboard */,
				197768922C9863F000F40521 /* Info.plist */,
			);
			path = PeacockActionExtension;
			sourceTree = "<group>";
		};
		198706F02C941D7900F59CE9 /* VipCardView */ = {
			isa = PBXGroup;
			children = (
				198706F42C941F5400F59CE9 /* HomeVipCards.swift */,
				19F835B52C8F0A000083A66D /* VipCardView.swift */,
			);
			path = VipCardView;
			sourceTree = "<group>";
		};
		198706F12C941D8F00F59CE9 /* ItemsView */ = {
			isa = PBXGroup;
			children = (
				198706F22C941E5000F59CE9 /* HomeItemsView.swift */,
				198707032C956D3500F59CE9 /* itemView.swift */,
				19D231D62C93FCDC001044BB /* itemsView.swift */,
			);
			path = ItemsView;
			sourceTree = "<group>";
		};
		1990756F2C86100100E23FD7 = {
			isa = PBXGroup;
			children = (
				19D231D52C93FCBF001044BB /* Pages */,
				199075C62C8B544800E23FD7 /* Public */,
				1990759A2C87F19100E23FD7 /* Modal */,
				199075932C87EBD000E23FD7 /* Manager */,
				1990757A2C86100100E23FD7 /* PeacockMenus */,
				1977688A2C9863F000F40521 /* PeacockActionExtension */,
				197768872C9863F000F40521 /* Frameworks */,
				199075792C86100100E23FD7 /* Products */,
			);
			sourceTree = "<group>";
		};
		199075792C86100100E23FD7 /* Products */ = {
			isa = PBXGroup;
			children = (
				199075782C86100100E23FD7 /* PeacockMenus.app */,
				197768862C9863F000F40521 /* PeacockActionExtension.appex */,
			);
			name = Products;
			sourceTree = "<group>";
		};
		1990757A2C86100100E23FD7 /* PeacockMenus */ = {
			isa = PBXGroup;
			children = (
				1977686C2C984C7700F40521 /* Info.plist */,
				1990757B2C86100100E23FD7 /* PeacockMenusApp.swift */,
				1990757D2C86100100E23FD7 /* ContentView.swift */,
				1990757F2C86100300E23FD7 /* Assets.xcassets */,
				199075812C86100300E23FD7 /* Preview Content */,
				198707082C95B4C500F59CE9 /* Launch Screen.storyboard */,
				1977686D2C984E3300F40521 /* AppDelegate.swift */,
			);
			path = PeacockMenus;
			sourceTree = "<group>";
		};
		199075812C86100300E23FD7 /* Preview Content */ = {
			isa = PBXGroup;
			children = (
				199075822C86100300E23FD7 /* Preview Assets.xcassets */,
			);
			path = "Preview Content";
			sourceTree = "<group>";
		};
		199075932C87EBD000E23FD7 /* Manager */ = {
			isa = PBXGroup;
			children = (
				1990758D2C87E9DF00E23FD7 /* ImageManager.swift */,
				199075A82C89C73F00E23FD7 /* DiskManager.swift */,
			);
			path = Manager;
			sourceTree = "<group>";
		};
		199075942C87EBE200E23FD7 /* OtherView */ = {
			isa = PBXGroup;
			children = (
				1990758B2C87E93400E23FD7 /* AsyncImageView.swift */,
				199075B32C8AC8CB00E23FD7 /* ButtonView+.swift */,
			);
			path = OtherView;
			sourceTree = "<group>";
		};
		1990759A2C87F19100E23FD7 /* Modal */ = {
			isa = PBXGroup;
			children = (
				19D231DC2C93FE91001044BB /* ItemData.swift */,
				198706EE2C94119800F59CE9 /* VipCardData.swift */,
				19DDEC282C971A2800C86EC5 /* TotalData.swift */,
				19CD68A32C97DC7900AF6CF8 /* Example.swift */,
			);
			path = Modal;
			sourceTree = "<group>";
		};
		199075C62C8B544800E23FD7 /* Public */ = {
			isa = PBXGroup;
			children = (
				199075942C87EBE200E23FD7 /* OtherView */,
				199075C72C8B545D00E23FD7 /* animation+.swift */,
				1990759B2C87F1AB00E23FD7 /* Array+.swift */,
				199075C42C8B3E0800E23FD7 /* DropDelegate+.swift */,
				199075AA2C89D75500E23FD7 /* Enums+.swift */,
				199075BA2C8B0D9A00E23FD7 /* PeacockProtocol.swift */,
				19F835AF2C8F09130083A66D /* BlurView+.swift */,
				19D231DE2C940C29001044BB /* Color+.swift */,
				198706EA2C94114800F59CE9 /* shape+.swift */,
				198706EC2C94117600F59CE9 /* button+.swift */,
			);
			path = Public;
			sourceTree = "<group>";
		};
		19D231D52C93FCBF001044BB /* Pages */ = {
			isa = PBXGroup;
			children = (
				19E5B8C02C8DC7A600EC77F7 /* SettingsView */,
				198706F12C941D8F00F59CE9 /* ItemsView */,
				198706F02C941D7900F59CE9 /* VipCardView */,
				198706F82C9420BE00F59CE9 /* HomeView.swift */,
			);
			path = Pages;
			sourceTree = "<group>";
		};
		19E5B8C02C8DC7A600EC77F7 /* SettingsView */ = {
			isa = PBXGroup;
			children = (
				19E5B8BE2C8DC04500EC77F7 /* SettingsView.swift */,
				19CD68A52C9829D500AF6CF8 /* BasicSettingsView.swift */,
				19DDEC202C96CA8800C86EC5 /* vipCardSettingView.swift */,
				19DDEC222C96CAC200C86EC5 /* CategorySettingView.swift */,
				19DDEC242C96CAE000C86EC5 /* SubCategorySettingView.swift */,
				19DDEC262C96CAFD00C86EC5 /* ProjectSettingView.swift */,
				194BBAA82C8DD0E1002EAA09 /* AppSettings.swift */,
				19818B712C8DCFAF001A2964 /* ExportDataView.swift */,
				194BBAA62C8DD04F002EAA09 /* ImportDataView.swift */,
			);
			path = SettingsView;
			sourceTree = "<group>";
		};
/* End PBXGroup section */

/* Begin PBXNativeTarget section */
		197768852C9863F000F40521 /* PeacockActionExtension */ = {
			isa = PBXNativeTarget;
			buildConfigurationList = 197768962C9863F000F40521 /* Build configuration list for PBXNativeTarget "PeacockActionExtension" */;
			buildPhases = (
				197768822C9863F000F40521 /* Sources */,
				197768832C9863F000F40521 /* Frameworks */,
				197768842C9863F000F40521 /* Resources */,
			);
			buildRules = (
			);
			dependencies = (
			);
			name = PeacockActionExtension;
			productName = PeacockActionExtension;
			productReference = 197768862C9863F000F40521 /* PeacockActionExtension.appex */;
			productType = "com.apple.product-type.app-extension";
		};
		199075772C86100100E23FD7 /* PeacockMenus */ = {
			isa = PBXNativeTarget;
			buildConfigurationList = 199075862C86100300E23FD7 /* Build configuration list for PBXNativeTarget "PeacockMenus" */;
			buildPhases = (
				199075742C86100100E23FD7 /* Sources */,
				199075752C86100100E23FD7 /* Frameworks */,
				199075762C86100100E23FD7 /* Resources */,
				197768812C984EED00F40521 /* Embed Foundation Extensions */,
			);
			buildRules = (
			);
			dependencies = (
				197768942C9863F000F40521 /* PBXTargetDependency */,
			);
			name = PeacockMenus;
			packageProductDependencies = (
				199075902C87EA0C00E23FD7 /* Kingfisher */,
				19E5B8B92C8D605500EC77F7 /* Defaults */,
				198706FB2C943C8100F59CE9 /* ScalingHeaderScrollView */,
				1977689A2C987CFE00F40521 /* Pow */,
			);
			productName = PeacockMenus;
			productReference = 199075782C86100100E23FD7 /* PeacockMenus.app */;
			productType = "com.apple.product-type.application";
		};
/* End PBXNativeTarget section */

/* Begin PBXProject section */
		199075702C86100100E23FD7 /* Project object */ = {
			isa = PBXProject;
			attributes = {
				BuildIndependentTargetsInParallel = 1;
				LastSwiftUpdateCheck = 1540;
				LastUpgradeCheck = 1540;
				TargetAttributes = {
					197768852C9863F000F40521 = {
						CreatedOnToolsVersion = 15.4;
					};
					199075772C86100100E23FD7 = {
						CreatedOnToolsVersion = 15.4;
					};
				};
			};
			buildConfigurationList = 199075732C86100100E23FD7 /* Build configuration list for PBXProject "PeacockMenus" */;
			compatibilityVersion = "Xcode 14.0";
			developmentRegion = en;
			hasScannedForEncodings = 0;
			knownRegions = (
				en,
				Base,
			);
			mainGroup = 1990756F2C86100100E23FD7;
			packageReferences = (
				1990758F2C87EA0C00E23FD7 /* XCRemoteSwiftPackageReference "Kingfisher" */,
				19E5B8B82C8D605500EC77F7 /* XCRemoteSwiftPackageReference "Defaults" */,
				198706FA2C943C8000F59CE9 /* XCRemoteSwiftPackageReference "ScalingHeaderScrollView" */,
				197768992C987CFE00F40521 /* XCRemoteSwiftPackageReference "Pow" */,
			);
			productRefGroup = 199075792C86100100E23FD7 /* Products */;
			projectDirPath = "";
			projectRoot = "";
			targets = (
				199075772C86100100E23FD7 /* PeacockMenus */,
				197768852C9863F000F40521 /* PeacockActionExtension */,
			);
		};
/* End PBXProject section */

/* Begin PBXResourcesBuildPhase section */
		197768842C9863F000F40521 /* Resources */ = {
			isa = PBXResourcesBuildPhase;
			buildActionMask = 2147483647;
			files = (
				1977688C2C9863F000F40521 /* Media.xcassets in Resources */,
				197768912C9863F000F40521 /* Base in Resources */,
			);
			runOnlyForDeploymentPostprocessing = 0;
		};
		199075762C86100100E23FD7 /* Resources */ = {
			isa = PBXResourcesBuildPhase;
			buildActionMask = 2147483647;
			files = (
				198707092C95B4C500F59CE9 /* Launch Screen.storyboard in Resources */,
				199075832C86100300E23FD7 /* Preview Assets.xcassets in Resources */,
				199075802C86100300E23FD7 /* Assets.xcassets in Resources */,
			);
			runOnlyForDeploymentPostprocessing = 0;
		};
/* End PBXResourcesBuildPhase section */

/* Begin PBXSourcesBuildPhase section */
		197768822C9863F000F40521 /* Sources */ = {
			isa = PBXSourcesBuildPhase;
			buildActionMask = 2147483647;
			files = (
				1977688E2C9863F000F40521 /* ActionViewController.swift in Sources */,
			);
			runOnlyForDeploymentPostprocessing = 0;
		};
		199075742C86100100E23FD7 /* Sources */ = {
			isa = PBXSourcesBuildPhase;
			buildActionMask = 2147483647;
			files = (
				194BBAA92C8DD0E1002EAA09 /* AppSettings.swift in Sources */,
				19D231DF2C940C29001044BB /* Color+.swift in Sources */,
				199075C82C8B545D00E23FD7 /* animation+.swift in Sources */,
				199075B42C8AC8CB00E23FD7 /* ButtonView+.swift in Sources */,
				19D231D72C93FCDC001044BB /* itemsView.swift in Sources */,
				198706ED2C94117600F59CE9 /* button+.swift in Sources */,
				194BBAA72C8DD04F002EAA09 /* ImportDataView.swift in Sources */,
				19DDEC212C96CA8800C86EC5 /* vipCardSettingView.swift in Sources */,
				19CD68A62C9829D500AF6CF8 /* BasicSettingsView.swift in Sources */,
				19DDEC292C971A2800C86EC5 /* TotalData.swift in Sources */,
				1990759C2C87F1AB00E23FD7 /* Array+.swift in Sources */,
				199075AB2C89D75500E23FD7 /* Enums+.swift in Sources */,
				1990758E2C87E9DF00E23FD7 /* ImageManager.swift in Sources */,
				19DDEC232C96CAC200C86EC5 /* CategorySettingView.swift in Sources */,
				198706F32C941E5000F59CE9 /* HomeItemsView.swift in Sources */,
				198706F92C9420BE00F59CE9 /* HomeView.swift in Sources */,
				198706EB2C94114800F59CE9 /* shape+.swift in Sources */,
				19D231DD2C93FE91001044BB /* ItemData.swift in Sources */,
				1977686E2C984E3300F40521 /* AppDelegate.swift in Sources */,
				19CD68A42C97DC7900AF6CF8 /* Example.swift in Sources */,
				1990757E2C86100100E23FD7 /* ContentView.swift in Sources */,
				1990757C2C86100100E23FD7 /* PeacockMenusApp.swift in Sources */,
				198706EF2C94119800F59CE9 /* VipCardData.swift in Sources */,
				19DDEC272C96CAFD00C86EC5 /* ProjectSettingView.swift in Sources */,
				198706F52C941F5400F59CE9 /* HomeVipCards.swift in Sources */,
				198707042C956D3500F59CE9 /* itemView.swift in Sources */,
				19F835B62C8F0A000083A66D /* VipCardView.swift in Sources */,
				19DDEC252C96CAE000C86EC5 /* SubCategorySettingView.swift in Sources */,
				199075C52C8B3E0800E23FD7 /* DropDelegate+.swift in Sources */,
				199075A92C89C73F00E23FD7 /* DiskManager.swift in Sources */,
				199075BB2C8B0D9A00E23FD7 /* PeacockProtocol.swift in Sources */,
				19F835B02C8F09130083A66D /* BlurView+.swift in Sources */,
				1990758C2C87E93400E23FD7 /* AsyncImageView.swift in Sources */,
				19818B722C8DCFAF001A2964 /* ExportDataView.swift in Sources */,
				19E5B8BF2C8DC04500EC77F7 /* SettingsView.swift in Sources */,
			);
			runOnlyForDeploymentPostprocessing = 0;
		};
/* End PBXSourcesBuildPhase section */

/* Begin PBXTargetDependency section */
		197768942C9863F000F40521 /* PBXTargetDependency */ = {
			isa = PBXTargetDependency;
			target = 197768852C9863F000F40521 /* PeacockActionExtension */;
			targetProxy = 197768932C9863F000F40521 /* PBXContainerItemProxy */;
		};
/* End PBXTargetDependency section */

/* Begin PBXVariantGroup section */
		1977688F2C9863F000F40521 /* MainInterface.storyboard */ = {
			isa = PBXVariantGroup;
			children = (
				197768902C9863F000F40521 /* Base */,
			);
			name = MainInterface.storyboard;
			sourceTree = "<group>";
		};
/* End PBXVariantGroup section */

/* Begin XCBuildConfiguration section */
		197768972C9863F000F40521 /* Debug */ = {
			isa = XCBuildConfiguration;
			buildSettings = {
				CODE_SIGN_STYLE = Automatic;
				CURRENT_PROJECT_VERSION = 1;
				DEVELOPMENT_TEAM = FUWV6U942Q;
				GENERATE_INFOPLIST_FILE = YES;
				INFOPLIST_FILE = PeacockActionExtension/Info.plist;
				INFOPLIST_KEY_CFBundleDisplayName = PeacockActionExtension;
				INFOPLIST_KEY_NSHumanReadableCopyright = "";
				IPHONEOS_DEPLOYMENT_TARGET = 17.5;
				LD_RUNPATH_SEARCH_PATHS = (
					"$(inherited)",
					"@executable_path/Frameworks",
					"@executable_path/../../Frameworks",
				);
				MARKETING_VERSION = 1.0;
				PRODUCT_BUNDLE_IDENTIFIER = com.twown.PeacockMenus.PeacockActionExtension;
				PRODUCT_NAME = "$(TARGET_NAME)";
				SKIP_INSTALL = YES;
				SWIFT_EMIT_LOC_STRINGS = YES;
				SWIFT_VERSION = 5.0;
				TARGETED_DEVICE_FAMILY = "1,2";
			};
			name = Debug;
		};
		197768982C9863F000F40521 /* Release */ = {
			isa = XCBuildConfiguration;
			buildSettings = {
				CODE_SIGN_STYLE = Automatic;
				CURRENT_PROJECT_VERSION = 1;
				DEVELOPMENT_TEAM = FUWV6U942Q;
				GENERATE_INFOPLIST_FILE = YES;
				INFOPLIST_FILE = PeacockActionExtension/Info.plist;
				INFOPLIST_KEY_CFBundleDisplayName = PeacockActionExtension;
				INFOPLIST_KEY_NSHumanReadableCopyright = "";
				IPHONEOS_DEPLOYMENT_TARGET = 17.5;
				LD_RUNPATH_SEARCH_PATHS = (
					"$(inherited)",
					"@executable_path/Frameworks",
					"@executable_path/../../Frameworks",
				);
				MARKETING_VERSION = 1.0;
				PRODUCT_BUNDLE_IDENTIFIER = com.twown.PeacockMenus.PeacockActionExtension;
				PRODUCT_NAME = "$(TARGET_NAME)";
				SKIP_INSTALL = YES;
				SWIFT_EMIT_LOC_STRINGS = YES;
				SWIFT_VERSION = 5.0;
				TARGETED_DEVICE_FAMILY = "1,2";
			};
			name = Release;
		};
		199075842C86100300E23FD7 /* Debug */ = {
			isa = XCBuildConfiguration;
			buildSettings = {
				ALWAYS_SEARCH_USER_PATHS = NO;
				ASSETCATALOG_COMPILER_GENERATE_SWIFT_ASSET_SYMBOL_EXTENSIONS = YES;
				CLANG_ANALYZER_NONNULL = YES;
				CLANG_ANALYZER_NUMBER_OBJECT_CONVERSION = YES_AGGRESSIVE;
				CLANG_CXX_LANGUAGE_STANDARD = "gnu++20";
				CLANG_ENABLE_MODULES = YES;
				CLANG_ENABLE_OBJC_ARC = YES;
				CLANG_ENABLE_OBJC_WEAK = YES;
				CLANG_WARN_BLOCK_CAPTURE_AUTORELEASING = YES;
				CLANG_WARN_BOOL_CONVERSION = YES;
				CLANG_WARN_COMMA = YES;
				CLANG_WARN_CONSTANT_CONVERSION = YES;
				CLANG_WARN_DEPRECATED_OBJC_IMPLEMENTATIONS = YES;
				CLANG_WARN_DIRECT_OBJC_ISA_USAGE = YES_ERROR;
				CLANG_WARN_DOCUMENTATION_COMMENTS = YES;
				CLANG_WARN_EMPTY_BODY = YES;
				CLANG_WARN_ENUM_CONVERSION = YES;
				CLANG_WARN_INFINITE_RECURSION = YES;
				CLANG_WARN_INT_CONVERSION = YES;
				CLANG_WARN_NON_LITERAL_NULL_CONVERSION = YES;
				CLANG_WARN_OBJC_IMPLICIT_RETAIN_SELF = YES;
				CLANG_WARN_OBJC_LITERAL_CONVERSION = YES;
				CLANG_WARN_OBJC_ROOT_CLASS = YES_ERROR;
				CLANG_WARN_QUOTED_INCLUDE_IN_FRAMEWORK_HEADER = YES;
				CLANG_WARN_RANGE_LOOP_ANALYSIS = YES;
				CLANG_WARN_STRICT_PROTOTYPES = YES;
				CLANG_WARN_SUSPICIOUS_MOVE = YES;
				CLANG_WARN_UNGUARDED_AVAILABILITY = YES_AGGRESSIVE;
				CLANG_WARN_UNREACHABLE_CODE = YES;
				CLANG_WARN__DUPLICATE_METHOD_MATCH = YES;
				COPY_PHASE_STRIP = NO;
				DEBUG_INFORMATION_FORMAT = dwarf;
				ENABLE_STRICT_OBJC_MSGSEND = YES;
				ENABLE_TESTABILITY = YES;
				ENABLE_USER_SCRIPT_SANDBOXING = YES;
				GCC_C_LANGUAGE_STANDARD = gnu17;
				GCC_DYNAMIC_NO_PIC = NO;
				GCC_NO_COMMON_BLOCKS = YES;
				GCC_OPTIMIZATION_LEVEL = 0;
				GCC_PREPROCESSOR_DEFINITIONS = (
					"DEBUG=1",
					"$(inherited)",
				);
				GCC_WARN_64_TO_32_BIT_CONVERSION = YES;
				GCC_WARN_ABOUT_RETURN_TYPE = YES_ERROR;
				GCC_WARN_UNDECLARED_SELECTOR = YES;
				GCC_WARN_UNINITIALIZED_AUTOS = YES_AGGRESSIVE;
				GCC_WARN_UNUSED_FUNCTION = YES;
				GCC_WARN_UNUSED_VARIABLE = YES;
				IPHONEOS_DEPLOYMENT_TARGET = 17.0;
				LOCALIZATION_PREFERS_STRING_CATALOGS = YES;
				MTL_ENABLE_DEBUG_INFO = INCLUDE_SOURCE;
				MTL_FAST_MATH = YES;
				ONLY_ACTIVE_ARCH = YES;
				SDKROOT = iphoneos;
				SWIFT_ACTIVE_COMPILATION_CONDITIONS = "DEBUG $(inherited)";
				SWIFT_OPTIMIZATION_LEVEL = "-Onone";
			};
			name = Debug;
		};
		199075852C86100300E23FD7 /* Release */ = {
			isa = XCBuildConfiguration;
			buildSettings = {
				ALWAYS_SEARCH_USER_PATHS = NO;
				ASSETCATALOG_COMPILER_GENERATE_SWIFT_ASSET_SYMBOL_EXTENSIONS = YES;
				CLANG_ANALYZER_NONNULL = YES;
				CLANG_ANALYZER_NUMBER_OBJECT_CONVERSION = YES_AGGRESSIVE;
				CLANG_CXX_LANGUAGE_STANDARD = "gnu++20";
				CLANG_ENABLE_MODULES = YES;
				CLANG_ENABLE_OBJC_ARC = YES;
				CLANG_ENABLE_OBJC_WEAK = YES;
				CLANG_WARN_BLOCK_CAPTURE_AUTORELEASING = YES;
				CLANG_WARN_BOOL_CONVERSION = YES;
				CLANG_WARN_COMMA = YES;
				CLANG_WARN_CONSTANT_CONVERSION = YES;
				CLANG_WARN_DEPRECATED_OBJC_IMPLEMENTATIONS = YES;
				CLANG_WARN_DIRECT_OBJC_ISA_USAGE = YES_ERROR;
				CLANG_WARN_DOCUMENTATION_COMMENTS = YES;
				CLANG_WARN_EMPTY_BODY = YES;
				CLANG_WARN_ENUM_CONVERSION = YES;
				CLANG_WARN_INFINITE_RECURSION = YES;
				CLANG_WARN_INT_CONVERSION = YES;
				CLANG_WARN_NON_LITERAL_NULL_CONVERSION = YES;
				CLANG_WARN_OBJC_IMPLICIT_RETAIN_SELF = YES;
				CLANG_WARN_OBJC_LITERAL_CONVERSION = YES;
				CLANG_WARN_OBJC_ROOT_CLASS = YES_ERROR;
				CLANG_WARN_QUOTED_INCLUDE_IN_FRAMEWORK_HEADER = YES;
				CLANG_WARN_RANGE_LOOP_ANALYSIS = YES;
				CLANG_WARN_STRICT_PROTOTYPES = YES;
				CLANG_WARN_SUSPICIOUS_MOVE = YES;
				CLANG_WARN_UNGUARDED_AVAILABILITY = YES_AGGRESSIVE;
				CLANG_WARN_UNREACHABLE_CODE = YES;
				CLANG_WARN__DUPLICATE_METHOD_MATCH = YES;
				COPY_PHASE_STRIP = NO;
				DEBUG_INFORMATION_FORMAT = "dwarf-with-dsym";
				ENABLE_NS_ASSERTIONS = NO;
				ENABLE_STRICT_OBJC_MSGSEND = YES;
				ENABLE_USER_SCRIPT_SANDBOXING = YES;
				GCC_C_LANGUAGE_STANDARD = gnu17;
				GCC_NO_COMMON_BLOCKS = YES;
				GCC_WARN_64_TO_32_BIT_CONVERSION = YES;
				GCC_WARN_ABOUT_RETURN_TYPE = YES_ERROR;
				GCC_WARN_UNDECLARED_SELECTOR = YES;
				GCC_WARN_UNINITIALIZED_AUTOS = YES_AGGRESSIVE;
				GCC_WARN_UNUSED_FUNCTION = YES;
				GCC_WARN_UNUSED_VARIABLE = YES;
				IPHONEOS_DEPLOYMENT_TARGET = 17.0;
				LOCALIZATION_PREFERS_STRING_CATALOGS = YES;
				MTL_ENABLE_DEBUG_INFO = NO;
				MTL_FAST_MATH = YES;
				SDKROOT = iphoneos;
				SWIFT_COMPILATION_MODE = wholemodule;
				VALIDATE_PRODUCT = YES;
			};
			name = Release;
		};
		199075872C86100300E23FD7 /* Debug */ = {
			isa = XCBuildConfiguration;
			buildSettings = {
				ALWAYS_EMBED_SWIFT_STANDARD_LIBRARIES = YES;
				ASSETCATALOG_COMPILER_APPICON_NAME = AppIcon;
				ASSETCATALOG_COMPILER_GLOBAL_ACCENT_COLOR_NAME = AccentColor;
				ASSETCATALOG_COMPILER_INCLUDE_ALL_APPICON_ASSETS = YES;
				CODE_SIGN_STYLE = Automatic;
				CURRENT_PROJECT_VERSION = 1;
				DEVELOPMENT_ASSET_PATHS = "\"PeacockMenus/Preview Content\"";
				DEVELOPMENT_TEAM = FUWV6U942Q;
				ENABLE_PREVIEWS = YES;
				GENERATE_INFOPLIST_FILE = YES;
				INFOPLIST_FILE = PeacockMenus/Info.plist;
				INFOPLIST_KEY_CFBundleDisplayName = "御膳房";
				INFOPLIST_KEY_UIApplicationSceneManifest_Generation = YES;
				INFOPLIST_KEY_UIApplicationSupportsIndirectInputEvents = YES;
				INFOPLIST_KEY_UILaunchScreen_Generation = YES;
				INFOPLIST_KEY_UILaunchStoryboardName = "Launch Screen.storyboard";
				INFOPLIST_KEY_UISupportedInterfaceOrientations = UIInterfaceOrientationPortrait;
				INFOPLIST_KEY_UISupportedInterfaceOrientations_iPad = "UIInterfaceOrientationLandscapeLeft UIInterfaceOrientationLandscapeRight";
				LD_RUNPATH_SEARCH_PATHS = (
					"$(inherited)",
					"@executable_path/Frameworks",
				);
				MARKETING_VERSION = 1.0;
				PRODUCT_BUNDLE_IDENTIFIER = com.twown.PeacockMenus;
				PRODUCT_NAME = "$(TARGET_NAME)";
				SUPPORTED_PLATFORMS = "iphoneos iphonesimulator";
				SUPPORTS_MACCATALYST = NO;
				SUPPORTS_MAC_DESIGNED_FOR_IPHONE_IPAD = NO;
				SUPPORTS_XR_DESIGNED_FOR_IPHONE_IPAD = NO;
				SWIFT_EMIT_LOC_STRINGS = YES;
				SWIFT_VERSION = 5.0;
				TARGETED_DEVICE_FAMILY = "1,2";
			};
			name = Debug;
		};
		199075882C86100300E23FD7 /* Release */ = {
			isa = XCBuildConfiguration;
			buildSettings = {
				ALWAYS_EMBED_SWIFT_STANDARD_LIBRARIES = YES;
				ASSETCATALOG_COMPILER_APPICON_NAME = AppIcon;
				ASSETCATALOG_COMPILER_GLOBAL_ACCENT_COLOR_NAME = AccentColor;
				ASSETCATALOG_COMPILER_INCLUDE_ALL_APPICON_ASSETS = YES;
				CODE_SIGN_STYLE = Automatic;
				CURRENT_PROJECT_VERSION = 1;
				DEVELOPMENT_ASSET_PATHS = "\"PeacockMenus/Preview Content\"";
				DEVELOPMENT_TEAM = FUWV6U942Q;
				ENABLE_PREVIEWS = YES;
				GENERATE_INFOPLIST_FILE = YES;
				INFOPLIST_FILE = PeacockMenus/Info.plist;
				INFOPLIST_KEY_CFBundleDisplayName = "御膳房";
				INFOPLIST_KEY_UIApplicationSceneManifest_Generation = YES;
				INFOPLIST_KEY_UIApplicationSupportsIndirectInputEvents = YES;
				INFOPLIST_KEY_UILaunchScreen_Generation = YES;
				INFOPLIST_KEY_UILaunchStoryboardName = "Launch Screen.storyboard";
				INFOPLIST_KEY_UISupportedInterfaceOrientations = UIInterfaceOrientationPortrait;
				INFOPLIST_KEY_UISupportedInterfaceOrientations_iPad = "UIInterfaceOrientationLandscapeLeft UIInterfaceOrientationLandscapeRight";
				LD_RUNPATH_SEARCH_PATHS = (
					"$(inherited)",
					"@executable_path/Frameworks",
				);
				MARKETING_VERSION = 1.0;
				PRODUCT_BUNDLE_IDENTIFIER = com.twown.PeacockMenus;
				PRODUCT_NAME = "$(TARGET_NAME)";
				SUPPORTED_PLATFORMS = "iphoneos iphonesimulator";
				SUPPORTS_MACCATALYST = NO;
				SUPPORTS_MAC_DESIGNED_FOR_IPHONE_IPAD = NO;
				SUPPORTS_XR_DESIGNED_FOR_IPHONE_IPAD = NO;
				SWIFT_EMIT_LOC_STRINGS = YES;
				SWIFT_VERSION = 5.0;
				TARGETED_DEVICE_FAMILY = "1,2";
			};
			name = Release;
		};
/* End XCBuildConfiguration section */

/* Begin XCConfigurationList section */
		197768962C9863F000F40521 /* Build configuration list for PBXNativeTarget "PeacockActionExtension" */ = {
			isa = XCConfigurationList;
			buildConfigurations = (
				197768972C9863F000F40521 /* Debug */,
				197768982C9863F000F40521 /* Release */,
			);
			defaultConfigurationIsVisible = 0;
			defaultConfigurationName = Release;
		};
		199075732C86100100E23FD7 /* Build configuration list for PBXProject "PeacockMenus" */ = {
			isa = XCConfigurationList;
			buildConfigurations = (
				199075842C86100300E23FD7 /* Debug */,
				199075852C86100300E23FD7 /* Release */,
			);
			defaultConfigurationIsVisible = 0;
			defaultConfigurationName = Release;
		};
		199075862C86100300E23FD7 /* Build configuration list for PBXNativeTarget "PeacockMenus" */ = {
			isa = XCConfigurationList;
			buildConfigurations = (
				199075872C86100300E23FD7 /* Debug */,
				199075882C86100300E23FD7 /* Release */,
			);
			defaultConfigurationIsVisible = 0;
			defaultConfigurationName = Release;
		};
/* End XCConfigurationList section */

/* Begin XCRemoteSwiftPackageReference section */
		197768992C987CFE00F40521 /* XCRemoteSwiftPackageReference "Pow" */ = {
			isa = XCRemoteSwiftPackageReference;
			repositoryURL = "https://github.com/EmergeTools/Pow.git";
			requirement = {
				kind = upToNextMajorVersion;
				minimumVersion = 1.0.4;
			};
		};
		198706FA2C943C8000F59CE9 /* XCRemoteSwiftPackageReference "ScalingHeaderScrollView" */ = {
			isa = XCRemoteSwiftPackageReference;
			repositoryURL = "https://github.com/uuneo/ScalingHeaderScrollView.git";
			requirement = {
				branch = master;
				kind = branch;
			};
		};
		1990758F2C87EA0C00E23FD7 /* XCRemoteSwiftPackageReference "Kingfisher" */ = {
			isa = XCRemoteSwiftPackageReference;
			repositoryURL = "https://github.com/onevcat/Kingfisher.git";
			requirement = {
				kind = upToNextMajorVersion;
				minimumVersion = 7.12.0;
			};
		};
		19E5B8B82C8D605500EC77F7 /* XCRemoteSwiftPackageReference "Defaults" */ = {
			isa = XCRemoteSwiftPackageReference;
			repositoryURL = "https://github.com/uuneo/Defaults.git";
			requirement = {
				branch = main;
				kind = branch;
			};
		};
/* End XCRemoteSwiftPackageReference section */

/* Begin XCSwiftPackageProductDependency section */
		1977689A2C987CFE00F40521 /* Pow */ = {
			isa = XCSwiftPackageProductDependency;
			package = 197768992C987CFE00F40521 /* XCRemoteSwiftPackageReference "Pow" */;
			productName = Pow;
		};
		198706FB2C943C8100F59CE9 /* ScalingHeaderScrollView */ = {
			isa = XCSwiftPackageProductDependency;
			package = 198706FA2C943C8000F59CE9 /* XCRemoteSwiftPackageReference "ScalingHeaderScrollView" */;
			productName = ScalingHeaderScrollView;
		};
		199075902C87EA0C00E23FD7 /* Kingfisher */ = {
			isa = XCSwiftPackageProductDependency;
			package = 1990758F2C87EA0C00E23FD7 /* XCRemoteSwiftPackageReference "Kingfisher" */;
			productName = Kingfisher;
		};
		19E5B8B92C8D605500EC77F7 /* Defaults */ = {
			isa = XCSwiftPackageProductDependency;
			package = 19E5B8B82C8D605500EC77F7 /* XCRemoteSwiftPackageReference "Defaults" */;
			productName = Defaults;
		};
/* End XCSwiftPackageProductDependency section */
	};
	rootObject = 199075702C86100100E23FD7 /* Project object */;
}
